
Microsoft Visual Studio Solution File, Format Version 12.00
# Visual Studio 2013
VisualStudioVersion = 12.0.31101.0
MinimumVisualStudioVersion = 10.0.40219.1
Project("{FAE04EC0-301F-11D3-BF4B-00C04F79EFBC}") = "XF_QuickStartScreen", "XF_QuickStartScreen\XF_QuickStartScreen\XF_QuickStartScreen.csproj", "{0AB4D9DA-2F87-4C16-8F20-B2FDDAD67504}"
EndProject
Project("{FAE04EC0-301F-11D3-BF4B-00C04F79EFBC}") = "XF_QuickStartScreen.iOS", "XF_QuickStartScreen\XF_QuickStartScreen.iOS\XF_QuickStartScreen.iOS.csproj", "{F8E84206-E3D7-468F-85CF-5ECA676B3752}"
EndProject
Project("{FAE04EC0-301F-11D3-BF4B-00C04F79EFBC}") = "XF_QuickStartScreen.Droid", "XF_QuickStartScreen\XF_QuickStartScreen.Droid\XF_QuickStartScreen.Droid.csproj", "{E59F5D97-C7C1-4F02-B5AB-E6407B97687A}"
EndProject
Project("{FAE04EC0-301F-11D3-BF4B-00C04F79EFBC}") = "XF_QuickStartScreen.WinPhone", "XF_QuickStartScreen\XF_QuickStartScreen.WinPhone\XF_QuickStartScreen.WinPhone.csproj", "{95981AE3-C2DF-47A9-A11D-FECA5FC9739B}"
EndProject
Global
	GlobalSection(SolutionConfigurationPlatforms) = preSolution
		Ad-Hoc|Any CPU = Ad-Hoc|Any CPU
		Ad-Hoc|ARM = Ad-Hoc|ARM
		Ad-Hoc|iPhone = Ad-Hoc|iPhone
		Ad-Hoc|iPhoneSimulator = Ad-Hoc|iPhoneSimulator
		Ad-Hoc|Mixed Platforms = Ad-Hoc|Mixed Platforms
		Ad-Hoc|x86 = Ad-Hoc|x86
		AppStore|Any CPU = AppStore|Any CPU
		AppStore|ARM = AppStore|ARM
		AppStore|iPhone = AppStore|iPhone
		AppStore|iPhoneSimulator = AppStore|iPhoneSimulator
		AppStore|Mixed Platforms = AppStore|Mixed Platforms
		AppStore|x86 = AppStore|x86
		Debug|Any CPU = Debug|Any CPU
		Debug|ARM = Debug|ARM
		Debug|iPhone = Debug|iPhone
		Debug|iPhoneSimulator = Debug|iPhoneSimulator
		Debug|Mixed Platforms = Debug|Mixed Platforms
		Debug|x86 = Debug|x86
		Release|Any CPU = Release|Any CPU
		Release|ARM = Release|ARM
		Release|iPhone = Release|iPhone
		Release|iPhoneSimulator = Release|iPhoneSimulator
		Release|Mixed Platforms = Release|Mixed Platforms
		Release|x86 = Release|x86
	EndGlobalSection
	GlobalSection(ProjectConfigurationPlatforms) = postSolution
		{0AB4D9DA-2F87-4C16-8F20-B2FDDAD67504}.Ad-Hoc|Any CPU.ActiveCfg = Release|Any CPU
		{0AB4D9DA-2F87-4C16-8F20-B2FDDAD67504}.Ad-Hoc|Any CPU.Build.0 = Release|Any CPU
		{0AB4D9DA-2F87-4C16-8F20-B2FDDAD67504}.Ad-Hoc|ARM.ActiveCfg = Release|Any CPU
		{0AB4D9DA-2F87-4C16-8F20-B2FDDAD67504}.Ad-Hoc|iPhone.ActiveCfg = Release|Any CPU
		{0AB4D9DA-2F87-4C16-8F20-B2FDDAD67504}.Ad-Hoc|iPhoneSimulator.ActiveCfg = Release|Any CPU
		{0AB4D9DA-2F87-4C16-8F20-B2FDDAD67504}.Ad-Hoc|Mixed Platforms.ActiveCfg = Release|Any CPU
		{0AB4D9DA-2F87-4C16-8F20-B2FDDAD67504}.Ad-Hoc|Mixed Platforms.Build.0 = Release|Any CPU
		{0AB4D9DA-2F87-4C16-8F20-B2FDDAD67504}.Ad-Hoc|x86.ActiveCfg = Release|Any CPU
		{0AB4D9DA-2F87-4C16-8F20-B2FDDAD67504}.AppStore|Any CPU.ActiveCfg = Release|Any CPU
		{0AB4D9DA-2F87-4C16-8F20-B2FDDAD67504}.AppStore|Any CPU.Build.0 = Release|Any CPU
		{0AB4D9DA-2F87-4C16-8F20-B2FDDAD67504}.AppStore|ARM.ActiveCfg = Release|Any CPU
		{0AB4D9DA-2F87-4C16-8F20-B2FDDAD67504}.AppStore|iPhone.ActiveCfg = Release|Any CPU
		{0AB4D9DA-2F87-4C16-8F20-B2FDDAD67504}.AppStore|iPhoneSimulator.ActiveCfg = Release|Any CPU
		{0AB4D9DA-2F87-4C16-8F20-B2FDDAD67504}.AppStore|Mixed Platforms.ActiveCfg = Release|Any CPU
		{0AB4D9DA-2F87-4C16-8F20-B2FDDAD67504}.AppStore|Mixed Platforms.Build.0 = Release|Any CPU
		{0AB4D9DA-2F87-4C16-8F20-B2FDDAD67504}.AppStore|x86.ActiveCfg = Release|Any CPU
		{0AB4D9DA-2F87-4C16-8F20-B2FDDAD67504}.Debug|Any CPU.ActiveCfg = Debug|Any CPU
		{0AB4D9DA-2F87-4C16-8F20-B2FDDAD67504}.Debug|Any CPU.Build.0 = Debug|Any CPU
		{0AB4D9DA-2F87-4C16-8F20-B2FDDAD67504}.Debug|ARM.ActiveCfg = Debug|Any CPU
		{0AB4D9DA-2F87-4C16-8F20-B2FDDAD67504}.Debug|iPhone.ActiveCfg = Debug|Any CPU
		{0AB4D9DA-2F87-4C16-8F20-B2FDDAD67504}.Debug|iPhone.Build.0 = Debug|Any CPU
		{0AB4D9DA-2F87-4C16-8F20-B2FDDAD67504}.Debug|iPhoneSimulator.ActiveCfg = Debug|Any CPU
		{0AB4D9DA-2F87-4C16-8F20-B2FDDAD67504}.Debug|Mixed Platforms.ActiveCfg = Debug|Any CPU
		{0AB4D9DA-2F87-4C16-8F20-B2FDDAD67504}.Debug|Mixed Platforms.Build.0 = Debug|Any CPU
		{0AB4D9DA-2F87-4C16-8F20-B2FDDAD67504}.Debug|x86.ActiveCfg = Debug|Any CPU
		{0AB4D9DA-2F87-4C16-8F20-B2FDDAD67504}.Release|Any CPU.ActiveCfg = Release|Any CPU
		{0AB4D9DA-2F87-4C16-8F20-B2FDDAD67504}.Release|Any CPU.Build.0 = Release|Any CPU
		{0AB4D9DA-2F87-4C16-8F20-B2FDDAD67504}.Release|ARM.ActiveCfg = Release|Any CPU
		{0AB4D9DA-2F87-4C16-8F20-B2FDDAD67504}.Release|iPhone.ActiveCfg = Release|Any CPU
		{0AB4D9DA-2F87-4C16-8F20-B2FDDAD67504}.Release|iPhoneSimulator.ActiveCfg = Release|Any CPU
		{0AB4D9DA-2F87-4C16-8F20-B2FDDAD67504}.Release|Mixed Platforms.ActiveCfg = Release|Any CPU
		{0AB4D9DA-2F87-4C16-8F20-B2FDDAD67504}.Release|Mixed Platforms.Build.0 = Release|Any CPU
		{0AB4D9DA-2F87-4C16-8F20-B2FDDAD67504}.Release|x86.ActiveCfg = Release|Any CPU
		{F8E84206-E3D7-468F-85CF-5ECA676B3752}.Ad-Hoc|Any CPU.ActiveCfg = Ad-Hoc|iPhone
		{F8E84206-E3D7-468F-85CF-5ECA676B3752}.Ad-Hoc|ARM.ActiveCfg = Ad-Hoc|iPhone
		{F8E84206-E3D7-468F-85CF-5ECA676B3752}.Ad-Hoc|iPhone.ActiveCfg = Ad-Hoc|iPhone
		{F8E84206-E3D7-468F-85CF-5ECA676B3752}.Ad-Hoc|iPhone.Build.0 = Ad-Hoc|iPhone
		{F8E84206-E3D7-468F-85CF-5ECA676B3752}.Ad-Hoc|iPhoneSimulator.ActiveCfg = Ad-Hoc|iPhoneSimulator
		{F8E84206-E3D7-468F-85CF-5ECA676B3752}.Ad-Hoc|iPhoneSimulator.Build.0 = Ad-Hoc|iPhoneSimulator
		{F8E84206-E3D7-468F-85CF-5ECA676B3752}.Ad-Hoc|Mixed Platforms.ActiveCfg = Ad-Hoc|iPhone
		{F8E84206-E3D7-468F-85CF-5ECA676B3752}.Ad-Hoc|Mixed Platforms.Build.0 = Ad-Hoc|iPhone
		{F8E84206-E3D7-468F-85CF-5ECA676B3752}.Ad-Hoc|x86.ActiveCfg = Ad-Hoc|iPhone
		{F8E84206-E3D7-468F-85CF-5ECA676B3752}.AppStore|Any CPU.ActiveCfg = AppStore|iPhone
		{F8E84206-E3D7-468F-85CF-5ECA676B3752}.AppStore|ARM.ActiveCfg = AppStore|iPhone
		{F8E84206-E3D7-468F-85CF-5ECA676B3752}.AppStore|iPhone.ActiveCfg = AppStore|iPhone
		{F8E84206-E3D7-468F-85CF-5ECA676B3752}.AppStore|iPhone.Build.0 = AppStore|iPhone
		{F8E84206-E3D7-468F-85CF-5ECA676B3752}.AppStore|iPhoneSimulator.ActiveCfg = AppStore|iPhoneSimulator
		{F8E84206-E3D7-468F-85CF-5ECA676B3752}.AppStore|iPhoneSimulator.Build.0 = AppStore|iPhoneSimulator
		{F8E84206-E3D7-468F-85CF-5ECA676B3752}.AppStore|Mixed Platforms.ActiveCfg = AppStore|iPhone
		{F8E84206-E3D7-468F-85CF-5ECA676B3752}.AppStore|Mixed Platforms.Build.0 = AppStore|iPhone
		{F8E84206-E3D7-468F-85CF-5ECA676B3752}.AppStore|x86.ActiveCfg = AppStore|iPhone
		{F8E84206-E3D7-468F-85CF-5ECA676B3752}.Debug|Any CPU.ActiveCfg = Debug|iPhone
		{F8E84206-E3D7-468F-85CF-5ECA676B3752}.Debug|ARM.ActiveCfg = Debug|iPhone
		{F8E84206-E3D7-468F-85CF-5ECA676B3752}.Debug|iPhone.ActiveCfg = Debug|iPhone
		{F8E84206-E3D7-468F-85CF-5ECA676B3752}.Debug|iPhone.Build.0 = Debug|iPhone
		{F8E84206-E3D7-468F-85CF-5ECA676B3752}.Debug|iPhoneSimulator.ActiveCfg = Debug|iPhoneSimulator
		{F8E84206-E3D7-468F-85CF-5ECA676B3752}.Debug|iPhoneSimulator.Build.0 = Debug|iPhoneSimulator
		{F8E84206-E3D7-468F-85CF-5ECA676B3752}.Debug|Mixed Platforms.ActiveCfg = Debug|iPhone
		{F8E84206-E3D7-468F-85CF-5ECA676B3752}.Debug|Mixed Platforms.Build.0 = Debug|iPhone
		{F8E84206-E3D7-468F-85CF-5ECA676B3752}.Debug|x86.ActiveCfg = Debug|iPhone
		{F8E84206-E3D7-468F-85CF-5ECA676B3752}.Release|Any CPU.ActiveCfg = Release|iPhone
		{F8E84206-E3D7-468F-85CF-5ECA676B3752}.Release|ARM.ActiveCfg = Release|iPhone
		{F8E84206-E3D7-468F-85CF-5ECA676B3752}.Release|iPhone.ActiveCfg = Release|iPhone
		{F8E84206-E3D7-468F-85CF-5ECA676B3752}.Release|iPhone.Build.0 = Release|iPhone
		{F8E84206-E3D7-468F-85CF-5ECA676B3752}.Release|iPhoneSimulator.ActiveCfg = Release|iPhoneSimulator
		{F8E84206-E3D7-468F-85CF-5ECA676B3752}.Release|iPhoneSimulator.Build.0 = Release|iPhoneSimulator
		{F8E84206-E3D7-468F-85CF-5ECA676B3752}.Release|Mixed Platforms.ActiveCfg = Release|iPhone
		{F8E84206-E3D7-468F-85CF-5ECA676B3752}.Release|Mixed Platforms.Build.0 = Release|iPhone
		{F8E84206-E3D7-468F-85CF-5ECA676B3752}.Release|x86.ActiveCfg = Release|iPhone
		{E59F5D97-C7C1-4F02-B5AB-E6407B97687A}.Ad-Hoc|Any CPU.ActiveCfg = Release|Any CPU
		{E59F5D97-C7C1-4F02-B5AB-E6407B97687A}.Ad-Hoc|Any CPU.Build.0 = Release|Any CPU
		{E59F5D97-C7C1-4F02-B5AB-E6407B97687A}.Ad-Hoc|Any CPU.Deploy.0 = Release|Any CPU
		{E59F5D97-C7C1-4F02-B5AB-E6407B97687A}.Ad-Hoc|ARM.ActiveCfg = Release|Any CPU
		{E59F5D97-C7C1-4F02-B5AB-E6407B97687A}.Ad-Hoc|iPhone.ActiveCfg = Release|Any CPU
		{E59F5D97-C7C1-4F02-B5AB-E6407B97687A}.Ad-Hoc|iPhoneSimulator.ActiveCfg = Release|Any CPU
		{E59F5D97-C7C1-4F02-B5AB-E6407B97687A}.Ad-Hoc|Mixed Platforms.ActiveCfg = Release|Any CPU
		{E59F5D97-C7C1-4F02-B5AB-E6407B97687A}.Ad-Hoc|Mixed Platforms.Build.0 = Release|Any CPU
		{E59F5D97-C7C1-4F02-B5AB-E6407B97687A}.Ad-Hoc|Mixed Platforms.Deploy.0 = Release|Any CPU
		{E59F5D97-C7C1-4F02-B5AB-E6407B97687A}.Ad-Hoc|x86.ActiveCfg = Release|Any CPU
		{E59F5D97-C7C1-4F02-B5AB-E6407B97687A}.AppStore|Any CPU.ActiveCfg = Release|Any CPU
		{E59F5D97-C7C1-4F02-B5AB-E6407B97687A}.AppStore|Any CPU.Build.0 = Release|Any CPU
		{E59F5D97-C7C1-4F02-B5AB-E6407B97687A}.AppStore|Any CPU.Deploy.0 = Release|Any CPU
		{E59F5D97-C7C1-4F02-B5AB-E6407B97687A}.AppStore|ARM.ActiveCfg = Release|Any CPU
		{E59F5D97-C7C1-4F02-B5AB-E6407B97687A}.AppStore|iPhone.ActiveCfg = Release|Any CPU
		{E59F5D97-C7C1-4F02-B5AB-E6407B97687A}.AppStore|iPhoneSimulator.ActiveCfg = Release|Any CPU
		{E59F5D97-C7C1-4F02-B5AB-E6407B97687A}.AppStore|Mixed Platforms.ActiveCfg = Release|Any CPU
		{E59F5D97-C7C1-4F02-B5AB-E6407B97687A}.AppStore|Mixed Platforms.Build.0 = Release|Any CPU
		{E59F5D97-C7C1-4F02-B5AB-E6407B97687A}.AppStore|Mixed Platforms.Deploy.0 = Release|Any CPU
		{E59F5D97-C7C1-4F02-B5AB-E6407B97687A}.AppStore|x86.ActiveCfg = Release|Any CPU
		{E59F5D97-C7C1-4F02-B5AB-E6407B97687A}.Debug|Any CPU.ActiveCfg = Debug|Any CPU
		{E59F5D97-C7C1-4F02-B5AB-E6407B97687A}.Debug|Any CPU.Build.0 = Debug|Any CPU
		{E59F5D97-C7C1-4F02-B5AB-E6407B97687A}.Debug|Any CPU.Deploy.0 = Debug|Any CPU
		{E59F5D97-C7C1-4F02-B5AB-E6407B97687A}.Debug|ARM.ActiveCfg = Debug|Any CPU
		{E59F5D97-C7C1-4F02-B5AB-E6407B97687A}.Debug|iPhone.ActiveCfg = Debug|Any CPU
		{E59F5D97-C7C1-4F02-B5AB-E6407B97687A}.Debug|iPhoneSimulator.ActiveCfg = Debug|Any CPU
		{E59F5D97-C7C1-4F02-B5AB-E6407B97687A}.Debug|Mixed Platforms.ActiveCfg = Debug|Any CPU
		{E59F5D97-C7C1-4F02-B5AB-E6407B97687A}.Debug|Mixed Platforms.Build.0 = Debug|Any CPU
		{E59F5D97-C7C1-4F02-B5AB-E6407B97687A}.Debug|Mixed Platforms.Deploy.0 = Debug|Any CPU
		{E59F5D97-C7C1-4F02-B5AB-E6407B97687A}.Debug|x86.ActiveCfg = Debug|Any CPU
		{E59F5D97-C7C1-4F02-B5AB-E6407B97687A}.Release|Any CPU.ActiveCfg = Release|Any CPU
		{E59F5D97-C7C1-4F02-B5AB-E6407B97687A}.Release|Any CPU.Build.0 = Release|Any CPU
		{E59F5D97-C7C1-4F02-B5AB-E6407B97687A}.Release|Any CPU.Deploy.0 = Release|Any CPU
		{E59F5D97-C7C1-4F02-B5AB-E6407B97687A}.Release|ARM.ActiveCfg = Release|Any CPU
		{E59F5D97-C7C1-4F02-B5AB-E6407B97687A}.Release|iPhone.ActiveCfg = Release|Any CPU
		{E59F5D97-C7C1-4F02-B5AB-E6407B97687A}.Release|iPhoneSimulator.ActiveCfg = Release|Any CPU
		{E59F5D97-C7C1-4F02-B5AB-E6407B97687A}.Release|Mixed Platforms.ActiveCfg = Release|Any CPU
		{E59F5D97-C7C1-4F02-B5AB-E6407B97687A}.Release|Mixed Platforms.Build.0 = Release|Any CPU
		{E59F5D97-C7C1-4F02-B5AB-E6407B97687A}.Release|Mixed Platforms.Deploy.0 = Release|Any CPU
		{E59F5D97-C7C1-4F02-B5AB-E6407B97687A}.Release|x86.ActiveCfg = Release|Any CPU
		{95981AE3-C2DF-47A9-A11D-FECA5FC9739B}.Ad-Hoc|Any CPU.ActiveCfg = Release|Any CPU
		{95981AE3-C2DF-47A9-A11D-FECA5FC9739B}.Ad-Hoc|Any CPU.Build.0 = Release|Any CPU
		{95981AE3-C2DF-47A9-A11D-FECA5FC9739B}.Ad-Hoc|Any CPU.Deploy.0 = Release|Any CPU
		{95981AE3-C2DF-47A9-A11D-FECA5FC9739B}.Ad-Hoc|ARM.ActiveCfg = Release|ARM
		{95981AE3-C2DF-47A9-A11D-FECA5FC9739B}.Ad-Hoc|ARM.Build.0 = Release|ARM
		{95981AE3-C2DF-47A9-A11D-FECA5FC9739B}.Ad-Hoc|ARM.Deploy.0 = Release|ARM
		{95981AE3-C2DF-47A9-A11D-FECA5FC9739B}.Ad-Hoc|iPhone.ActiveCfg = Release|Any CPU
		{95981AE3-C2DF-47A9-A11D-FECA5FC9739B}.Ad-Hoc|iPhoneSimulator.ActiveCfg = Release|Any CPU
		{95981AE3-C2DF-47A9-A11D-FECA5FC9739B}.Ad-Hoc|Mixed Platforms.ActiveCfg = Release|x86
		{95981AE3-C2DF-47A9-A11D-FECA5FC9739B}.Ad-Hoc|Mixed Platforms.Build.0 = Release|x86
		{95981AE3-C2DF-47A9-A11D-FECA5FC9739B}.Ad-Hoc|Mixed Platforms.Deploy.0 = Release|x86
		{95981AE3-C2DF-47A9-A11D-FECA5FC9739B}.Ad-Hoc|x86.ActiveCfg = Release|x86
		{95981AE3-C2DF-47A9-A11D-FECA5FC9739B}.Ad-Hoc|x86.Build.0 = Release|x86
		{95981AE3-C2DF-47A9-A11D-FECA5FC9739B}.Ad-Hoc|x86.Deploy.0 = Release|x86
		{95981AE3-C2DF-47A9-A11D-FECA5FC9739B}.AppStore|Any CPU.ActiveCfg = Release|Any CPU
		{95981AE3-C2DF-47A9-A11D-FECA5FC9739B}.AppStore|Any CPU.Build.0 = Release|Any CPU
		{95981AE3-C2DF-47A9-A11D-FECA5FC9739B}.AppStore|Any CPU.Deploy.0 = Release|Any CPU
		{95981AE3-C2DF-47A9-A11D-FECA5FC9739B}.AppStore|ARM.ActiveCfg = Release|ARM
		{95981AE3-C2DF-47A9-A11D-FECA5FC9739B}.AppStore|ARM.Build.0 = Release|ARM
		{95981AE3-C2DF-47A9-A11D-FECA5FC9739B}.AppStore|ARM.Deploy.0 = Release|ARM
		{95981AE3-C2DF-47A9-A11D-FECA5FC9739B}.AppStore|iPhone.ActiveCfg = Release|Any CPU
		{95981AE3-C2DF-47A9-A11D-FECA5FC9739B}.AppStore|iPhoneSimulator.ActiveCfg = Release|Any CPU
		{95981AE3-C2DF-47A9-A11D-FECA5FC9739B}.AppStore|Mixed Platforms.ActiveCfg = Release|x86
		{95981AE3-C2DF-47A9-A11D-FECA5FC9739B}.AppStore|Mixed Platforms.Build.0 = Release|x86
		{95981AE3-C2DF-47A9-A11D-FECA5FC9739B}.AppStore|Mixed Platforms.Deploy.0 = Release|x86
		{95981AE3-C2DF-47A9-A11D-FECA5FC9739B}.AppStore|x86.ActiveCfg = Release|x86
		{95981AE3-C2DF-47A9-A11D-FECA5FC9739B}.AppStore|x86.Build.0 = Release|x86
		{95981AE3-C2DF-47A9-A11D-FECA5FC9739B}.AppStore|x86.Deploy.0 = Release|x86
		{95981AE3-C2DF-47A9-A11D-FECA5FC9739B}.Debug|Any CPU.ActiveCfg = Debug|Any CPU
		{95981AE3-C2DF-47A9-A11D-FECA5FC9739B}.Debug|Any CPU.Build.0 = Debug|Any CPU
		{95981AE3-C2DF-47A9-A11D-FECA5FC9739B}.Debug|Any CPU.Deploy.0 = Debug|Any CPU
		{95981AE3-C2DF-47A9-A11D-FECA5FC9739B}.Debug|ARM.ActiveCfg = Debug|ARM
		{95981AE3-C2DF-47A9-A11D-FECA5FC9739B}.Debug|ARM.Build.0 = Debug|ARM
		{95981AE3-C2DF-47A9-A11D-FECA5FC9739B}.Debug|ARM.Deploy.0 = Debug|ARM
		{95981AE3-C2DF-47A9-A11D-FECA5FC9739B}.Debug|iPhone.ActiveCfg = Debug|Any CPU
		{95981AE3-C2DF-47A9-A11D-FECA5FC9739B}.Debug|iPhoneSimulator.ActiveCfg = Debug|Any CPU
		{95981AE3-C2DF-47A9-A11D-FECA5FC9739B}.Debug|Mixed Platforms.ActiveCfg = Debug|x86
		{95981AE3-C2DF-47A9-A11D-FECA5FC9739B}.Debug|Mixed Platforms.Build.0 = Debug|x86
		{95981AE3-C2DF-47A9-A11D-FECA5FC9739B}.Debug|Mixed Platforms.Deploy.0 = Debug|x86
		{95981AE3-C2DF-47A9-A11D-FECA5FC9739B}.Debug|x86.ActiveCfg = Debug|x86
		{95981AE3-C2DF-47A9-A11D-FECA5FC9739B}.Debug|x86.Build.0 = Debug|x86
		{95981AE3-C2DF-47A9-A11D-FECA5FC9739B}.Debug|x86.Deploy.0 = Debug|x86
		{95981AE3-C2DF-47A9-A11D-FECA5FC9739B}.Release|Any CPU.ActiveCfg = Release|Any CPU
		{95981AE3-C2DF-47A9-A11D-FECA5FC9739B}.Release|Any CPU.Build.0 = Release|Any CPU
		{95981AE3-C2DF-47A9-A11D-FECA5FC9739B}.Release|Any CPU.Deploy.0 = Release|Any CPU
		{95981AE3-C2DF-47A9-A11D-FECA5FC9739B}.Release|ARM.ActiveCfg = Release|ARM
		{95981AE3-C2DF-47A9-A11D-FECA5FC9739B}.Release|ARM.Build.0 = Release|ARM
		{95981AE3-C2DF-47A9-A11D-FECA5FC9739B}.Release|ARM.Deploy.0 = Release|ARM
		{95981AE3-C2DF-47A9-A11D-FECA5FC9739B}.Release|iPhone.ActiveCfg = Release|Any CPU
		{95981AE3-C2DF-47A9-A11D-FECA5FC9739B}.Release|iPhoneSimulator.ActiveCfg = Release|Any CPU
		{95981AE3-C2DF-47A9-A11D-FECA5FC9739B}.Release|Mixed Platforms.ActiveCfg = Release|x86
		{95981AE3-C2DF-47A9-A11D-FECA5FC9739B}.Release|Mixed Platforms.Build.0 = Release|x86
		{95981AE3-C2DF-47A9-A11D-FECA5FC9739B}.Release|Mixed Platforms.Deploy.0 = Release|x86
		{95981AE3-C2DF-47A9-A11D-FECA5FC9739B}.Release|x86.ActiveCfg = Release|x86
		{95981AE3-C2DF-47A9-A11D-FECA5FC9739B}.Release|x86.Build.0 = Release|x86
		{95981AE3-C2DF-47A9-A11D-FECA5FC9739B}.Release|x86.Deploy.0 = Release|x86
	EndGlobalSection
	GlobalSection(SolutionProperties) = preSolution
		HideSolutionNode = FALSE
	EndGlobalSection
EndGlobal
