
Microsoft Visual Studio Solution File, Format Version 12.00
# Visual Studio 14
VisualStudioVersion = 14.0.23107.0
MinimumVisualStudioVersion = 10.0.40219.1
Project("{FAE04EC0-301F-11D3-BF4B-00C04F79EFBC}") = "X_Accelerometer", "X_Accelerometer\X_Accelerometer\X_Accelerometer.csproj", "{C5F4CE14-4342-4470-BCA9-8695CFBCD6D1}"
EndProject
Project("{FAE04EC0-301F-11D3-BF4B-00C04F79EFBC}") = "X_Accelerometer.iOS", "X_Accelerometer\X_Accelerometer.iOS\X_Accelerometer.iOS.csproj", "{5E41516B-7778-47BB-B2CE-3F1FF3DF233A}"
EndProject
Project("{FAE04EC0-301F-11D3-BF4B-00C04F79EFBC}") = "X_Accelerometer.Droid", "X_Accelerometer\X_Accelerometer.Droid\X_Accelerometer.Droid.csproj", "{7F030C6F-DABB-4471-9F37-4E2681C8850F}"
EndProject
Project("{FAE04EC0-301F-11D3-BF4B-00C04F79EFBC}") = "X_Accelerometer.WinPhone", "X_Accelerometer\X_Accelerometer.WinPhone\X_Accelerometer.WinPhone.csproj", "{39DCE136-CE64-43A6-BAF3-1F8E4F63C3A8}"
EndProject
Project("{2150E333-8FDC-42A3-9474-1A3956D46DE8}") = "XamarinForms", "XamarinForms", "{3AF0DF0C-0D0B-456F-8A59-2F94DEF96588}"
EndProject
Project("{FAE04EC0-301F-11D3-BF4B-00C04F79EFBC}") = "XF_Accelerometer.Droid", "X_Accelerometer\XF_Accelerometer\XF_Accelerometer.Droid\XF_Accelerometer.Droid.csproj", "{01990CF4-677A-49EB-A75A-1F7D73EB95B0}"
EndProject
Project("{FAE04EC0-301F-11D3-BF4B-00C04F79EFBC}") = "XF_Accelerometer.iOS", "X_Accelerometer\XF_Accelerometer\XF_Accelerometer.iOS\XF_Accelerometer.iOS.csproj", "{F0A63CF3-1528-4895-88E1-20D1FB62CCE9}"
EndProject
Project("{FAE04EC0-301F-11D3-BF4B-00C04F79EFBC}") = "XF_Accelerometer", "X_Accelerometer\XF_Accelerometer\XF_Accelerometer\XF_Accelerometer.csproj", "{26A695DB-7CF1-42C5-B6FC-01AD344D1F74}"
EndProject
Project("{FAE04EC0-301F-11D3-BF4B-00C04F79EFBC}") = "XF_Accelerometer.WinPhone81", "X_Accelerometer\XF_Accelerometer\XF_Accelerometer.WinPhone81\XF_Accelerometer.WinPhone81.csproj", "{8A018C57-5C89-4B49-9B20-18A258AAEA8D}"
EndProject
Project("{FAE04EC0-301F-11D3-BF4B-00C04F79EFBC}") = "XF_Accelerometer.Windows81", "X_Accelerometer\XF_Accelerometer\XF_Accelerometer.Windows81\XF_Accelerometer.Windows81.csproj", "{C6FD73C3-D3B5-46FC-9F6C-0D09B625F577}"
EndProject
Project("{FAE04EC0-301F-11D3-BF4B-00C04F79EFBC}") = "XF_Accelerometer.UWP", "X_Accelerometer\XF_Accelerometer\XF_Accelerometer.UWP\XF_Accelerometer.UWP.csproj", "{5F4472B4-0D8E-4745-ABD5-30420FAEBEC0}"
EndProject
Global
	GlobalSection(SolutionConfigurationPlatforms) = preSolution
		Ad-Hoc|Any CPU = Ad-Hoc|Any CPU
		Ad-Hoc|ARM = Ad-Hoc|ARM
		Ad-Hoc|iPhone = Ad-Hoc|iPhone
		Ad-Hoc|iPhoneSimulator = Ad-Hoc|iPhoneSimulator
		Ad-Hoc|x64 = Ad-Hoc|x64
		Ad-Hoc|x86 = Ad-Hoc|x86
		AppStore|Any CPU = AppStore|Any CPU
		AppStore|ARM = AppStore|ARM
		AppStore|iPhone = AppStore|iPhone
		AppStore|iPhoneSimulator = AppStore|iPhoneSimulator
		AppStore|x64 = AppStore|x64
		AppStore|x86 = AppStore|x86
		Debug|Any CPU = Debug|Any CPU
		Debug|ARM = Debug|ARM
		Debug|iPhone = Debug|iPhone
		Debug|iPhoneSimulator = Debug|iPhoneSimulator
		Debug|x64 = Debug|x64
		Debug|x86 = Debug|x86
		Release|Any CPU = Release|Any CPU
		Release|ARM = Release|ARM
		Release|iPhone = Release|iPhone
		Release|iPhoneSimulator = Release|iPhoneSimulator
		Release|x64 = Release|x64
		Release|x86 = Release|x86
	EndGlobalSection
	GlobalSection(ProjectConfigurationPlatforms) = postSolution
		{C5F4CE14-4342-4470-BCA9-8695CFBCD6D1}.Ad-Hoc|Any CPU.ActiveCfg = Release|Any CPU
		{C5F4CE14-4342-4470-BCA9-8695CFBCD6D1}.Ad-Hoc|Any CPU.Build.0 = Release|Any CPU
		{C5F4CE14-4342-4470-BCA9-8695CFBCD6D1}.Ad-Hoc|ARM.ActiveCfg = Release|Any CPU
		{C5F4CE14-4342-4470-BCA9-8695CFBCD6D1}.Ad-Hoc|ARM.Build.0 = Release|Any CPU
		{C5F4CE14-4342-4470-BCA9-8695CFBCD6D1}.Ad-Hoc|iPhone.ActiveCfg = Release|Any CPU
		{C5F4CE14-4342-4470-BCA9-8695CFBCD6D1}.Ad-Hoc|iPhone.Build.0 = Release|Any CPU
		{C5F4CE14-4342-4470-BCA9-8695CFBCD6D1}.Ad-Hoc|iPhoneSimulator.ActiveCfg = Release|Any CPU
		{C5F4CE14-4342-4470-BCA9-8695CFBCD6D1}.Ad-Hoc|iPhoneSimulator.Build.0 = Release|Any CPU
		{C5F4CE14-4342-4470-BCA9-8695CFBCD6D1}.Ad-Hoc|x64.ActiveCfg = Debug|Any CPU
		{C5F4CE14-4342-4470-BCA9-8695CFBCD6D1}.Ad-Hoc|x64.Build.0 = Debug|Any CPU
		{C5F4CE14-4342-4470-BCA9-8695CFBCD6D1}.Ad-Hoc|x86.ActiveCfg = Release|Any CPU
		{C5F4CE14-4342-4470-BCA9-8695CFBCD6D1}.Ad-Hoc|x86.Build.0 = Release|Any CPU
		{C5F4CE14-4342-4470-BCA9-8695CFBCD6D1}.AppStore|Any CPU.ActiveCfg = Release|Any CPU
		{C5F4CE14-4342-4470-BCA9-8695CFBCD6D1}.AppStore|Any CPU.Build.0 = Release|Any CPU
		{C5F4CE14-4342-4470-BCA9-8695CFBCD6D1}.AppStore|ARM.ActiveCfg = Release|Any CPU
		{C5F4CE14-4342-4470-BCA9-8695CFBCD6D1}.AppStore|ARM.Build.0 = Release|Any CPU
		{C5F4CE14-4342-4470-BCA9-8695CFBCD6D1}.AppStore|iPhone.ActiveCfg = Release|Any CPU
		{C5F4CE14-4342-4470-BCA9-8695CFBCD6D1}.AppStore|iPhone.Build.0 = Release|Any CPU
		{C5F4CE14-4342-4470-BCA9-8695CFBCD6D1}.AppStore|iPhoneSimulator.ActiveCfg = Release|Any CPU
		{C5F4CE14-4342-4470-BCA9-8695CFBCD6D1}.AppStore|iPhoneSimulator.Build.0 = Release|Any CPU
		{C5F4CE14-4342-4470-BCA9-8695CFBCD6D1}.AppStore|x64.ActiveCfg = Debug|Any CPU
		{C5F4CE14-4342-4470-BCA9-8695CFBCD6D1}.AppStore|x64.Build.0 = Debug|Any CPU
		{C5F4CE14-4342-4470-BCA9-8695CFBCD6D1}.AppStore|x86.ActiveCfg = Release|Any CPU
		{C5F4CE14-4342-4470-BCA9-8695CFBCD6D1}.AppStore|x86.Build.0 = Release|Any CPU
		{C5F4CE14-4342-4470-BCA9-8695CFBCD6D1}.Debug|Any CPU.ActiveCfg = Debug|Any CPU
		{C5F4CE14-4342-4470-BCA9-8695CFBCD6D1}.Debug|Any CPU.Build.0 = Debug|Any CPU
		{C5F4CE14-4342-4470-BCA9-8695CFBCD6D1}.Debug|ARM.ActiveCfg = Debug|Any CPU
		{C5F4CE14-4342-4470-BCA9-8695CFBCD6D1}.Debug|ARM.Build.0 = Debug|Any CPU
		{C5F4CE14-4342-4470-BCA9-8695CFBCD6D1}.Debug|iPhone.ActiveCfg = Debug|Any CPU
		{C5F4CE14-4342-4470-BCA9-8695CFBCD6D1}.Debug|iPhone.Build.0 = Debug|Any CPU
		{C5F4CE14-4342-4470-BCA9-8695CFBCD6D1}.Debug|iPhoneSimulator.ActiveCfg = Debug|Any CPU
		{C5F4CE14-4342-4470-BCA9-8695CFBCD6D1}.Debug|iPhoneSimulator.Build.0 = Debug|Any CPU
		{C5F4CE14-4342-4470-BCA9-8695CFBCD6D1}.Debug|x64.ActiveCfg = Debug|Any CPU
		{C5F4CE14-4342-4470-BCA9-8695CFBCD6D1}.Debug|x64.Build.0 = Debug|Any CPU
		{C5F4CE14-4342-4470-BCA9-8695CFBCD6D1}.Debug|x86.ActiveCfg = Debug|Any CPU
		{C5F4CE14-4342-4470-BCA9-8695CFBCD6D1}.Debug|x86.Build.0 = Debug|Any CPU
		{C5F4CE14-4342-4470-BCA9-8695CFBCD6D1}.Release|Any CPU.ActiveCfg = Release|Any CPU
		{C5F4CE14-4342-4470-BCA9-8695CFBCD6D1}.Release|Any CPU.Build.0 = Release|Any CPU
		{C5F4CE14-4342-4470-BCA9-8695CFBCD6D1}.Release|ARM.ActiveCfg = Release|Any CPU
		{C5F4CE14-4342-4470-BCA9-8695CFBCD6D1}.Release|ARM.Build.0 = Release|Any CPU
		{C5F4CE14-4342-4470-BCA9-8695CFBCD6D1}.Release|iPhone.ActiveCfg = Release|Any CPU
		{C5F4CE14-4342-4470-BCA9-8695CFBCD6D1}.Release|iPhone.Build.0 = Release|Any CPU
		{C5F4CE14-4342-4470-BCA9-8695CFBCD6D1}.Release|iPhoneSimulator.ActiveCfg = Release|Any CPU
		{C5F4CE14-4342-4470-BCA9-8695CFBCD6D1}.Release|iPhoneSimulator.Build.0 = Release|Any CPU
		{C5F4CE14-4342-4470-BCA9-8695CFBCD6D1}.Release|x64.ActiveCfg = Release|Any CPU
		{C5F4CE14-4342-4470-BCA9-8695CFBCD6D1}.Release|x64.Build.0 = Release|Any CPU
		{C5F4CE14-4342-4470-BCA9-8695CFBCD6D1}.Release|x86.ActiveCfg = Release|Any CPU
		{C5F4CE14-4342-4470-BCA9-8695CFBCD6D1}.Release|x86.Build.0 = Release|Any CPU
		{5E41516B-7778-47BB-B2CE-3F1FF3DF233A}.Ad-Hoc|Any CPU.ActiveCfg = Release|iPhoneSimulator
		{5E41516B-7778-47BB-B2CE-3F1FF3DF233A}.Ad-Hoc|Any CPU.Build.0 = Release|iPhoneSimulator
		{5E41516B-7778-47BB-B2CE-3F1FF3DF233A}.Ad-Hoc|ARM.ActiveCfg = Release|iPhoneSimulator
		{5E41516B-7778-47BB-B2CE-3F1FF3DF233A}.Ad-Hoc|ARM.Build.0 = Release|iPhoneSimulator
		{5E41516B-7778-47BB-B2CE-3F1FF3DF233A}.Ad-Hoc|iPhone.ActiveCfg = Release|iPhone
		{5E41516B-7778-47BB-B2CE-3F1FF3DF233A}.Ad-Hoc|iPhone.Build.0 = Release|iPhone
		{5E41516B-7778-47BB-B2CE-3F1FF3DF233A}.Ad-Hoc|iPhoneSimulator.ActiveCfg = Release|iPhoneSimulator
		{5E41516B-7778-47BB-B2CE-3F1FF3DF233A}.Ad-Hoc|iPhoneSimulator.Build.0 = Release|iPhoneSimulator
		{5E41516B-7778-47BB-B2CE-3F1FF3DF233A}.Ad-Hoc|x64.ActiveCfg = Debug|iPhoneSimulator
		{5E41516B-7778-47BB-B2CE-3F1FF3DF233A}.Ad-Hoc|x64.Build.0 = Debug|iPhoneSimulator
		{5E41516B-7778-47BB-B2CE-3F1FF3DF233A}.Ad-Hoc|x86.ActiveCfg = Release|iPhoneSimulator
		{5E41516B-7778-47BB-B2CE-3F1FF3DF233A}.Ad-Hoc|x86.Build.0 = Release|iPhoneSimulator
		{5E41516B-7778-47BB-B2CE-3F1FF3DF233A}.AppStore|Any CPU.ActiveCfg = Release|iPhoneSimulator
		{5E41516B-7778-47BB-B2CE-3F1FF3DF233A}.AppStore|Any CPU.Build.0 = Release|iPhoneSimulator
		{5E41516B-7778-47BB-B2CE-3F1FF3DF233A}.AppStore|ARM.ActiveCfg = Release|iPhoneSimulator
		{5E41516B-7778-47BB-B2CE-3F1FF3DF233A}.AppStore|ARM.Build.0 = Release|iPhoneSimulator
		{5E41516B-7778-47BB-B2CE-3F1FF3DF233A}.AppStore|iPhone.ActiveCfg = Release|iPhone
		{5E41516B-7778-47BB-B2CE-3F1FF3DF233A}.AppStore|iPhone.Build.0 = Release|iPhone
		{5E41516B-7778-47BB-B2CE-3F1FF3DF233A}.AppStore|iPhoneSimulator.ActiveCfg = Release|iPhoneSimulator
		{5E41516B-7778-47BB-B2CE-3F1FF3DF233A}.AppStore|iPhoneSimulator.Build.0 = Release|iPhoneSimulator
		{5E41516B-7778-47BB-B2CE-3F1FF3DF233A}.AppStore|x64.ActiveCfg = Debug|iPhoneSimulator
		{5E41516B-7778-47BB-B2CE-3F1FF3DF233A}.AppStore|x64.Build.0 = Debug|iPhoneSimulator
		{5E41516B-7778-47BB-B2CE-3F1FF3DF233A}.AppStore|x86.ActiveCfg = Release|iPhoneSimulator
		{5E41516B-7778-47BB-B2CE-3F1FF3DF233A}.AppStore|x86.Build.0 = Release|iPhoneSimulator
		{5E41516B-7778-47BB-B2CE-3F1FF3DF233A}.Debug|Any CPU.ActiveCfg = Debug|iPhone
		{5E41516B-7778-47BB-B2CE-3F1FF3DF233A}.Debug|ARM.ActiveCfg = Debug|iPhone
		{5E41516B-7778-47BB-B2CE-3F1FF3DF233A}.Debug|iPhone.ActiveCfg = Debug|iPhone
		{5E41516B-7778-47BB-B2CE-3F1FF3DF233A}.Debug|iPhone.Build.0 = Debug|iPhone
		{5E41516B-7778-47BB-B2CE-3F1FF3DF233A}.Debug|iPhoneSimulator.ActiveCfg = Debug|iPhoneSimulator
		{5E41516B-7778-47BB-B2CE-3F1FF3DF233A}.Debug|iPhoneSimulator.Build.0 = Debug|iPhoneSimulator
		{5E41516B-7778-47BB-B2CE-3F1FF3DF233A}.Debug|x64.ActiveCfg = Debug|iPhoneSimulator
		{5E41516B-7778-47BB-B2CE-3F1FF3DF233A}.Debug|x86.ActiveCfg = Debug|iPhone
		{5E41516B-7778-47BB-B2CE-3F1FF3DF233A}.Release|Any CPU.ActiveCfg = Release|iPhone
		{5E41516B-7778-47BB-B2CE-3F1FF3DF233A}.Release|ARM.ActiveCfg = Release|iPhone
		{5E41516B-7778-47BB-B2CE-3F1FF3DF233A}.Release|iPhone.ActiveCfg = Release|iPhone
		{5E41516B-7778-47BB-B2CE-3F1FF3DF233A}.Release|iPhone.Build.0 = Release|iPhone
		{5E41516B-7778-47BB-B2CE-3F1FF3DF233A}.Release|iPhoneSimulator.ActiveCfg = Release|iPhoneSimulator
		{5E41516B-7778-47BB-B2CE-3F1FF3DF233A}.Release|iPhoneSimulator.Build.0 = Release|iPhoneSimulator
		{5E41516B-7778-47BB-B2CE-3F1FF3DF233A}.Release|x64.ActiveCfg = Release|iPhone
		{5E41516B-7778-47BB-B2CE-3F1FF3DF233A}.Release|x86.ActiveCfg = Release|iPhone
		{7F030C6F-DABB-4471-9F37-4E2681C8850F}.Ad-Hoc|Any CPU.ActiveCfg = Release|Any CPU
		{7F030C6F-DABB-4471-9F37-4E2681C8850F}.Ad-Hoc|Any CPU.Build.0 = Release|Any CPU
		{7F030C6F-DABB-4471-9F37-4E2681C8850F}.Ad-Hoc|Any CPU.Deploy.0 = Release|Any CPU
		{7F030C6F-DABB-4471-9F37-4E2681C8850F}.Ad-Hoc|ARM.ActiveCfg = Release|Any CPU
		{7F030C6F-DABB-4471-9F37-4E2681C8850F}.Ad-Hoc|ARM.Build.0 = Release|Any CPU
		{7F030C6F-DABB-4471-9F37-4E2681C8850F}.Ad-Hoc|ARM.Deploy.0 = Release|Any CPU
		{7F030C6F-DABB-4471-9F37-4E2681C8850F}.Ad-Hoc|iPhone.ActiveCfg = Release|Any CPU
		{7F030C6F-DABB-4471-9F37-4E2681C8850F}.Ad-Hoc|iPhone.Build.0 = Release|Any CPU
		{7F030C6F-DABB-4471-9F37-4E2681C8850F}.Ad-Hoc|iPhone.Deploy.0 = Release|Any CPU
		{7F030C6F-DABB-4471-9F37-4E2681C8850F}.Ad-Hoc|iPhoneSimulator.ActiveCfg = Release|Any CPU
		{7F030C6F-DABB-4471-9F37-4E2681C8850F}.Ad-Hoc|iPhoneSimulator.Build.0 = Release|Any CPU
		{7F030C6F-DABB-4471-9F37-4E2681C8850F}.Ad-Hoc|iPhoneSimulator.Deploy.0 = Release|Any CPU
		{7F030C6F-DABB-4471-9F37-4E2681C8850F}.Ad-Hoc|x64.ActiveCfg = Debug|Any CPU
		{7F030C6F-DABB-4471-9F37-4E2681C8850F}.Ad-Hoc|x64.Build.0 = Debug|Any CPU
		{7F030C6F-DABB-4471-9F37-4E2681C8850F}.Ad-Hoc|x64.Deploy.0 = Debug|Any CPU
		{7F030C6F-DABB-4471-9F37-4E2681C8850F}.Ad-Hoc|x86.ActiveCfg = Release|Any CPU
		{7F030C6F-DABB-4471-9F37-4E2681C8850F}.Ad-Hoc|x86.Build.0 = Release|Any CPU
		{7F030C6F-DABB-4471-9F37-4E2681C8850F}.Ad-Hoc|x86.Deploy.0 = Release|Any CPU
		{7F030C6F-DABB-4471-9F37-4E2681C8850F}.AppStore|Any CPU.ActiveCfg = Release|Any CPU
		{7F030C6F-DABB-4471-9F37-4E2681C8850F}.AppStore|Any CPU.Build.0 = Release|Any CPU
		{7F030C6F-DABB-4471-9F37-4E2681C8850F}.AppStore|Any CPU.Deploy.0 = Release|Any CPU
		{7F030C6F-DABB-4471-9F37-4E2681C8850F}.AppStore|ARM.ActiveCfg = Release|Any CPU
		{7F030C6F-DABB-4471-9F37-4E2681C8850F}.AppStore|ARM.Build.0 = Release|Any CPU
		{7F030C6F-DABB-4471-9F37-4E2681C8850F}.AppStore|ARM.Deploy.0 = Release|Any CPU
		{7F030C6F-DABB-4471-9F37-4E2681C8850F}.AppStore|iPhone.ActiveCfg = Release|Any CPU
		{7F030C6F-DABB-4471-9F37-4E2681C8850F}.AppStore|iPhone.Build.0 = Release|Any CPU
		{7F030C6F-DABB-4471-9F37-4E2681C8850F}.AppStore|iPhone.Deploy.0 = Release|Any CPU
		{7F030C6F-DABB-4471-9F37-4E2681C8850F}.AppStore|iPhoneSimulator.ActiveCfg = Release|Any CPU
		{7F030C6F-DABB-4471-9F37-4E2681C8850F}.AppStore|iPhoneSimulator.Build.0 = Release|Any CPU
		{7F030C6F-DABB-4471-9F37-4E2681C8850F}.AppStore|iPhoneSimulator.Deploy.0 = Release|Any CPU
		{7F030C6F-DABB-4471-9F37-4E2681C8850F}.AppStore|x64.ActiveCfg = Debug|Any CPU
		{7F030C6F-DABB-4471-9F37-4E2681C8850F}.AppStore|x64.Build.0 = Debug|Any CPU
		{7F030C6F-DABB-4471-9F37-4E2681C8850F}.AppStore|x64.Deploy.0 = Debug|Any CPU
		{7F030C6F-DABB-4471-9F37-4E2681C8850F}.AppStore|x86.ActiveCfg = Release|Any CPU
		{7F030C6F-DABB-4471-9F37-4E2681C8850F}.AppStore|x86.Build.0 = Release|Any CPU
		{7F030C6F-DABB-4471-9F37-4E2681C8850F}.AppStore|x86.Deploy.0 = Release|Any CPU
		{7F030C6F-DABB-4471-9F37-4E2681C8850F}.Debug|Any CPU.ActiveCfg = Debug|Any CPU
		{7F030C6F-DABB-4471-9F37-4E2681C8850F}.Debug|Any CPU.Build.0 = Debug|Any CPU
		{7F030C6F-DABB-4471-9F37-4E2681C8850F}.Debug|Any CPU.Deploy.0 = Debug|Any CPU
		{7F030C6F-DABB-4471-9F37-4E2681C8850F}.Debug|ARM.ActiveCfg = Debug|Any CPU
		{7F030C6F-DABB-4471-9F37-4E2681C8850F}.Debug|ARM.Build.0 = Debug|Any CPU
		{7F030C6F-DABB-4471-9F37-4E2681C8850F}.Debug|ARM.Deploy.0 = Debug|Any CPU
		{7F030C6F-DABB-4471-9F37-4E2681C8850F}.Debug|iPhone.ActiveCfg = Debug|Any CPU
		{7F030C6F-DABB-4471-9F37-4E2681C8850F}.Debug|iPhone.Build.0 = Debug|Any CPU
		{7F030C6F-DABB-4471-9F37-4E2681C8850F}.Debug|iPhone.Deploy.0 = Debug|Any CPU
		{7F030C6F-DABB-4471-9F37-4E2681C8850F}.Debug|iPhoneSimulator.ActiveCfg = Debug|Any CPU
		{7F030C6F-DABB-4471-9F37-4E2681C8850F}.Debug|iPhoneSimulator.Build.0 = Debug|Any CPU
		{7F030C6F-DABB-4471-9F37-4E2681C8850F}.Debug|iPhoneSimulator.Deploy.0 = Debug|Any CPU
		{7F030C6F-DABB-4471-9F37-4E2681C8850F}.Debug|x64.ActiveCfg = Debug|Any CPU
		{7F030C6F-DABB-4471-9F37-4E2681C8850F}.Debug|x64.Build.0 = Debug|Any CPU
		{7F030C6F-DABB-4471-9F37-4E2681C8850F}.Debug|x64.Deploy.0 = Debug|Any CPU
		{7F030C6F-DABB-4471-9F37-4E2681C8850F}.Debug|x86.ActiveCfg = Debug|Any CPU
		{7F030C6F-DABB-4471-9F37-4E2681C8850F}.Debug|x86.Build.0 = Debug|Any CPU
		{7F030C6F-DABB-4471-9F37-4E2681C8850F}.Debug|x86.Deploy.0 = Debug|Any CPU
		{7F030C6F-DABB-4471-9F37-4E2681C8850F}.Release|Any CPU.ActiveCfg = Release|Any CPU
		{7F030C6F-DABB-4471-9F37-4E2681C8850F}.Release|Any CPU.Build.0 = Release|Any CPU
		{7F030C6F-DABB-4471-9F37-4E2681C8850F}.Release|Any CPU.Deploy.0 = Release|Any CPU
		{7F030C6F-DABB-4471-9F37-4E2681C8850F}.Release|ARM.ActiveCfg = Release|Any CPU
		{7F030C6F-DABB-4471-9F37-4E2681C8850F}.Release|ARM.Build.0 = Release|Any CPU
		{7F030C6F-DABB-4471-9F37-4E2681C8850F}.Release|ARM.Deploy.0 = Release|Any CPU
		{7F030C6F-DABB-4471-9F37-4E2681C8850F}.Release|iPhone.ActiveCfg = Release|Any CPU
		{7F030C6F-DABB-4471-9F37-4E2681C8850F}.Release|iPhone.Build.0 = Release|Any CPU
		{7F030C6F-DABB-4471-9F37-4E2681C8850F}.Release|iPhone.Deploy.0 = Release|Any CPU
		{7F030C6F-DABB-4471-9F37-4E2681C8850F}.Release|iPhoneSimulator.ActiveCfg = Release|Any CPU
		{7F030C6F-DABB-4471-9F37-4E2681C8850F}.Release|iPhoneSimulator.Build.0 = Release|Any CPU
		{7F030C6F-DABB-4471-9F37-4E2681C8850F}.Release|iPhoneSimulator.Deploy.0 = Release|Any CPU
		{7F030C6F-DABB-4471-9F37-4E2681C8850F}.Release|x64.ActiveCfg = Release|Any CPU
		{7F030C6F-DABB-4471-9F37-4E2681C8850F}.Release|x64.Build.0 = Release|Any CPU
		{7F030C6F-DABB-4471-9F37-4E2681C8850F}.Release|x64.Deploy.0 = Release|Any CPU
		{7F030C6F-DABB-4471-9F37-4E2681C8850F}.Release|x86.ActiveCfg = Release|Any CPU
		{7F030C6F-DABB-4471-9F37-4E2681C8850F}.Release|x86.Build.0 = Release|Any CPU
		{7F030C6F-DABB-4471-9F37-4E2681C8850F}.Release|x86.Deploy.0 = Release|Any CPU
		{39DCE136-CE64-43A6-BAF3-1F8E4F63C3A8}.Ad-Hoc|Any CPU.ActiveCfg = Release|Any CPU
		{39DCE136-CE64-43A6-BAF3-1F8E4F63C3A8}.Ad-Hoc|Any CPU.Build.0 = Release|Any CPU
		{39DCE136-CE64-43A6-BAF3-1F8E4F63C3A8}.Ad-Hoc|Any CPU.Deploy.0 = Release|Any CPU
		{39DCE136-CE64-43A6-BAF3-1F8E4F63C3A8}.Ad-Hoc|ARM.ActiveCfg = Release|ARM
		{39DCE136-CE64-43A6-BAF3-1F8E4F63C3A8}.Ad-Hoc|ARM.Build.0 = Release|ARM
		{39DCE136-CE64-43A6-BAF3-1F8E4F63C3A8}.Ad-Hoc|ARM.Deploy.0 = Release|ARM
		{39DCE136-CE64-43A6-BAF3-1F8E4F63C3A8}.Ad-Hoc|iPhone.ActiveCfg = Release|Any CPU
		{39DCE136-CE64-43A6-BAF3-1F8E4F63C3A8}.Ad-Hoc|iPhone.Build.0 = Release|Any CPU
		{39DCE136-CE64-43A6-BAF3-1F8E4F63C3A8}.Ad-Hoc|iPhone.Deploy.0 = Release|Any CPU
		{39DCE136-CE64-43A6-BAF3-1F8E4F63C3A8}.Ad-Hoc|iPhoneSimulator.ActiveCfg = Release|Any CPU
		{39DCE136-CE64-43A6-BAF3-1F8E4F63C3A8}.Ad-Hoc|iPhoneSimulator.Build.0 = Release|Any CPU
		{39DCE136-CE64-43A6-BAF3-1F8E4F63C3A8}.Ad-Hoc|iPhoneSimulator.Deploy.0 = Release|Any CPU
		{39DCE136-CE64-43A6-BAF3-1F8E4F63C3A8}.Ad-Hoc|x64.ActiveCfg = Debug|Any CPU
		{39DCE136-CE64-43A6-BAF3-1F8E4F63C3A8}.Ad-Hoc|x64.Build.0 = Debug|Any CPU
		{39DCE136-CE64-43A6-BAF3-1F8E4F63C3A8}.Ad-Hoc|x64.Deploy.0 = Debug|Any CPU
		{39DCE136-CE64-43A6-BAF3-1F8E4F63C3A8}.Ad-Hoc|x86.ActiveCfg = Release|x86
		{39DCE136-CE64-43A6-BAF3-1F8E4F63C3A8}.Ad-Hoc|x86.Build.0 = Release|x86
		{39DCE136-CE64-43A6-BAF3-1F8E4F63C3A8}.Ad-Hoc|x86.Deploy.0 = Release|x86
		{39DCE136-CE64-43A6-BAF3-1F8E4F63C3A8}.AppStore|Any CPU.ActiveCfg = Release|Any CPU
		{39DCE136-CE64-43A6-BAF3-1F8E4F63C3A8}.AppStore|Any CPU.Build.0 = Release|Any CPU
		{39DCE136-CE64-43A6-BAF3-1F8E4F63C3A8}.AppStore|Any CPU.Deploy.0 = Release|Any CPU
		{39DCE136-CE64-43A6-BAF3-1F8E4F63C3A8}.AppStore|ARM.ActiveCfg = Release|ARM
		{39DCE136-CE64-43A6-BAF3-1F8E4F63C3A8}.AppStore|ARM.Build.0 = Release|ARM
		{39DCE136-CE64-43A6-BAF3-1F8E4F63C3A8}.AppStore|ARM.Deploy.0 = Release|ARM
		{39DCE136-CE64-43A6-BAF3-1F8E4F63C3A8}.AppStore|iPhone.ActiveCfg = Release|Any CPU
		{39DCE136-CE64-43A6-BAF3-1F8E4F63C3A8}.AppStore|iPhone.Build.0 = Release|Any CPU
		{39DCE136-CE64-43A6-BAF3-1F8E4F63C3A8}.AppStore|iPhone.Deploy.0 = Release|Any CPU
		{39DCE136-CE64-43A6-BAF3-1F8E4F63C3A8}.AppStore|iPhoneSimulator.ActiveCfg = Release|Any CPU
		{39DCE136-CE64-43A6-BAF3-1F8E4F63C3A8}.AppStore|iPhoneSimulator.Build.0 = Release|Any CPU
		{39DCE136-CE64-43A6-BAF3-1F8E4F63C3A8}.AppStore|iPhoneSimulator.Deploy.0 = Release|Any CPU
		{39DCE136-CE64-43A6-BAF3-1F8E4F63C3A8}.AppStore|x64.ActiveCfg = Debug|Any CPU
		{39DCE136-CE64-43A6-BAF3-1F8E4F63C3A8}.AppStore|x64.Build.0 = Debug|Any CPU
		{39DCE136-CE64-43A6-BAF3-1F8E4F63C3A8}.AppStore|x64.Deploy.0 = Debug|Any CPU
		{39DCE136-CE64-43A6-BAF3-1F8E4F63C3A8}.AppStore|x86.ActiveCfg = Release|x86
		{39DCE136-CE64-43A6-BAF3-1F8E4F63C3A8}.AppStore|x86.Build.0 = Release|x86
		{39DCE136-CE64-43A6-BAF3-1F8E4F63C3A8}.AppStore|x86.Deploy.0 = Release|x86
		{39DCE136-CE64-43A6-BAF3-1F8E4F63C3A8}.Debug|Any CPU.ActiveCfg = Debug|Any CPU
		{39DCE136-CE64-43A6-BAF3-1F8E4F63C3A8}.Debug|Any CPU.Build.0 = Debug|Any CPU
		{39DCE136-CE64-43A6-BAF3-1F8E4F63C3A8}.Debug|Any CPU.Deploy.0 = Debug|Any CPU
		{39DCE136-CE64-43A6-BAF3-1F8E4F63C3A8}.Debug|ARM.ActiveCfg = Debug|ARM
		{39DCE136-CE64-43A6-BAF3-1F8E4F63C3A8}.Debug|ARM.Build.0 = Debug|ARM
		{39DCE136-CE64-43A6-BAF3-1F8E4F63C3A8}.Debug|ARM.Deploy.0 = Debug|ARM
		{39DCE136-CE64-43A6-BAF3-1F8E4F63C3A8}.Debug|iPhone.ActiveCfg = Debug|Any CPU
		{39DCE136-CE64-43A6-BAF3-1F8E4F63C3A8}.Debug|iPhone.Build.0 = Debug|Any CPU
		{39DCE136-CE64-43A6-BAF3-1F8E4F63C3A8}.Debug|iPhone.Deploy.0 = Debug|Any CPU
		{39DCE136-CE64-43A6-BAF3-1F8E4F63C3A8}.Debug|iPhoneSimulator.ActiveCfg = Debug|Any CPU
		{39DCE136-CE64-43A6-BAF3-1F8E4F63C3A8}.Debug|iPhoneSimulator.Build.0 = Debug|Any CPU
		{39DCE136-CE64-43A6-BAF3-1F8E4F63C3A8}.Debug|iPhoneSimulator.Deploy.0 = Debug|Any CPU
		{39DCE136-CE64-43A6-BAF3-1F8E4F63C3A8}.Debug|x64.ActiveCfg = Debug|Any CPU
		{39DCE136-CE64-43A6-BAF3-1F8E4F63C3A8}.Debug|x64.Build.0 = Debug|Any CPU
		{39DCE136-CE64-43A6-BAF3-1F8E4F63C3A8}.Debug|x64.Deploy.0 = Debug|Any CPU
		{39DCE136-CE64-43A6-BAF3-1F8E4F63C3A8}.Debug|x86.ActiveCfg = Debug|x86
		{39DCE136-CE64-43A6-BAF3-1F8E4F63C3A8}.Debug|x86.Build.0 = Debug|x86
		{39DCE136-CE64-43A6-BAF3-1F8E4F63C3A8}.Debug|x86.Deploy.0 = Debug|x86
		{39DCE136-CE64-43A6-BAF3-1F8E4F63C3A8}.Release|Any CPU.ActiveCfg = Release|Any CPU
		{39DCE136-CE64-43A6-BAF3-1F8E4F63C3A8}.Release|Any CPU.Build.0 = Release|Any CPU
		{39DCE136-CE64-43A6-BAF3-1F8E4F63C3A8}.Release|Any CPU.Deploy.0 = Release|Any CPU
		{39DCE136-CE64-43A6-BAF3-1F8E4F63C3A8}.Release|ARM.ActiveCfg = Release|ARM
		{39DCE136-CE64-43A6-BAF3-1F8E4F63C3A8}.Release|ARM.Build.0 = Release|ARM
		{39DCE136-CE64-43A6-BAF3-1F8E4F63C3A8}.Release|ARM.Deploy.0 = Release|ARM
		{39DCE136-CE64-43A6-BAF3-1F8E4F63C3A8}.Release|iPhone.ActiveCfg = Release|Any CPU
		{39DCE136-CE64-43A6-BAF3-1F8E4F63C3A8}.Release|iPhone.Build.0 = Release|Any CPU
		{39DCE136-CE64-43A6-BAF3-1F8E4F63C3A8}.Release|iPhone.Deploy.0 = Release|Any CPU
		{39DCE136-CE64-43A6-BAF3-1F8E4F63C3A8}.Release|iPhoneSimulator.ActiveCfg = Release|Any CPU
		{39DCE136-CE64-43A6-BAF3-1F8E4F63C3A8}.Release|iPhoneSimulator.Build.0 = Release|Any CPU
		{39DCE136-CE64-43A6-BAF3-1F8E4F63C3A8}.Release|iPhoneSimulator.Deploy.0 = Release|Any CPU
		{39DCE136-CE64-43A6-BAF3-1F8E4F63C3A8}.Release|x64.ActiveCfg = Release|Any CPU
		{39DCE136-CE64-43A6-BAF3-1F8E4F63C3A8}.Release|x64.Build.0 = Release|Any CPU
		{39DCE136-CE64-43A6-BAF3-1F8E4F63C3A8}.Release|x64.Deploy.0 = Release|Any CPU
		{39DCE136-CE64-43A6-BAF3-1F8E4F63C3A8}.Release|x86.ActiveCfg = Release|x86
		{39DCE136-CE64-43A6-BAF3-1F8E4F63C3A8}.Release|x86.Build.0 = Release|x86
		{39DCE136-CE64-43A6-BAF3-1F8E4F63C3A8}.Release|x86.Deploy.0 = Release|x86
		{01990CF4-677A-49EB-A75A-1F7D73EB95B0}.Ad-Hoc|Any CPU.ActiveCfg = Release|Any CPU
		{01990CF4-677A-49EB-A75A-1F7D73EB95B0}.Ad-Hoc|Any CPU.Build.0 = Release|Any CPU
		{01990CF4-677A-49EB-A75A-1F7D73EB95B0}.Ad-Hoc|Any CPU.Deploy.0 = Release|Any CPU
		{01990CF4-677A-49EB-A75A-1F7D73EB95B0}.Ad-Hoc|ARM.ActiveCfg = Release|Any CPU
		{01990CF4-677A-49EB-A75A-1F7D73EB95B0}.Ad-Hoc|ARM.Build.0 = Release|Any CPU
		{01990CF4-677A-49EB-A75A-1F7D73EB95B0}.Ad-Hoc|ARM.Deploy.0 = Release|Any CPU
		{01990CF4-677A-49EB-A75A-1F7D73EB95B0}.Ad-Hoc|iPhone.ActiveCfg = Release|Any CPU
		{01990CF4-677A-49EB-A75A-1F7D73EB95B0}.Ad-Hoc|iPhone.Build.0 = Release|Any CPU
		{01990CF4-677A-49EB-A75A-1F7D73EB95B0}.Ad-Hoc|iPhone.Deploy.0 = Release|Any CPU
		{01990CF4-677A-49EB-A75A-1F7D73EB95B0}.Ad-Hoc|iPhoneSimulator.ActiveCfg = Release|Any CPU
		{01990CF4-677A-49EB-A75A-1F7D73EB95B0}.Ad-Hoc|iPhoneSimulator.Build.0 = Release|Any CPU
		{01990CF4-677A-49EB-A75A-1F7D73EB95B0}.Ad-Hoc|iPhoneSimulator.Deploy.0 = Release|Any CPU
		{01990CF4-677A-49EB-A75A-1F7D73EB95B0}.Ad-Hoc|x64.ActiveCfg = Debug|Any CPU
		{01990CF4-677A-49EB-A75A-1F7D73EB95B0}.Ad-Hoc|x64.Build.0 = Debug|Any CPU
		{01990CF4-677A-49EB-A75A-1F7D73EB95B0}.Ad-Hoc|x64.Deploy.0 = Debug|Any CPU
		{01990CF4-677A-49EB-A75A-1F7D73EB95B0}.Ad-Hoc|x86.ActiveCfg = Release|Any CPU
		{01990CF4-677A-49EB-A75A-1F7D73EB95B0}.Ad-Hoc|x86.Build.0 = Release|Any CPU
		{01990CF4-677A-49EB-A75A-1F7D73EB95B0}.Ad-Hoc|x86.Deploy.0 = Release|Any CPU
		{01990CF4-677A-49EB-A75A-1F7D73EB95B0}.AppStore|Any CPU.ActiveCfg = Release|Any CPU
		{01990CF4-677A-49EB-A75A-1F7D73EB95B0}.AppStore|Any CPU.Build.0 = Release|Any CPU
		{01990CF4-677A-49EB-A75A-1F7D73EB95B0}.AppStore|Any CPU.Deploy.0 = Release|Any CPU
		{01990CF4-677A-49EB-A75A-1F7D73EB95B0}.AppStore|ARM.ActiveCfg = Release|Any CPU
		{01990CF4-677A-49EB-A75A-1F7D73EB95B0}.AppStore|ARM.Build.0 = Release|Any CPU
		{01990CF4-677A-49EB-A75A-1F7D73EB95B0}.AppStore|ARM.Deploy.0 = Release|Any CPU
		{01990CF4-677A-49EB-A75A-1F7D73EB95B0}.AppStore|iPhone.ActiveCfg = Release|Any CPU
		{01990CF4-677A-49EB-A75A-1F7D73EB95B0}.AppStore|iPhone.Build.0 = Release|Any CPU
		{01990CF4-677A-49EB-A75A-1F7D73EB95B0}.AppStore|iPhone.Deploy.0 = Release|Any CPU
		{01990CF4-677A-49EB-A75A-1F7D73EB95B0}.AppStore|iPhoneSimulator.ActiveCfg = Release|Any CPU
		{01990CF4-677A-49EB-A75A-1F7D73EB95B0}.AppStore|iPhoneSimulator.Build.0 = Release|Any CPU
		{01990CF4-677A-49EB-A75A-1F7D73EB95B0}.AppStore|iPhoneSimulator.Deploy.0 = Release|Any CPU
		{01990CF4-677A-49EB-A75A-1F7D73EB95B0}.AppStore|x64.ActiveCfg = Debug|Any CPU
		{01990CF4-677A-49EB-A75A-1F7D73EB95B0}.AppStore|x64.Build.0 = Debug|Any CPU
		{01990CF4-677A-49EB-A75A-1F7D73EB95B0}.AppStore|x64.Deploy.0 = Debug|Any CPU
		{01990CF4-677A-49EB-A75A-1F7D73EB95B0}.AppStore|x86.ActiveCfg = Release|Any CPU
		{01990CF4-677A-49EB-A75A-1F7D73EB95B0}.AppStore|x86.Build.0 = Release|Any CPU
		{01990CF4-677A-49EB-A75A-1F7D73EB95B0}.AppStore|x86.Deploy.0 = Release|Any CPU
		{01990CF4-677A-49EB-A75A-1F7D73EB95B0}.Debug|Any CPU.ActiveCfg = Debug|Any CPU
		{01990CF4-677A-49EB-A75A-1F7D73EB95B0}.Debug|Any CPU.Build.0 = Debug|Any CPU
		{01990CF4-677A-49EB-A75A-1F7D73EB95B0}.Debug|Any CPU.Deploy.0 = Debug|Any CPU
		{01990CF4-677A-49EB-A75A-1F7D73EB95B0}.Debug|ARM.ActiveCfg = Debug|Any CPU
		{01990CF4-677A-49EB-A75A-1F7D73EB95B0}.Debug|ARM.Build.0 = Debug|Any CPU
		{01990CF4-677A-49EB-A75A-1F7D73EB95B0}.Debug|ARM.Deploy.0 = Debug|Any CPU
		{01990CF4-677A-49EB-A75A-1F7D73EB95B0}.Debug|iPhone.ActiveCfg = Debug|Any CPU
		{01990CF4-677A-49EB-A75A-1F7D73EB95B0}.Debug|iPhone.Build.0 = Debug|Any CPU
		{01990CF4-677A-49EB-A75A-1F7D73EB95B0}.Debug|iPhone.Deploy.0 = Debug|Any CPU
		{01990CF4-677A-49EB-A75A-1F7D73EB95B0}.Debug|iPhoneSimulator.ActiveCfg = Debug|Any CPU
		{01990CF4-677A-49EB-A75A-1F7D73EB95B0}.Debug|iPhoneSimulator.Build.0 = Debug|Any CPU
		{01990CF4-677A-49EB-A75A-1F7D73EB95B0}.Debug|iPhoneSimulator.Deploy.0 = Debug|Any CPU
		{01990CF4-677A-49EB-A75A-1F7D73EB95B0}.Debug|x64.ActiveCfg = Debug|Any CPU
		{01990CF4-677A-49EB-A75A-1F7D73EB95B0}.Debug|x64.Build.0 = Debug|Any CPU
		{01990CF4-677A-49EB-A75A-1F7D73EB95B0}.Debug|x64.Deploy.0 = Debug|Any CPU
		{01990CF4-677A-49EB-A75A-1F7D73EB95B0}.Debug|x86.ActiveCfg = Debug|Any CPU
		{01990CF4-677A-49EB-A75A-1F7D73EB95B0}.Debug|x86.Build.0 = Debug|Any CPU
		{01990CF4-677A-49EB-A75A-1F7D73EB95B0}.Debug|x86.Deploy.0 = Debug|Any CPU
		{01990CF4-677A-49EB-A75A-1F7D73EB95B0}.Release|Any CPU.ActiveCfg = Release|Any CPU
		{01990CF4-677A-49EB-A75A-1F7D73EB95B0}.Release|Any CPU.Build.0 = Release|Any CPU
		{01990CF4-677A-49EB-A75A-1F7D73EB95B0}.Release|Any CPU.Deploy.0 = Release|Any CPU
		{01990CF4-677A-49EB-A75A-1F7D73EB95B0}.Release|ARM.ActiveCfg = Release|Any CPU
		{01990CF4-677A-49EB-A75A-1F7D73EB95B0}.Release|ARM.Build.0 = Release|Any CPU
		{01990CF4-677A-49EB-A75A-1F7D73EB95B0}.Release|ARM.Deploy.0 = Release|Any CPU
		{01990CF4-677A-49EB-A75A-1F7D73EB95B0}.Release|iPhone.ActiveCfg = Release|Any CPU
		{01990CF4-677A-49EB-A75A-1F7D73EB95B0}.Release|iPhone.Build.0 = Release|Any CPU
		{01990CF4-677A-49EB-A75A-1F7D73EB95B0}.Release|iPhone.Deploy.0 = Release|Any CPU
		{01990CF4-677A-49EB-A75A-1F7D73EB95B0}.Release|iPhoneSimulator.ActiveCfg = Release|Any CPU
		{01990CF4-677A-49EB-A75A-1F7D73EB95B0}.Release|iPhoneSimulator.Build.0 = Release|Any CPU
		{01990CF4-677A-49EB-A75A-1F7D73EB95B0}.Release|iPhoneSimulator.Deploy.0 = Release|Any CPU
		{01990CF4-677A-49EB-A75A-1F7D73EB95B0}.Release|x64.ActiveCfg = Release|Any CPU
		{01990CF4-677A-49EB-A75A-1F7D73EB95B0}.Release|x64.Build.0 = Release|Any CPU
		{01990CF4-677A-49EB-A75A-1F7D73EB95B0}.Release|x64.Deploy.0 = Release|Any CPU
		{01990CF4-677A-49EB-A75A-1F7D73EB95B0}.Release|x86.ActiveCfg = Release|Any CPU
		{01990CF4-677A-49EB-A75A-1F7D73EB95B0}.Release|x86.Build.0 = Release|Any CPU
		{01990CF4-677A-49EB-A75A-1F7D73EB95B0}.Release|x86.Deploy.0 = Release|Any CPU
		{F0A63CF3-1528-4895-88E1-20D1FB62CCE9}.Ad-Hoc|Any CPU.ActiveCfg = Ad-Hoc|iPhone
		{F0A63CF3-1528-4895-88E1-20D1FB62CCE9}.Ad-Hoc|ARM.ActiveCfg = Ad-Hoc|iPhone
		{F0A63CF3-1528-4895-88E1-20D1FB62CCE9}.Ad-Hoc|iPhone.ActiveCfg = Ad-Hoc|iPhone
		{F0A63CF3-1528-4895-88E1-20D1FB62CCE9}.Ad-Hoc|iPhone.Build.0 = Ad-Hoc|iPhone
		{F0A63CF3-1528-4895-88E1-20D1FB62CCE9}.Ad-Hoc|iPhoneSimulator.ActiveCfg = Ad-Hoc|iPhoneSimulator
		{F0A63CF3-1528-4895-88E1-20D1FB62CCE9}.Ad-Hoc|iPhoneSimulator.Build.0 = Ad-Hoc|iPhoneSimulator
		{F0A63CF3-1528-4895-88E1-20D1FB62CCE9}.Ad-Hoc|x64.ActiveCfg = Ad-Hoc|iPhoneSimulator
		{F0A63CF3-1528-4895-88E1-20D1FB62CCE9}.Ad-Hoc|x86.ActiveCfg = Ad-Hoc|iPhone
		{F0A63CF3-1528-4895-88E1-20D1FB62CCE9}.AppStore|Any CPU.ActiveCfg = AppStore|iPhone
		{F0A63CF3-1528-4895-88E1-20D1FB62CCE9}.AppStore|ARM.ActiveCfg = AppStore|iPhone
		{F0A63CF3-1528-4895-88E1-20D1FB62CCE9}.AppStore|iPhone.ActiveCfg = AppStore|iPhone
		{F0A63CF3-1528-4895-88E1-20D1FB62CCE9}.AppStore|iPhone.Build.0 = AppStore|iPhone
		{F0A63CF3-1528-4895-88E1-20D1FB62CCE9}.AppStore|iPhoneSimulator.ActiveCfg = AppStore|iPhoneSimulator
		{F0A63CF3-1528-4895-88E1-20D1FB62CCE9}.AppStore|iPhoneSimulator.Build.0 = AppStore|iPhoneSimulator
		{F0A63CF3-1528-4895-88E1-20D1FB62CCE9}.AppStore|x64.ActiveCfg = AppStore|iPhoneSimulator
		{F0A63CF3-1528-4895-88E1-20D1FB62CCE9}.AppStore|x86.ActiveCfg = AppStore|iPhone
		{F0A63CF3-1528-4895-88E1-20D1FB62CCE9}.Debug|Any CPU.ActiveCfg = Debug|iPhone
		{F0A63CF3-1528-4895-88E1-20D1FB62CCE9}.Debug|ARM.ActiveCfg = Debug|iPhone
		{F0A63CF3-1528-4895-88E1-20D1FB62CCE9}.Debug|iPhone.ActiveCfg = Debug|iPhone
		{F0A63CF3-1528-4895-88E1-20D1FB62CCE9}.Debug|iPhone.Build.0 = Debug|iPhone
		{F0A63CF3-1528-4895-88E1-20D1FB62CCE9}.Debug|iPhoneSimulator.ActiveCfg = Debug|iPhoneSimulator
		{F0A63CF3-1528-4895-88E1-20D1FB62CCE9}.Debug|iPhoneSimulator.Build.0 = Debug|iPhoneSimulator
		{F0A63CF3-1528-4895-88E1-20D1FB62CCE9}.Debug|x64.ActiveCfg = Debug|iPhoneSimulator
		{F0A63CF3-1528-4895-88E1-20D1FB62CCE9}.Debug|x86.ActiveCfg = Debug|iPhone
		{F0A63CF3-1528-4895-88E1-20D1FB62CCE9}.Release|Any CPU.ActiveCfg = Release|iPhone
		{F0A63CF3-1528-4895-88E1-20D1FB62CCE9}.Release|ARM.ActiveCfg = Release|iPhone
		{F0A63CF3-1528-4895-88E1-20D1FB62CCE9}.Release|iPhone.ActiveCfg = Release|iPhone
		{F0A63CF3-1528-4895-88E1-20D1FB62CCE9}.Release|iPhone.Build.0 = Release|iPhone
		{F0A63CF3-1528-4895-88E1-20D1FB62CCE9}.Release|iPhoneSimulator.ActiveCfg = Release|iPhoneSimulator
		{F0A63CF3-1528-4895-88E1-20D1FB62CCE9}.Release|iPhoneSimulator.Build.0 = Release|iPhoneSimulator
		{F0A63CF3-1528-4895-88E1-20D1FB62CCE9}.Release|x64.ActiveCfg = Release|iPhoneSimulator
		{F0A63CF3-1528-4895-88E1-20D1FB62CCE9}.Release|x86.ActiveCfg = Release|iPhone
		{26A695DB-7CF1-42C5-B6FC-01AD344D1F74}.Ad-Hoc|Any CPU.ActiveCfg = Release|Any CPU
		{26A695DB-7CF1-42C5-B6FC-01AD344D1F74}.Ad-Hoc|Any CPU.Build.0 = Release|Any CPU
		{26A695DB-7CF1-42C5-B6FC-01AD344D1F74}.Ad-Hoc|ARM.ActiveCfg = Release|Any CPU
		{26A695DB-7CF1-42C5-B6FC-01AD344D1F74}.Ad-Hoc|ARM.Build.0 = Release|Any CPU
		{26A695DB-7CF1-42C5-B6FC-01AD344D1F74}.Ad-Hoc|iPhone.ActiveCfg = Release|Any CPU
		{26A695DB-7CF1-42C5-B6FC-01AD344D1F74}.Ad-Hoc|iPhone.Build.0 = Release|Any CPU
		{26A695DB-7CF1-42C5-B6FC-01AD344D1F74}.Ad-Hoc|iPhoneSimulator.ActiveCfg = Release|Any CPU
		{26A695DB-7CF1-42C5-B6FC-01AD344D1F74}.Ad-Hoc|iPhoneSimulator.Build.0 = Release|Any CPU
		{26A695DB-7CF1-42C5-B6FC-01AD344D1F74}.Ad-Hoc|x64.ActiveCfg = Debug|Any CPU
		{26A695DB-7CF1-42C5-B6FC-01AD344D1F74}.Ad-Hoc|x64.Build.0 = Debug|Any CPU
		{26A695DB-7CF1-42C5-B6FC-01AD344D1F74}.Ad-Hoc|x86.ActiveCfg = Release|Any CPU
		{26A695DB-7CF1-42C5-B6FC-01AD344D1F74}.Ad-Hoc|x86.Build.0 = Release|Any CPU
		{26A695DB-7CF1-42C5-B6FC-01AD344D1F74}.AppStore|Any CPU.ActiveCfg = Release|Any CPU
		{26A695DB-7CF1-42C5-B6FC-01AD344D1F74}.AppStore|Any CPU.Build.0 = Release|Any CPU
		{26A695DB-7CF1-42C5-B6FC-01AD344D1F74}.AppStore|ARM.ActiveCfg = Release|Any CPU
		{26A695DB-7CF1-42C5-B6FC-01AD344D1F74}.AppStore|ARM.Build.0 = Release|Any CPU
		{26A695DB-7CF1-42C5-B6FC-01AD344D1F74}.AppStore|iPhone.ActiveCfg = Release|Any CPU
		{26A695DB-7CF1-42C5-B6FC-01AD344D1F74}.AppStore|iPhone.Build.0 = Release|Any CPU
		{26A695DB-7CF1-42C5-B6FC-01AD344D1F74}.AppStore|iPhoneSimulator.ActiveCfg = Release|Any CPU
		{26A695DB-7CF1-42C5-B6FC-01AD344D1F74}.AppStore|iPhoneSimulator.Build.0 = Release|Any CPU
		{26A695DB-7CF1-42C5-B6FC-01AD344D1F74}.AppStore|x64.ActiveCfg = Debug|Any CPU
		{26A695DB-7CF1-42C5-B6FC-01AD344D1F74}.AppStore|x64.Build.0 = Debug|Any CPU
		{26A695DB-7CF1-42C5-B6FC-01AD344D1F74}.AppStore|x86.ActiveCfg = Release|Any CPU
		{26A695DB-7CF1-42C5-B6FC-01AD344D1F74}.AppStore|x86.Build.0 = Release|Any CPU
		{26A695DB-7CF1-42C5-B6FC-01AD344D1F74}.Debug|Any CPU.ActiveCfg = Debug|Any CPU
		{26A695DB-7CF1-42C5-B6FC-01AD344D1F74}.Debug|Any CPU.Build.0 = Debug|Any CPU
		{26A695DB-7CF1-42C5-B6FC-01AD344D1F74}.Debug|ARM.ActiveCfg = Debug|Any CPU
		{26A695DB-7CF1-42C5-B6FC-01AD344D1F74}.Debug|ARM.Build.0 = Debug|Any CPU
		{26A695DB-7CF1-42C5-B6FC-01AD344D1F74}.Debug|iPhone.ActiveCfg = Debug|Any CPU
		{26A695DB-7CF1-42C5-B6FC-01AD344D1F74}.Debug|iPhone.Build.0 = Debug|Any CPU
		{26A695DB-7CF1-42C5-B6FC-01AD344D1F74}.Debug|iPhoneSimulator.ActiveCfg = Debug|Any CPU
		{26A695DB-7CF1-42C5-B6FC-01AD344D1F74}.Debug|iPhoneSimulator.Build.0 = Debug|Any CPU
		{26A695DB-7CF1-42C5-B6FC-01AD344D1F74}.Debug|x64.ActiveCfg = Debug|Any CPU
		{26A695DB-7CF1-42C5-B6FC-01AD344D1F74}.Debug|x64.Build.0 = Debug|Any CPU
		{26A695DB-7CF1-42C5-B6FC-01AD344D1F74}.Debug|x86.ActiveCfg = Debug|Any CPU
		{26A695DB-7CF1-42C5-B6FC-01AD344D1F74}.Debug|x86.Build.0 = Debug|Any CPU
		{26A695DB-7CF1-42C5-B6FC-01AD344D1F74}.Release|Any CPU.ActiveCfg = Release|Any CPU
		{26A695DB-7CF1-42C5-B6FC-01AD344D1F74}.Release|Any CPU.Build.0 = Release|Any CPU
		{26A695DB-7CF1-42C5-B6FC-01AD344D1F74}.Release|ARM.ActiveCfg = Release|Any CPU
		{26A695DB-7CF1-42C5-B6FC-01AD344D1F74}.Release|ARM.Build.0 = Release|Any CPU
		{26A695DB-7CF1-42C5-B6FC-01AD344D1F74}.Release|iPhone.ActiveCfg = Release|Any CPU
		{26A695DB-7CF1-42C5-B6FC-01AD344D1F74}.Release|iPhone.Build.0 = Release|Any CPU
		{26A695DB-7CF1-42C5-B6FC-01AD344D1F74}.Release|iPhoneSimulator.ActiveCfg = Release|Any CPU
		{26A695DB-7CF1-42C5-B6FC-01AD344D1F74}.Release|iPhoneSimulator.Build.0 = Release|Any CPU
		{26A695DB-7CF1-42C5-B6FC-01AD344D1F74}.Release|x64.ActiveCfg = Release|Any CPU
		{26A695DB-7CF1-42C5-B6FC-01AD344D1F74}.Release|x64.Build.0 = Release|Any CPU
		{26A695DB-7CF1-42C5-B6FC-01AD344D1F74}.Release|x86.ActiveCfg = Release|Any CPU
		{26A695DB-7CF1-42C5-B6FC-01AD344D1F74}.Release|x86.Build.0 = Release|Any CPU
		{8A018C57-5C89-4B49-9B20-18A258AAEA8D}.Ad-Hoc|Any CPU.ActiveCfg = Release|Any CPU
		{8A018C57-5C89-4B49-9B20-18A258AAEA8D}.Ad-Hoc|Any CPU.Build.0 = Release|Any CPU
		{8A018C57-5C89-4B49-9B20-18A258AAEA8D}.Ad-Hoc|Any CPU.Deploy.0 = Release|Any CPU
		{8A018C57-5C89-4B49-9B20-18A258AAEA8D}.Ad-Hoc|ARM.ActiveCfg = Release|ARM
		{8A018C57-5C89-4B49-9B20-18A258AAEA8D}.Ad-Hoc|ARM.Build.0 = Release|ARM
		{8A018C57-5C89-4B49-9B20-18A258AAEA8D}.Ad-Hoc|ARM.Deploy.0 = Release|ARM
		{8A018C57-5C89-4B49-9B20-18A258AAEA8D}.Ad-Hoc|iPhone.ActiveCfg = Release|Any CPU
		{8A018C57-5C89-4B49-9B20-18A258AAEA8D}.Ad-Hoc|iPhone.Build.0 = Release|Any CPU
		{8A018C57-5C89-4B49-9B20-18A258AAEA8D}.Ad-Hoc|iPhone.Deploy.0 = Release|Any CPU
		{8A018C57-5C89-4B49-9B20-18A258AAEA8D}.Ad-Hoc|iPhoneSimulator.ActiveCfg = Release|Any CPU
		{8A018C57-5C89-4B49-9B20-18A258AAEA8D}.Ad-Hoc|iPhoneSimulator.Build.0 = Release|Any CPU
		{8A018C57-5C89-4B49-9B20-18A258AAEA8D}.Ad-Hoc|iPhoneSimulator.Deploy.0 = Release|Any CPU
		{8A018C57-5C89-4B49-9B20-18A258AAEA8D}.Ad-Hoc|x64.ActiveCfg = Release|Any CPU
		{8A018C57-5C89-4B49-9B20-18A258AAEA8D}.Ad-Hoc|x64.Build.0 = Release|Any CPU
		{8A018C57-5C89-4B49-9B20-18A258AAEA8D}.Ad-Hoc|x64.Deploy.0 = Release|Any CPU
		{8A018C57-5C89-4B49-9B20-18A258AAEA8D}.Ad-Hoc|x86.ActiveCfg = Release|x86
		{8A018C57-5C89-4B49-9B20-18A258AAEA8D}.Ad-Hoc|x86.Build.0 = Release|x86
		{8A018C57-5C89-4B49-9B20-18A258AAEA8D}.Ad-Hoc|x86.Deploy.0 = Release|x86
		{8A018C57-5C89-4B49-9B20-18A258AAEA8D}.AppStore|Any CPU.ActiveCfg = Release|Any CPU
		{8A018C57-5C89-4B49-9B20-18A258AAEA8D}.AppStore|Any CPU.Build.0 = Release|Any CPU
		{8A018C57-5C89-4B49-9B20-18A258AAEA8D}.AppStore|Any CPU.Deploy.0 = Release|Any CPU
		{8A018C57-5C89-4B49-9B20-18A258AAEA8D}.AppStore|ARM.ActiveCfg = Release|ARM
		{8A018C57-5C89-4B49-9B20-18A258AAEA8D}.AppStore|ARM.Build.0 = Release|ARM
		{8A018C57-5C89-4B49-9B20-18A258AAEA8D}.AppStore|ARM.Deploy.0 = Release|ARM
		{8A018C57-5C89-4B49-9B20-18A258AAEA8D}.AppStore|iPhone.ActiveCfg = Release|Any CPU
		{8A018C57-5C89-4B49-9B20-18A258AAEA8D}.AppStore|iPhone.Build.0 = Release|Any CPU
		{8A018C57-5C89-4B49-9B20-18A258AAEA8D}.AppStore|iPhone.Deploy.0 = Release|Any CPU
		{8A018C57-5C89-4B49-9B20-18A258AAEA8D}.AppStore|iPhoneSimulator.ActiveCfg = Release|Any CPU
		{8A018C57-5C89-4B49-9B20-18A258AAEA8D}.AppStore|iPhoneSimulator.Build.0 = Release|Any CPU
		{8A018C57-5C89-4B49-9B20-18A258AAEA8D}.AppStore|iPhoneSimulator.Deploy.0 = Release|Any CPU
		{8A018C57-5C89-4B49-9B20-18A258AAEA8D}.AppStore|x64.ActiveCfg = Release|Any CPU
		{8A018C57-5C89-4B49-9B20-18A258AAEA8D}.AppStore|x64.Build.0 = Release|Any CPU
		{8A018C57-5C89-4B49-9B20-18A258AAEA8D}.AppStore|x64.Deploy.0 = Release|Any CPU
		{8A018C57-5C89-4B49-9B20-18A258AAEA8D}.AppStore|x86.ActiveCfg = Release|x86
		{8A018C57-5C89-4B49-9B20-18A258AAEA8D}.AppStore|x86.Build.0 = Release|x86
		{8A018C57-5C89-4B49-9B20-18A258AAEA8D}.AppStore|x86.Deploy.0 = Release|x86
		{8A018C57-5C89-4B49-9B20-18A258AAEA8D}.Debug|Any CPU.ActiveCfg = Debug|Any CPU
		{8A018C57-5C89-4B49-9B20-18A258AAEA8D}.Debug|Any CPU.Build.0 = Debug|Any CPU
		{8A018C57-5C89-4B49-9B20-18A258AAEA8D}.Debug|Any CPU.Deploy.0 = Debug|Any CPU
		{8A018C57-5C89-4B49-9B20-18A258AAEA8D}.Debug|ARM.ActiveCfg = Debug|ARM
		{8A018C57-5C89-4B49-9B20-18A258AAEA8D}.Debug|ARM.Build.0 = Debug|ARM
		{8A018C57-5C89-4B49-9B20-18A258AAEA8D}.Debug|ARM.Deploy.0 = Debug|ARM
		{8A018C57-5C89-4B49-9B20-18A258AAEA8D}.Debug|iPhone.ActiveCfg = Debug|Any CPU
		{8A018C57-5C89-4B49-9B20-18A258AAEA8D}.Debug|iPhone.Build.0 = Debug|Any CPU
		{8A018C57-5C89-4B49-9B20-18A258AAEA8D}.Debug|iPhone.Deploy.0 = Debug|Any CPU
		{8A018C57-5C89-4B49-9B20-18A258AAEA8D}.Debug|iPhoneSimulator.ActiveCfg = Debug|Any CPU
		{8A018C57-5C89-4B49-9B20-18A258AAEA8D}.Debug|iPhoneSimulator.Build.0 = Debug|Any CPU
		{8A018C57-5C89-4B49-9B20-18A258AAEA8D}.Debug|iPhoneSimulator.Deploy.0 = Debug|Any CPU
		{8A018C57-5C89-4B49-9B20-18A258AAEA8D}.Debug|x64.ActiveCfg = Debug|Any CPU
		{8A018C57-5C89-4B49-9B20-18A258AAEA8D}.Debug|x64.Build.0 = Debug|Any CPU
		{8A018C57-5C89-4B49-9B20-18A258AAEA8D}.Debug|x64.Deploy.0 = Debug|Any CPU
		{8A018C57-5C89-4B49-9B20-18A258AAEA8D}.Debug|x86.ActiveCfg = Debug|x86
		{8A018C57-5C89-4B49-9B20-18A258AAEA8D}.Debug|x86.Build.0 = Debug|x86
		{8A018C57-5C89-4B49-9B20-18A258AAEA8D}.Debug|x86.Deploy.0 = Debug|x86
		{8A018C57-5C89-4B49-9B20-18A258AAEA8D}.Release|Any CPU.ActiveCfg = Release|Any CPU
		{8A018C57-5C89-4B49-9B20-18A258AAEA8D}.Release|Any CPU.Build.0 = Release|Any CPU
		{8A018C57-5C89-4B49-9B20-18A258AAEA8D}.Release|Any CPU.Deploy.0 = Release|Any CPU
		{8A018C57-5C89-4B49-9B20-18A258AAEA8D}.Release|ARM.ActiveCfg = Release|ARM
		{8A018C57-5C89-4B49-9B20-18A258AAEA8D}.Release|ARM.Build.0 = Release|ARM
		{8A018C57-5C89-4B49-9B20-18A258AAEA8D}.Release|ARM.Deploy.0 = Release|ARM
		{8A018C57-5C89-4B49-9B20-18A258AAEA8D}.Release|iPhone.ActiveCfg = Release|Any CPU
		{8A018C57-5C89-4B49-9B20-18A258AAEA8D}.Release|iPhone.Build.0 = Release|Any CPU
		{8A018C57-5C89-4B49-9B20-18A258AAEA8D}.Release|iPhone.Deploy.0 = Release|Any CPU
		{8A018C57-5C89-4B49-9B20-18A258AAEA8D}.Release|iPhoneSimulator.ActiveCfg = Release|Any CPU
		{8A018C57-5C89-4B49-9B20-18A258AAEA8D}.Release|iPhoneSimulator.Build.0 = Release|Any CPU
		{8A018C57-5C89-4B49-9B20-18A258AAEA8D}.Release|iPhoneSimulator.Deploy.0 = Release|Any CPU
		{8A018C57-5C89-4B49-9B20-18A258AAEA8D}.Release|x64.ActiveCfg = Release|Any CPU
		{8A018C57-5C89-4B49-9B20-18A258AAEA8D}.Release|x64.Build.0 = Release|Any CPU
		{8A018C57-5C89-4B49-9B20-18A258AAEA8D}.Release|x64.Deploy.0 = Release|Any CPU
		{8A018C57-5C89-4B49-9B20-18A258AAEA8D}.Release|x86.ActiveCfg = Release|x86
		{8A018C57-5C89-4B49-9B20-18A258AAEA8D}.Release|x86.Build.0 = Release|x86
		{8A018C57-5C89-4B49-9B20-18A258AAEA8D}.Release|x86.Deploy.0 = Release|x86
		{C6FD73C3-D3B5-46FC-9F6C-0D09B625F577}.Ad-Hoc|Any CPU.ActiveCfg = Release|Any CPU
		{C6FD73C3-D3B5-46FC-9F6C-0D09B625F577}.Ad-Hoc|Any CPU.Build.0 = Release|Any CPU
		{C6FD73C3-D3B5-46FC-9F6C-0D09B625F577}.Ad-Hoc|Any CPU.Deploy.0 = Release|Any CPU
		{C6FD73C3-D3B5-46FC-9F6C-0D09B625F577}.Ad-Hoc|ARM.ActiveCfg = Release|ARM
		{C6FD73C3-D3B5-46FC-9F6C-0D09B625F577}.Ad-Hoc|ARM.Build.0 = Release|ARM
		{C6FD73C3-D3B5-46FC-9F6C-0D09B625F577}.Ad-Hoc|ARM.Deploy.0 = Release|ARM
		{C6FD73C3-D3B5-46FC-9F6C-0D09B625F577}.Ad-Hoc|iPhone.ActiveCfg = Release|Any CPU
		{C6FD73C3-D3B5-46FC-9F6C-0D09B625F577}.Ad-Hoc|iPhone.Build.0 = Release|Any CPU
		{C6FD73C3-D3B5-46FC-9F6C-0D09B625F577}.Ad-Hoc|iPhone.Deploy.0 = Release|Any CPU
		{C6FD73C3-D3B5-46FC-9F6C-0D09B625F577}.Ad-Hoc|iPhoneSimulator.ActiveCfg = Release|Any CPU
		{C6FD73C3-D3B5-46FC-9F6C-0D09B625F577}.Ad-Hoc|iPhoneSimulator.Build.0 = Release|Any CPU
		{C6FD73C3-D3B5-46FC-9F6C-0D09B625F577}.Ad-Hoc|iPhoneSimulator.Deploy.0 = Release|Any CPU
		{C6FD73C3-D3B5-46FC-9F6C-0D09B625F577}.Ad-Hoc|x64.ActiveCfg = Release|x64
		{C6FD73C3-D3B5-46FC-9F6C-0D09B625F577}.Ad-Hoc|x64.Build.0 = Release|x64
		{C6FD73C3-D3B5-46FC-9F6C-0D09B625F577}.Ad-Hoc|x64.Deploy.0 = Release|x64
		{C6FD73C3-D3B5-46FC-9F6C-0D09B625F577}.Ad-Hoc|x86.ActiveCfg = Release|x86
		{C6FD73C3-D3B5-46FC-9F6C-0D09B625F577}.Ad-Hoc|x86.Build.0 = Release|x86
		{C6FD73C3-D3B5-46FC-9F6C-0D09B625F577}.Ad-Hoc|x86.Deploy.0 = Release|x86
		{C6FD73C3-D3B5-46FC-9F6C-0D09B625F577}.AppStore|Any CPU.ActiveCfg = Release|Any CPU
		{C6FD73C3-D3B5-46FC-9F6C-0D09B625F577}.AppStore|Any CPU.Build.0 = Release|Any CPU
		{C6FD73C3-D3B5-46FC-9F6C-0D09B625F577}.AppStore|Any CPU.Deploy.0 = Release|Any CPU
		{C6FD73C3-D3B5-46FC-9F6C-0D09B625F577}.AppStore|ARM.ActiveCfg = Release|ARM
		{C6FD73C3-D3B5-46FC-9F6C-0D09B625F577}.AppStore|ARM.Build.0 = Release|ARM
		{C6FD73C3-D3B5-46FC-9F6C-0D09B625F577}.AppStore|ARM.Deploy.0 = Release|ARM
		{C6FD73C3-D3B5-46FC-9F6C-0D09B625F577}.AppStore|iPhone.ActiveCfg = Release|Any CPU
		{C6FD73C3-D3B5-46FC-9F6C-0D09B625F577}.AppStore|iPhone.Build.0 = Release|Any CPU
		{C6FD73C3-D3B5-46FC-9F6C-0D09B625F577}.AppStore|iPhone.Deploy.0 = Release|Any CPU
		{C6FD73C3-D3B5-46FC-9F6C-0D09B625F577}.AppStore|iPhoneSimulator.ActiveCfg = Release|Any CPU
		{C6FD73C3-D3B5-46FC-9F6C-0D09B625F577}.AppStore|iPhoneSimulator.Build.0 = Release|Any CPU
		{C6FD73C3-D3B5-46FC-9F6C-0D09B625F577}.AppStore|iPhoneSimulator.Deploy.0 = Release|Any CPU
		{C6FD73C3-D3B5-46FC-9F6C-0D09B625F577}.AppStore|x64.ActiveCfg = Release|x64
		{C6FD73C3-D3B5-46FC-9F6C-0D09B625F577}.AppStore|x64.Build.0 = Release|x64
		{C6FD73C3-D3B5-46FC-9F6C-0D09B625F577}.AppStore|x64.Deploy.0 = Release|x64
		{C6FD73C3-D3B5-46FC-9F6C-0D09B625F577}.AppStore|x86.ActiveCfg = Release|x86
		{C6FD73C3-D3B5-46FC-9F6C-0D09B625F577}.AppStore|x86.Build.0 = Release|x86
		{C6FD73C3-D3B5-46FC-9F6C-0D09B625F577}.AppStore|x86.Deploy.0 = Release|x86
		{C6FD73C3-D3B5-46FC-9F6C-0D09B625F577}.Debug|Any CPU.ActiveCfg = Debug|Any CPU
		{C6FD73C3-D3B5-46FC-9F6C-0D09B625F577}.Debug|Any CPU.Build.0 = Debug|Any CPU
		{C6FD73C3-D3B5-46FC-9F6C-0D09B625F577}.Debug|Any CPU.Deploy.0 = Debug|Any CPU
		{C6FD73C3-D3B5-46FC-9F6C-0D09B625F577}.Debug|ARM.ActiveCfg = Debug|ARM
		{C6FD73C3-D3B5-46FC-9F6C-0D09B625F577}.Debug|ARM.Build.0 = Debug|ARM
		{C6FD73C3-D3B5-46FC-9F6C-0D09B625F577}.Debug|ARM.Deploy.0 = Debug|ARM
		{C6FD73C3-D3B5-46FC-9F6C-0D09B625F577}.Debug|iPhone.ActiveCfg = Debug|Any CPU
		{C6FD73C3-D3B5-46FC-9F6C-0D09B625F577}.Debug|iPhone.Build.0 = Debug|Any CPU
		{C6FD73C3-D3B5-46FC-9F6C-0D09B625F577}.Debug|iPhone.Deploy.0 = Debug|Any CPU
		{C6FD73C3-D3B5-46FC-9F6C-0D09B625F577}.Debug|iPhoneSimulator.ActiveCfg = Debug|Any CPU
		{C6FD73C3-D3B5-46FC-9F6C-0D09B625F577}.Debug|iPhoneSimulator.Build.0 = Debug|Any CPU
		{C6FD73C3-D3B5-46FC-9F6C-0D09B625F577}.Debug|iPhoneSimulator.Deploy.0 = Debug|Any CPU
		{C6FD73C3-D3B5-46FC-9F6C-0D09B625F577}.Debug|x64.ActiveCfg = Debug|x64
		{C6FD73C3-D3B5-46FC-9F6C-0D09B625F577}.Debug|x64.Build.0 = Debug|x64
		{C6FD73C3-D3B5-46FC-9F6C-0D09B625F577}.Debug|x64.Deploy.0 = Debug|x64
		{C6FD73C3-D3B5-46FC-9F6C-0D09B625F577}.Debug|x86.ActiveCfg = Debug|x86
		{C6FD73C3-D3B5-46FC-9F6C-0D09B625F577}.Debug|x86.Build.0 = Debug|x86
		{C6FD73C3-D3B5-46FC-9F6C-0D09B625F577}.Debug|x86.Deploy.0 = Debug|x86
		{C6FD73C3-D3B5-46FC-9F6C-0D09B625F577}.Release|Any CPU.ActiveCfg = Release|Any CPU
		{C6FD73C3-D3B5-46FC-9F6C-0D09B625F577}.Release|Any CPU.Build.0 = Release|Any CPU
		{C6FD73C3-D3B5-46FC-9F6C-0D09B625F577}.Release|Any CPU.Deploy.0 = Release|Any CPU
		{C6FD73C3-D3B5-46FC-9F6C-0D09B625F577}.Release|ARM.ActiveCfg = Release|ARM
		{C6FD73C3-D3B5-46FC-9F6C-0D09B625F577}.Release|ARM.Build.0 = Release|ARM
		{C6FD73C3-D3B5-46FC-9F6C-0D09B625F577}.Release|ARM.Deploy.0 = Release|ARM
		{C6FD73C3-D3B5-46FC-9F6C-0D09B625F577}.Release|iPhone.ActiveCfg = Release|Any CPU
		{C6FD73C3-D3B5-46FC-9F6C-0D09B625F577}.Release|iPhone.Build.0 = Release|Any CPU
		{C6FD73C3-D3B5-46FC-9F6C-0D09B625F577}.Release|iPhone.Deploy.0 = Release|Any CPU
		{C6FD73C3-D3B5-46FC-9F6C-0D09B625F577}.Release|iPhoneSimulator.ActiveCfg = Release|Any CPU
		{C6FD73C3-D3B5-46FC-9F6C-0D09B625F577}.Release|iPhoneSimulator.Build.0 = Release|Any CPU
		{C6FD73C3-D3B5-46FC-9F6C-0D09B625F577}.Release|iPhoneSimulator.Deploy.0 = Release|Any CPU
		{C6FD73C3-D3B5-46FC-9F6C-0D09B625F577}.Release|x64.ActiveCfg = Release|x64
		{C6FD73C3-D3B5-46FC-9F6C-0D09B625F577}.Release|x64.Build.0 = Release|x64
		{C6FD73C3-D3B5-46FC-9F6C-0D09B625F577}.Release|x64.Deploy.0 = Release|x64
		{C6FD73C3-D3B5-46FC-9F6C-0D09B625F577}.Release|x86.ActiveCfg = Release|x86
		{C6FD73C3-D3B5-46FC-9F6C-0D09B625F577}.Release|x86.Build.0 = Release|x86
		{C6FD73C3-D3B5-46FC-9F6C-0D09B625F577}.Release|x86.Deploy.0 = Release|x86
		{5F4472B4-0D8E-4745-ABD5-30420FAEBEC0}.Ad-Hoc|Any CPU.ActiveCfg = Release|x86
		{5F4472B4-0D8E-4745-ABD5-30420FAEBEC0}.Ad-Hoc|Any CPU.Build.0 = Release|x86
		{5F4472B4-0D8E-4745-ABD5-30420FAEBEC0}.Ad-Hoc|Any CPU.Deploy.0 = Release|x86
		{5F4472B4-0D8E-4745-ABD5-30420FAEBEC0}.Ad-Hoc|ARM.ActiveCfg = Release|ARM
		{5F4472B4-0D8E-4745-ABD5-30420FAEBEC0}.Ad-Hoc|ARM.Build.0 = Release|ARM
		{5F4472B4-0D8E-4745-ABD5-30420FAEBEC0}.Ad-Hoc|ARM.Deploy.0 = Release|ARM
		{5F4472B4-0D8E-4745-ABD5-30420FAEBEC0}.Ad-Hoc|iPhone.ActiveCfg = Release|x86
		{5F4472B4-0D8E-4745-ABD5-30420FAEBEC0}.Ad-Hoc|iPhone.Build.0 = Release|x86
		{5F4472B4-0D8E-4745-ABD5-30420FAEBEC0}.Ad-Hoc|iPhone.Deploy.0 = Release|x86
		{5F4472B4-0D8E-4745-ABD5-30420FAEBEC0}.Ad-Hoc|iPhoneSimulator.ActiveCfg = Release|x86
		{5F4472B4-0D8E-4745-ABD5-30420FAEBEC0}.Ad-Hoc|iPhoneSimulator.Build.0 = Release|x86
		{5F4472B4-0D8E-4745-ABD5-30420FAEBEC0}.Ad-Hoc|iPhoneSimulator.Deploy.0 = Release|x86
		{5F4472B4-0D8E-4745-ABD5-30420FAEBEC0}.Ad-Hoc|x64.ActiveCfg = Release|x64
		{5F4472B4-0D8E-4745-ABD5-30420FAEBEC0}.Ad-Hoc|x64.Build.0 = Release|x64
		{5F4472B4-0D8E-4745-ABD5-30420FAEBEC0}.Ad-Hoc|x64.Deploy.0 = Release|x64
		{5F4472B4-0D8E-4745-ABD5-30420FAEBEC0}.Ad-Hoc|x86.ActiveCfg = Release|x86
		{5F4472B4-0D8E-4745-ABD5-30420FAEBEC0}.Ad-Hoc|x86.Build.0 = Release|x86
		{5F4472B4-0D8E-4745-ABD5-30420FAEBEC0}.Ad-Hoc|x86.Deploy.0 = Release|x86
		{5F4472B4-0D8E-4745-ABD5-30420FAEBEC0}.AppStore|Any CPU.ActiveCfg = Release|x86
		{5F4472B4-0D8E-4745-ABD5-30420FAEBEC0}.AppStore|Any CPU.Build.0 = Release|x86
		{5F4472B4-0D8E-4745-ABD5-30420FAEBEC0}.AppStore|Any CPU.Deploy.0 = Release|x86
		{5F4472B4-0D8E-4745-ABD5-30420FAEBEC0}.AppStore|ARM.ActiveCfg = Release|ARM
		{5F4472B4-0D8E-4745-ABD5-30420FAEBEC0}.AppStore|ARM.Build.0 = Release|ARM
		{5F4472B4-0D8E-4745-ABD5-30420FAEBEC0}.AppStore|ARM.Deploy.0 = Release|ARM
		{5F4472B4-0D8E-4745-ABD5-30420FAEBEC0}.AppStore|iPhone.ActiveCfg = Release|x86
		{5F4472B4-0D8E-4745-ABD5-30420FAEBEC0}.AppStore|iPhone.Build.0 = Release|x86
		{5F4472B4-0D8E-4745-ABD5-30420FAEBEC0}.AppStore|iPhone.Deploy.0 = Release|x86
		{5F4472B4-0D8E-4745-ABD5-30420FAEBEC0}.AppStore|iPhoneSimulator.ActiveCfg = Release|x86
		{5F4472B4-0D8E-4745-ABD5-30420FAEBEC0}.AppStore|iPhoneSimulator.Build.0 = Release|x86
		{5F4472B4-0D8E-4745-ABD5-30420FAEBEC0}.AppStore|iPhoneSimulator.Deploy.0 = Release|x86
		{5F4472B4-0D8E-4745-ABD5-30420FAEBEC0}.AppStore|x64.ActiveCfg = Release|x64
		{5F4472B4-0D8E-4745-ABD5-30420FAEBEC0}.AppStore|x64.Build.0 = Release|x64
		{5F4472B4-0D8E-4745-ABD5-30420FAEBEC0}.AppStore|x64.Deploy.0 = Release|x64
		{5F4472B4-0D8E-4745-ABD5-30420FAEBEC0}.AppStore|x86.ActiveCfg = Release|x86
		{5F4472B4-0D8E-4745-ABD5-30420FAEBEC0}.AppStore|x86.Build.0 = Release|x86
		{5F4472B4-0D8E-4745-ABD5-30420FAEBEC0}.AppStore|x86.Deploy.0 = Release|x86
		{5F4472B4-0D8E-4745-ABD5-30420FAEBEC0}.Debug|Any CPU.ActiveCfg = Debug|x86
		{5F4472B4-0D8E-4745-ABD5-30420FAEBEC0}.Debug|Any CPU.Build.0 = Debug|x86
		{5F4472B4-0D8E-4745-ABD5-30420FAEBEC0}.Debug|Any CPU.Deploy.0 = Debug|x86
		{5F4472B4-0D8E-4745-ABD5-30420FAEBEC0}.Debug|ARM.ActiveCfg = Debug|ARM
		{5F4472B4-0D8E-4745-ABD5-30420FAEBEC0}.Debug|ARM.Build.0 = Debug|ARM
		{5F4472B4-0D8E-4745-ABD5-30420FAEBEC0}.Debug|ARM.Deploy.0 = Debug|ARM
		{5F4472B4-0D8E-4745-ABD5-30420FAEBEC0}.Debug|iPhone.ActiveCfg = Debug|x86
		{5F4472B4-0D8E-4745-ABD5-30420FAEBEC0}.Debug|iPhoneSimulator.ActiveCfg = Debug|x86
		{5F4472B4-0D8E-4745-ABD5-30420FAEBEC0}.Debug|x64.ActiveCfg = Debug|x64
		{5F4472B4-0D8E-4745-ABD5-30420FAEBEC0}.Debug|x64.Build.0 = Debug|x64
		{5F4472B4-0D8E-4745-ABD5-30420FAEBEC0}.Debug|x64.Deploy.0 = Debug|x64
		{5F4472B4-0D8E-4745-ABD5-30420FAEBEC0}.Debug|x86.ActiveCfg = Debug|x86
		{5F4472B4-0D8E-4745-ABD5-30420FAEBEC0}.Debug|x86.Build.0 = Debug|x86
		{5F4472B4-0D8E-4745-ABD5-30420FAEBEC0}.Debug|x86.Deploy.0 = Debug|x86
		{5F4472B4-0D8E-4745-ABD5-30420FAEBEC0}.Release|Any CPU.ActiveCfg = Release|x86
		{5F4472B4-0D8E-4745-ABD5-30420FAEBEC0}.Release|ARM.ActiveCfg = Release|ARM
		{5F4472B4-0D8E-4745-ABD5-30420FAEBEC0}.Release|ARM.Build.0 = Release|ARM
		{5F4472B4-0D8E-4745-ABD5-30420FAEBEC0}.Release|ARM.Deploy.0 = Release|ARM
		{5F4472B4-0D8E-4745-ABD5-30420FAEBEC0}.Release|iPhone.ActiveCfg = Release|x86
		{5F4472B4-0D8E-4745-ABD5-30420FAEBEC0}.Release|iPhoneSimulator.ActiveCfg = Release|x86
		{5F4472B4-0D8E-4745-ABD5-30420FAEBEC0}.Release|x64.ActiveCfg = Release|x64
		{5F4472B4-0D8E-4745-ABD5-30420FAEBEC0}.Release|x64.Build.0 = Release|x64
		{5F4472B4-0D8E-4745-ABD5-30420FAEBEC0}.Release|x64.Deploy.0 = Release|x64
		{5F4472B4-0D8E-4745-ABD5-30420FAEBEC0}.Release|x86.ActiveCfg = Release|x86
		{5F4472B4-0D8E-4745-ABD5-30420FAEBEC0}.Release|x86.Build.0 = Release|x86
		{5F4472B4-0D8E-4745-ABD5-30420FAEBEC0}.Release|x86.Deploy.0 = Release|x86
	EndGlobalSection
	GlobalSection(SolutionProperties) = preSolution
		HideSolutionNode = FALSE
	EndGlobalSection
	GlobalSection(NestedProjects) = preSolution
		{01990CF4-677A-49EB-A75A-1F7D73EB95B0} = {3AF0DF0C-0D0B-456F-8A59-2F94DEF96588}
		{F0A63CF3-1528-4895-88E1-20D1FB62CCE9} = {3AF0DF0C-0D0B-456F-8A59-2F94DEF96588}
		{26A695DB-7CF1-42C5-B6FC-01AD344D1F74} = {3AF0DF0C-0D0B-456F-8A59-2F94DEF96588}
		{8A018C57-5C89-4B49-9B20-18A258AAEA8D} = {3AF0DF0C-0D0B-456F-8A59-2F94DEF96588}
		{C6FD73C3-D3B5-46FC-9F6C-0D09B625F577} = {3AF0DF0C-0D0B-456F-8A59-2F94DEF96588}
		{5F4472B4-0D8E-4745-ABD5-30420FAEBEC0} = {3AF0DF0C-0D0B-456F-8A59-2F94DEF96588}
	EndGlobalSection
EndGlobal
