
Microsoft Visual Studio Solution File, Format Version 12.00
# Visual Studio 14
VisualStudioVersion = 14.0.25123.0
MinimumVisualStudioVersion = 10.0.40219.1
Project("{FAE04EC0-301F-11D3-BF4B-00C04F79EFBC}") = "XF_TabbedPage", "XF_TabbedPage\XF_TabbedPage\XF_TabbedPage.csproj", "{55F52C82-7461-4766-AECB-DA5739778F71}"
EndProject
Project("{FAE04EC0-301F-11D3-BF4B-00C04F79EFBC}") = "XF_TabbedPage.Droid", "XF_TabbedPage\XF_TabbedPage.Droid\XF_TabbedPage.Droid.csproj", "{A629E205-E90A-4FCF-ACBD-DCCC1D32FC75}"
EndProject
Project("{FAE04EC0-301F-11D3-BF4B-00C04F79EFBC}") = "XF_TabbedPage.iOS", "XF_TabbedPage\XF_TabbedPage.iOS\XF_TabbedPage.iOS.csproj", "{5A548F9C-9F07-4BAD-9FCF-1C529815B8DF}"
EndProject
Project("{FAE04EC0-301F-11D3-BF4B-00C04F79EFBC}") = "XF_TabbedPage.UWP", "XF_TabbedPage\XF_TabbedPage.UWP\XF_TabbedPage.UWP.csproj", "{870B1009-0DA3-473A-8CDB-F32C37907A02}"
EndProject
Global
	GlobalSection(SolutionConfigurationPlatforms) = preSolution
		Ad-Hoc|Any CPU = Ad-Hoc|Any CPU
		Ad-Hoc|ARM = Ad-Hoc|ARM
		Ad-Hoc|iPhone = Ad-Hoc|iPhone
		Ad-Hoc|iPhoneSimulator = Ad-Hoc|iPhoneSimulator
		Ad-Hoc|x64 = Ad-Hoc|x64
		Ad-Hoc|x86 = Ad-Hoc|x86
		AppStore|Any CPU = AppStore|Any CPU
		AppStore|ARM = AppStore|ARM
		AppStore|iPhone = AppStore|iPhone
		AppStore|iPhoneSimulator = AppStore|iPhoneSimulator
		AppStore|x64 = AppStore|x64
		AppStore|x86 = AppStore|x86
		Debug|Any CPU = Debug|Any CPU
		Debug|ARM = Debug|ARM
		Debug|iPhone = Debug|iPhone
		Debug|iPhoneSimulator = Debug|iPhoneSimulator
		Debug|x64 = Debug|x64
		Debug|x86 = Debug|x86
		Release|Any CPU = Release|Any CPU
		Release|ARM = Release|ARM
		Release|iPhone = Release|iPhone
		Release|iPhoneSimulator = Release|iPhoneSimulator
		Release|x64 = Release|x64
		Release|x86 = Release|x86
	EndGlobalSection
	GlobalSection(ProjectConfigurationPlatforms) = postSolution
		{55F52C82-7461-4766-AECB-DA5739778F71}.Ad-Hoc|Any CPU.ActiveCfg = Release|Any CPU
		{55F52C82-7461-4766-AECB-DA5739778F71}.Ad-Hoc|Any CPU.Build.0 = Release|Any CPU
		{55F52C82-7461-4766-AECB-DA5739778F71}.Ad-Hoc|ARM.ActiveCfg = Release|Any CPU
		{55F52C82-7461-4766-AECB-DA5739778F71}.Ad-Hoc|ARM.Build.0 = Release|Any CPU
		{55F52C82-7461-4766-AECB-DA5739778F71}.Ad-Hoc|iPhone.ActiveCfg = Release|Any CPU
		{55F52C82-7461-4766-AECB-DA5739778F71}.Ad-Hoc|iPhone.Build.0 = Release|Any CPU
		{55F52C82-7461-4766-AECB-DA5739778F71}.Ad-Hoc|iPhoneSimulator.ActiveCfg = Release|Any CPU
		{55F52C82-7461-4766-AECB-DA5739778F71}.Ad-Hoc|iPhoneSimulator.Build.0 = Release|Any CPU
		{55F52C82-7461-4766-AECB-DA5739778F71}.Ad-Hoc|x64.ActiveCfg = Release|Any CPU
		{55F52C82-7461-4766-AECB-DA5739778F71}.Ad-Hoc|x64.Build.0 = Release|Any CPU
		{55F52C82-7461-4766-AECB-DA5739778F71}.Ad-Hoc|x86.ActiveCfg = Release|Any CPU
		{55F52C82-7461-4766-AECB-DA5739778F71}.Ad-Hoc|x86.Build.0 = Release|Any CPU
		{55F52C82-7461-4766-AECB-DA5739778F71}.AppStore|Any CPU.ActiveCfg = Release|Any CPU
		{55F52C82-7461-4766-AECB-DA5739778F71}.AppStore|Any CPU.Build.0 = Release|Any CPU
		{55F52C82-7461-4766-AECB-DA5739778F71}.AppStore|ARM.ActiveCfg = Release|Any CPU
		{55F52C82-7461-4766-AECB-DA5739778F71}.AppStore|ARM.Build.0 = Release|Any CPU
		{55F52C82-7461-4766-AECB-DA5739778F71}.AppStore|iPhone.ActiveCfg = Release|Any CPU
		{55F52C82-7461-4766-AECB-DA5739778F71}.AppStore|iPhone.Build.0 = Release|Any CPU
		{55F52C82-7461-4766-AECB-DA5739778F71}.AppStore|iPhoneSimulator.ActiveCfg = Release|Any CPU
		{55F52C82-7461-4766-AECB-DA5739778F71}.AppStore|iPhoneSimulator.Build.0 = Release|Any CPU
		{55F52C82-7461-4766-AECB-DA5739778F71}.AppStore|x64.ActiveCfg = Release|Any CPU
		{55F52C82-7461-4766-AECB-DA5739778F71}.AppStore|x64.Build.0 = Release|Any CPU
		{55F52C82-7461-4766-AECB-DA5739778F71}.AppStore|x86.ActiveCfg = Release|Any CPU
		{55F52C82-7461-4766-AECB-DA5739778F71}.AppStore|x86.Build.0 = Release|Any CPU
		{55F52C82-7461-4766-AECB-DA5739778F71}.Debug|Any CPU.ActiveCfg = Debug|Any CPU
		{55F52C82-7461-4766-AECB-DA5739778F71}.Debug|Any CPU.Build.0 = Debug|Any CPU
		{55F52C82-7461-4766-AECB-DA5739778F71}.Debug|ARM.ActiveCfg = Debug|Any CPU
		{55F52C82-7461-4766-AECB-DA5739778F71}.Debug|ARM.Build.0 = Debug|Any CPU
		{55F52C82-7461-4766-AECB-DA5739778F71}.Debug|iPhone.ActiveCfg = Debug|Any CPU
		{55F52C82-7461-4766-AECB-DA5739778F71}.Debug|iPhone.Build.0 = Debug|Any CPU
		{55F52C82-7461-4766-AECB-DA5739778F71}.Debug|iPhoneSimulator.ActiveCfg = Debug|Any CPU
		{55F52C82-7461-4766-AECB-DA5739778F71}.Debug|iPhoneSimulator.Build.0 = Debug|Any CPU
		{55F52C82-7461-4766-AECB-DA5739778F71}.Debug|x64.ActiveCfg = Debug|Any CPU
		{55F52C82-7461-4766-AECB-DA5739778F71}.Debug|x64.Build.0 = Debug|Any CPU
		{55F52C82-7461-4766-AECB-DA5739778F71}.Debug|x86.ActiveCfg = Debug|Any CPU
		{55F52C82-7461-4766-AECB-DA5739778F71}.Debug|x86.Build.0 = Debug|Any CPU
		{55F52C82-7461-4766-AECB-DA5739778F71}.Release|Any CPU.ActiveCfg = Release|Any CPU
		{55F52C82-7461-4766-AECB-DA5739778F71}.Release|Any CPU.Build.0 = Release|Any CPU
		{55F52C82-7461-4766-AECB-DA5739778F71}.Release|ARM.ActiveCfg = Release|Any CPU
		{55F52C82-7461-4766-AECB-DA5739778F71}.Release|ARM.Build.0 = Release|Any CPU
		{55F52C82-7461-4766-AECB-DA5739778F71}.Release|iPhone.ActiveCfg = Release|Any CPU
		{55F52C82-7461-4766-AECB-DA5739778F71}.Release|iPhone.Build.0 = Release|Any CPU
		{55F52C82-7461-4766-AECB-DA5739778F71}.Release|iPhoneSimulator.ActiveCfg = Release|Any CPU
		{55F52C82-7461-4766-AECB-DA5739778F71}.Release|iPhoneSimulator.Build.0 = Release|Any CPU
		{55F52C82-7461-4766-AECB-DA5739778F71}.Release|x64.ActiveCfg = Release|Any CPU
		{55F52C82-7461-4766-AECB-DA5739778F71}.Release|x64.Build.0 = Release|Any CPU
		{55F52C82-7461-4766-AECB-DA5739778F71}.Release|x86.ActiveCfg = Release|Any CPU
		{55F52C82-7461-4766-AECB-DA5739778F71}.Release|x86.Build.0 = Release|Any CPU
		{A629E205-E90A-4FCF-ACBD-DCCC1D32FC75}.Ad-Hoc|Any CPU.ActiveCfg = Release|Any CPU
		{A629E205-E90A-4FCF-ACBD-DCCC1D32FC75}.Ad-Hoc|Any CPU.Build.0 = Release|Any CPU
		{A629E205-E90A-4FCF-ACBD-DCCC1D32FC75}.Ad-Hoc|Any CPU.Deploy.0 = Release|Any CPU
		{A629E205-E90A-4FCF-ACBD-DCCC1D32FC75}.Ad-Hoc|ARM.ActiveCfg = Release|Any CPU
		{A629E205-E90A-4FCF-ACBD-DCCC1D32FC75}.Ad-Hoc|ARM.Build.0 = Release|Any CPU
		{A629E205-E90A-4FCF-ACBD-DCCC1D32FC75}.Ad-Hoc|ARM.Deploy.0 = Release|Any CPU
		{A629E205-E90A-4FCF-ACBD-DCCC1D32FC75}.Ad-Hoc|iPhone.ActiveCfg = Release|Any CPU
		{A629E205-E90A-4FCF-ACBD-DCCC1D32FC75}.Ad-Hoc|iPhone.Build.0 = Release|Any CPU
		{A629E205-E90A-4FCF-ACBD-DCCC1D32FC75}.Ad-Hoc|iPhone.Deploy.0 = Release|Any CPU
		{A629E205-E90A-4FCF-ACBD-DCCC1D32FC75}.Ad-Hoc|iPhoneSimulator.ActiveCfg = Release|Any CPU
		{A629E205-E90A-4FCF-ACBD-DCCC1D32FC75}.Ad-Hoc|iPhoneSimulator.Build.0 = Release|Any CPU
		{A629E205-E90A-4FCF-ACBD-DCCC1D32FC75}.Ad-Hoc|iPhoneSimulator.Deploy.0 = Release|Any CPU
		{A629E205-E90A-4FCF-ACBD-DCCC1D32FC75}.Ad-Hoc|x64.ActiveCfg = Release|Any CPU
		{A629E205-E90A-4FCF-ACBD-DCCC1D32FC75}.Ad-Hoc|x64.Build.0 = Release|Any CPU
		{A629E205-E90A-4FCF-ACBD-DCCC1D32FC75}.Ad-Hoc|x64.Deploy.0 = Release|Any CPU
		{A629E205-E90A-4FCF-ACBD-DCCC1D32FC75}.Ad-Hoc|x86.ActiveCfg = Release|Any CPU
		{A629E205-E90A-4FCF-ACBD-DCCC1D32FC75}.Ad-Hoc|x86.Build.0 = Release|Any CPU
		{A629E205-E90A-4FCF-ACBD-DCCC1D32FC75}.Ad-Hoc|x86.Deploy.0 = Release|Any CPU
		{A629E205-E90A-4FCF-ACBD-DCCC1D32FC75}.AppStore|Any CPU.ActiveCfg = Release|Any CPU
		{A629E205-E90A-4FCF-ACBD-DCCC1D32FC75}.AppStore|Any CPU.Build.0 = Release|Any CPU
		{A629E205-E90A-4FCF-ACBD-DCCC1D32FC75}.AppStore|Any CPU.Deploy.0 = Release|Any CPU
		{A629E205-E90A-4FCF-ACBD-DCCC1D32FC75}.AppStore|ARM.ActiveCfg = Release|Any CPU
		{A629E205-E90A-4FCF-ACBD-DCCC1D32FC75}.AppStore|ARM.Build.0 = Release|Any CPU
		{A629E205-E90A-4FCF-ACBD-DCCC1D32FC75}.AppStore|ARM.Deploy.0 = Release|Any CPU
		{A629E205-E90A-4FCF-ACBD-DCCC1D32FC75}.AppStore|iPhone.ActiveCfg = Release|Any CPU
		{A629E205-E90A-4FCF-ACBD-DCCC1D32FC75}.AppStore|iPhone.Build.0 = Release|Any CPU
		{A629E205-E90A-4FCF-ACBD-DCCC1D32FC75}.AppStore|iPhone.Deploy.0 = Release|Any CPU
		{A629E205-E90A-4FCF-ACBD-DCCC1D32FC75}.AppStore|iPhoneSimulator.ActiveCfg = Release|Any CPU
		{A629E205-E90A-4FCF-ACBD-DCCC1D32FC75}.AppStore|iPhoneSimulator.Build.0 = Release|Any CPU
		{A629E205-E90A-4FCF-ACBD-DCCC1D32FC75}.AppStore|iPhoneSimulator.Deploy.0 = Release|Any CPU
		{A629E205-E90A-4FCF-ACBD-DCCC1D32FC75}.AppStore|x64.ActiveCfg = Release|Any CPU
		{A629E205-E90A-4FCF-ACBD-DCCC1D32FC75}.AppStore|x64.Build.0 = Release|Any CPU
		{A629E205-E90A-4FCF-ACBD-DCCC1D32FC75}.AppStore|x64.Deploy.0 = Release|Any CPU
		{A629E205-E90A-4FCF-ACBD-DCCC1D32FC75}.AppStore|x86.ActiveCfg = Release|Any CPU
		{A629E205-E90A-4FCF-ACBD-DCCC1D32FC75}.AppStore|x86.Build.0 = Release|Any CPU
		{A629E205-E90A-4FCF-ACBD-DCCC1D32FC75}.AppStore|x86.Deploy.0 = Release|Any CPU
		{A629E205-E90A-4FCF-ACBD-DCCC1D32FC75}.Debug|Any CPU.ActiveCfg = Debug|Any CPU
		{A629E205-E90A-4FCF-ACBD-DCCC1D32FC75}.Debug|Any CPU.Build.0 = Debug|Any CPU
		{A629E205-E90A-4FCF-ACBD-DCCC1D32FC75}.Debug|Any CPU.Deploy.0 = Debug|Any CPU
		{A629E205-E90A-4FCF-ACBD-DCCC1D32FC75}.Debug|ARM.ActiveCfg = Debug|Any CPU
		{A629E205-E90A-4FCF-ACBD-DCCC1D32FC75}.Debug|ARM.Build.0 = Debug|Any CPU
		{A629E205-E90A-4FCF-ACBD-DCCC1D32FC75}.Debug|ARM.Deploy.0 = Debug|Any CPU
		{A629E205-E90A-4FCF-ACBD-DCCC1D32FC75}.Debug|iPhone.ActiveCfg = Debug|Any CPU
		{A629E205-E90A-4FCF-ACBD-DCCC1D32FC75}.Debug|iPhone.Build.0 = Debug|Any CPU
		{A629E205-E90A-4FCF-ACBD-DCCC1D32FC75}.Debug|iPhone.Deploy.0 = Debug|Any CPU
		{A629E205-E90A-4FCF-ACBD-DCCC1D32FC75}.Debug|iPhoneSimulator.ActiveCfg = Debug|Any CPU
		{A629E205-E90A-4FCF-ACBD-DCCC1D32FC75}.Debug|iPhoneSimulator.Build.0 = Debug|Any CPU
		{A629E205-E90A-4FCF-ACBD-DCCC1D32FC75}.Debug|iPhoneSimulator.Deploy.0 = Debug|Any CPU
		{A629E205-E90A-4FCF-ACBD-DCCC1D32FC75}.Debug|x64.ActiveCfg = Debug|Any CPU
		{A629E205-E90A-4FCF-ACBD-DCCC1D32FC75}.Debug|x64.Build.0 = Debug|Any CPU
		{A629E205-E90A-4FCF-ACBD-DCCC1D32FC75}.Debug|x64.Deploy.0 = Debug|Any CPU
		{A629E205-E90A-4FCF-ACBD-DCCC1D32FC75}.Debug|x86.ActiveCfg = Debug|Any CPU
		{A629E205-E90A-4FCF-ACBD-DCCC1D32FC75}.Debug|x86.Build.0 = Debug|Any CPU
		{A629E205-E90A-4FCF-ACBD-DCCC1D32FC75}.Debug|x86.Deploy.0 = Debug|Any CPU
		{A629E205-E90A-4FCF-ACBD-DCCC1D32FC75}.Release|Any CPU.ActiveCfg = Release|Any CPU
		{A629E205-E90A-4FCF-ACBD-DCCC1D32FC75}.Release|Any CPU.Build.0 = Release|Any CPU
		{A629E205-E90A-4FCF-ACBD-DCCC1D32FC75}.Release|Any CPU.Deploy.0 = Release|Any CPU
		{A629E205-E90A-4FCF-ACBD-DCCC1D32FC75}.Release|ARM.ActiveCfg = Release|Any CPU
		{A629E205-E90A-4FCF-ACBD-DCCC1D32FC75}.Release|ARM.Build.0 = Release|Any CPU
		{A629E205-E90A-4FCF-ACBD-DCCC1D32FC75}.Release|ARM.Deploy.0 = Release|Any CPU
		{A629E205-E90A-4FCF-ACBD-DCCC1D32FC75}.Release|iPhone.ActiveCfg = Release|Any CPU
		{A629E205-E90A-4FCF-ACBD-DCCC1D32FC75}.Release|iPhone.Build.0 = Release|Any CPU
		{A629E205-E90A-4FCF-ACBD-DCCC1D32FC75}.Release|iPhone.Deploy.0 = Release|Any CPU
		{A629E205-E90A-4FCF-ACBD-DCCC1D32FC75}.Release|iPhoneSimulator.ActiveCfg = Release|Any CPU
		{A629E205-E90A-4FCF-ACBD-DCCC1D32FC75}.Release|iPhoneSimulator.Build.0 = Release|Any CPU
		{A629E205-E90A-4FCF-ACBD-DCCC1D32FC75}.Release|iPhoneSimulator.Deploy.0 = Release|Any CPU
		{A629E205-E90A-4FCF-ACBD-DCCC1D32FC75}.Release|x64.ActiveCfg = Release|Any CPU
		{A629E205-E90A-4FCF-ACBD-DCCC1D32FC75}.Release|x64.Build.0 = Release|Any CPU
		{A629E205-E90A-4FCF-ACBD-DCCC1D32FC75}.Release|x64.Deploy.0 = Release|Any CPU
		{A629E205-E90A-4FCF-ACBD-DCCC1D32FC75}.Release|x86.ActiveCfg = Release|Any CPU
		{A629E205-E90A-4FCF-ACBD-DCCC1D32FC75}.Release|x86.Build.0 = Release|Any CPU
		{A629E205-E90A-4FCF-ACBD-DCCC1D32FC75}.Release|x86.Deploy.0 = Release|Any CPU
		{5A548F9C-9F07-4BAD-9FCF-1C529815B8DF}.Ad-Hoc|Any CPU.ActiveCfg = Ad-Hoc|iPhone
		{5A548F9C-9F07-4BAD-9FCF-1C529815B8DF}.Ad-Hoc|ARM.ActiveCfg = Ad-Hoc|iPhone
		{5A548F9C-9F07-4BAD-9FCF-1C529815B8DF}.Ad-Hoc|iPhone.ActiveCfg = Ad-Hoc|iPhone
		{5A548F9C-9F07-4BAD-9FCF-1C529815B8DF}.Ad-Hoc|iPhone.Build.0 = Ad-Hoc|iPhone
		{5A548F9C-9F07-4BAD-9FCF-1C529815B8DF}.Ad-Hoc|iPhoneSimulator.ActiveCfg = Ad-Hoc|iPhoneSimulator
		{5A548F9C-9F07-4BAD-9FCF-1C529815B8DF}.Ad-Hoc|iPhoneSimulator.Build.0 = Ad-Hoc|iPhoneSimulator
		{5A548F9C-9F07-4BAD-9FCF-1C529815B8DF}.Ad-Hoc|x64.ActiveCfg = Ad-Hoc|iPhone
		{5A548F9C-9F07-4BAD-9FCF-1C529815B8DF}.Ad-Hoc|x86.ActiveCfg = Ad-Hoc|iPhone
		{5A548F9C-9F07-4BAD-9FCF-1C529815B8DF}.AppStore|Any CPU.ActiveCfg = AppStore|iPhone
		{5A548F9C-9F07-4BAD-9FCF-1C529815B8DF}.AppStore|ARM.ActiveCfg = AppStore|iPhone
		{5A548F9C-9F07-4BAD-9FCF-1C529815B8DF}.AppStore|iPhone.ActiveCfg = AppStore|iPhone
		{5A548F9C-9F07-4BAD-9FCF-1C529815B8DF}.AppStore|iPhone.Build.0 = AppStore|iPhone
		{5A548F9C-9F07-4BAD-9FCF-1C529815B8DF}.AppStore|iPhoneSimulator.ActiveCfg = AppStore|iPhoneSimulator
		{5A548F9C-9F07-4BAD-9FCF-1C529815B8DF}.AppStore|iPhoneSimulator.Build.0 = AppStore|iPhoneSimulator
		{5A548F9C-9F07-4BAD-9FCF-1C529815B8DF}.AppStore|x64.ActiveCfg = AppStore|iPhone
		{5A548F9C-9F07-4BAD-9FCF-1C529815B8DF}.AppStore|x86.ActiveCfg = AppStore|iPhone
		{5A548F9C-9F07-4BAD-9FCF-1C529815B8DF}.Debug|Any CPU.ActiveCfg = Debug|iPhone
		{5A548F9C-9F07-4BAD-9FCF-1C529815B8DF}.Debug|ARM.ActiveCfg = Debug|iPhone
		{5A548F9C-9F07-4BAD-9FCF-1C529815B8DF}.Debug|iPhone.ActiveCfg = Debug|iPhone
		{5A548F9C-9F07-4BAD-9FCF-1C529815B8DF}.Debug|iPhone.Build.0 = Debug|iPhone
		{5A548F9C-9F07-4BAD-9FCF-1C529815B8DF}.Debug|iPhoneSimulator.ActiveCfg = Debug|iPhoneSimulator
		{5A548F9C-9F07-4BAD-9FCF-1C529815B8DF}.Debug|iPhoneSimulator.Build.0 = Debug|iPhoneSimulator
		{5A548F9C-9F07-4BAD-9FCF-1C529815B8DF}.Debug|x64.ActiveCfg = Debug|iPhone
		{5A548F9C-9F07-4BAD-9FCF-1C529815B8DF}.Debug|x86.ActiveCfg = Debug|iPhone
		{5A548F9C-9F07-4BAD-9FCF-1C529815B8DF}.Release|Any CPU.ActiveCfg = Release|iPhone
		{5A548F9C-9F07-4BAD-9FCF-1C529815B8DF}.Release|ARM.ActiveCfg = Release|iPhone
		{5A548F9C-9F07-4BAD-9FCF-1C529815B8DF}.Release|iPhone.ActiveCfg = Release|iPhone
		{5A548F9C-9F07-4BAD-9FCF-1C529815B8DF}.Release|iPhone.Build.0 = Release|iPhone
		{5A548F9C-9F07-4BAD-9FCF-1C529815B8DF}.Release|iPhoneSimulator.ActiveCfg = Release|iPhoneSimulator
		{5A548F9C-9F07-4BAD-9FCF-1C529815B8DF}.Release|iPhoneSimulator.Build.0 = Release|iPhoneSimulator
		{5A548F9C-9F07-4BAD-9FCF-1C529815B8DF}.Release|x64.ActiveCfg = Release|iPhone
		{5A548F9C-9F07-4BAD-9FCF-1C529815B8DF}.Release|x86.ActiveCfg = Release|iPhone
		{870B1009-0DA3-473A-8CDB-F32C37907A02}.Ad-Hoc|Any CPU.ActiveCfg = Release|x86
		{870B1009-0DA3-473A-8CDB-F32C37907A02}.Ad-Hoc|Any CPU.Build.0 = Release|x86
		{870B1009-0DA3-473A-8CDB-F32C37907A02}.Ad-Hoc|Any CPU.Deploy.0 = Release|x86
		{870B1009-0DA3-473A-8CDB-F32C37907A02}.Ad-Hoc|ARM.ActiveCfg = Release|ARM
		{870B1009-0DA3-473A-8CDB-F32C37907A02}.Ad-Hoc|ARM.Build.0 = Release|ARM
		{870B1009-0DA3-473A-8CDB-F32C37907A02}.Ad-Hoc|ARM.Deploy.0 = Release|ARM
		{870B1009-0DA3-473A-8CDB-F32C37907A02}.Ad-Hoc|iPhone.ActiveCfg = Release|x86
		{870B1009-0DA3-473A-8CDB-F32C37907A02}.Ad-Hoc|iPhone.Build.0 = Release|x86
		{870B1009-0DA3-473A-8CDB-F32C37907A02}.Ad-Hoc|iPhone.Deploy.0 = Release|x86
		{870B1009-0DA3-473A-8CDB-F32C37907A02}.Ad-Hoc|iPhoneSimulator.ActiveCfg = Release|x86
		{870B1009-0DA3-473A-8CDB-F32C37907A02}.Ad-Hoc|iPhoneSimulator.Build.0 = Release|x86
		{870B1009-0DA3-473A-8CDB-F32C37907A02}.Ad-Hoc|iPhoneSimulator.Deploy.0 = Release|x86
		{870B1009-0DA3-473A-8CDB-F32C37907A02}.Ad-Hoc|x64.ActiveCfg = Release|x64
		{870B1009-0DA3-473A-8CDB-F32C37907A02}.Ad-Hoc|x64.Build.0 = Release|x64
		{870B1009-0DA3-473A-8CDB-F32C37907A02}.Ad-Hoc|x64.Deploy.0 = Release|x64
		{870B1009-0DA3-473A-8CDB-F32C37907A02}.Ad-Hoc|x86.ActiveCfg = Release|x86
		{870B1009-0DA3-473A-8CDB-F32C37907A02}.Ad-Hoc|x86.Build.0 = Release|x86
		{870B1009-0DA3-473A-8CDB-F32C37907A02}.Ad-Hoc|x86.Deploy.0 = Release|x86
		{870B1009-0DA3-473A-8CDB-F32C37907A02}.AppStore|Any CPU.ActiveCfg = Release|x86
		{870B1009-0DA3-473A-8CDB-F32C37907A02}.AppStore|Any CPU.Build.0 = Release|x86
		{870B1009-0DA3-473A-8CDB-F32C37907A02}.AppStore|Any CPU.Deploy.0 = Release|x86
		{870B1009-0DA3-473A-8CDB-F32C37907A02}.AppStore|ARM.ActiveCfg = Release|ARM
		{870B1009-0DA3-473A-8CDB-F32C37907A02}.AppStore|ARM.Build.0 = Release|ARM
		{870B1009-0DA3-473A-8CDB-F32C37907A02}.AppStore|ARM.Deploy.0 = Release|ARM
		{870B1009-0DA3-473A-8CDB-F32C37907A02}.AppStore|iPhone.ActiveCfg = Release|x86
		{870B1009-0DA3-473A-8CDB-F32C37907A02}.AppStore|iPhone.Build.0 = Release|x86
		{870B1009-0DA3-473A-8CDB-F32C37907A02}.AppStore|iPhone.Deploy.0 = Release|x86
		{870B1009-0DA3-473A-8CDB-F32C37907A02}.AppStore|iPhoneSimulator.ActiveCfg = Release|x86
		{870B1009-0DA3-473A-8CDB-F32C37907A02}.AppStore|iPhoneSimulator.Build.0 = Release|x86
		{870B1009-0DA3-473A-8CDB-F32C37907A02}.AppStore|iPhoneSimulator.Deploy.0 = Release|x86
		{870B1009-0DA3-473A-8CDB-F32C37907A02}.AppStore|x64.ActiveCfg = Release|x64
		{870B1009-0DA3-473A-8CDB-F32C37907A02}.AppStore|x64.Build.0 = Release|x64
		{870B1009-0DA3-473A-8CDB-F32C37907A02}.AppStore|x64.Deploy.0 = Release|x64
		{870B1009-0DA3-473A-8CDB-F32C37907A02}.AppStore|x86.ActiveCfg = Release|x86
		{870B1009-0DA3-473A-8CDB-F32C37907A02}.AppStore|x86.Build.0 = Release|x86
		{870B1009-0DA3-473A-8CDB-F32C37907A02}.AppStore|x86.Deploy.0 = Release|x86
		{870B1009-0DA3-473A-8CDB-F32C37907A02}.Debug|Any CPU.ActiveCfg = Debug|x86
		{870B1009-0DA3-473A-8CDB-F32C37907A02}.Debug|Any CPU.Build.0 = Debug|x86
		{870B1009-0DA3-473A-8CDB-F32C37907A02}.Debug|Any CPU.Deploy.0 = Debug|x86
		{870B1009-0DA3-473A-8CDB-F32C37907A02}.Debug|ARM.ActiveCfg = Debug|ARM
		{870B1009-0DA3-473A-8CDB-F32C37907A02}.Debug|ARM.Build.0 = Debug|ARM
		{870B1009-0DA3-473A-8CDB-F32C37907A02}.Debug|ARM.Deploy.0 = Debug|ARM
		{870B1009-0DA3-473A-8CDB-F32C37907A02}.Debug|iPhone.ActiveCfg = Debug|x86
		{870B1009-0DA3-473A-8CDB-F32C37907A02}.Debug|iPhoneSimulator.ActiveCfg = Debug|x86
		{870B1009-0DA3-473A-8CDB-F32C37907A02}.Debug|x64.ActiveCfg = Debug|x64
		{870B1009-0DA3-473A-8CDB-F32C37907A02}.Debug|x64.Build.0 = Debug|x64
		{870B1009-0DA3-473A-8CDB-F32C37907A02}.Debug|x64.Deploy.0 = Debug|x64
		{870B1009-0DA3-473A-8CDB-F32C37907A02}.Debug|x86.ActiveCfg = Debug|x86
		{870B1009-0DA3-473A-8CDB-F32C37907A02}.Debug|x86.Build.0 = Debug|x86
		{870B1009-0DA3-473A-8CDB-F32C37907A02}.Debug|x86.Deploy.0 = Debug|x86
		{870B1009-0DA3-473A-8CDB-F32C37907A02}.Release|Any CPU.ActiveCfg = Release|x86
		{870B1009-0DA3-473A-8CDB-F32C37907A02}.Release|ARM.ActiveCfg = Release|ARM
		{870B1009-0DA3-473A-8CDB-F32C37907A02}.Release|ARM.Build.0 = Release|ARM
		{870B1009-0DA3-473A-8CDB-F32C37907A02}.Release|ARM.Deploy.0 = Release|ARM
		{870B1009-0DA3-473A-8CDB-F32C37907A02}.Release|iPhone.ActiveCfg = Release|x86
		{870B1009-0DA3-473A-8CDB-F32C37907A02}.Release|iPhoneSimulator.ActiveCfg = Release|x86
		{870B1009-0DA3-473A-8CDB-F32C37907A02}.Release|x64.ActiveCfg = Release|x64
		{870B1009-0DA3-473A-8CDB-F32C37907A02}.Release|x64.Build.0 = Release|x64
		{870B1009-0DA3-473A-8CDB-F32C37907A02}.Release|x64.Deploy.0 = Release|x64
		{870B1009-0DA3-473A-8CDB-F32C37907A02}.Release|x86.ActiveCfg = Release|x86
		{870B1009-0DA3-473A-8CDB-F32C37907A02}.Release|x86.Build.0 = Release|x86
		{870B1009-0DA3-473A-8CDB-F32C37907A02}.Release|x86.Deploy.0 = Release|x86
	EndGlobalSection
	GlobalSection(SolutionProperties) = preSolution
		HideSolutionNode = FALSE
	EndGlobalSection
EndGlobal
