
Microsoft Visual Studio Solution File, Format Version 12.00
# Visual Studio 2013
VisualStudioVersion = 12.0.31101.0
MinimumVisualStudioVersion = 10.0.40219.1
Project("{FAE04EC0-301F-11D3-BF4B-00C04F79EFBC}") = "XF_DataSaveSample", "XF_DataSaveSample\XF_DataSaveSample\XF_DataSaveSample.csproj", "{D4A31927-DFA0-467F-AE79-62F12FF9E2E8}"
EndProject
Project("{FAE04EC0-301F-11D3-BF4B-00C04F79EFBC}") = "XF_DataSaveSample.iOS", "XF_DataSaveSample\XF_DataSaveSample.iOS\XF_DataSaveSample.iOS.csproj", "{5C0521FB-FF3A-4A9C-B839-A3E88A0E9DD3}"
EndProject
Project("{FAE04EC0-301F-11D3-BF4B-00C04F79EFBC}") = "XF_DataSaveSample.Droid", "XF_DataSaveSample\XF_DataSaveSample.Droid\XF_DataSaveSample.Droid.csproj", "{444C90C4-7A3A-43F3-A8E7-75C203C7A2DC}"
EndProject
Project("{FAE04EC0-301F-11D3-BF4B-00C04F79EFBC}") = "XF_DataSaveSample.WinPhone", "XF_DataSaveSample\XF_DataSaveSample.WinPhone\XF_DataSaveSample.WinPhone.csproj", "{08006CBC-10BD-41FF-9865-7EBB88F3E31C}"
EndProject
Global
	GlobalSection(SolutionConfigurationPlatforms) = preSolution
		Ad-Hoc|Any CPU = Ad-Hoc|Any CPU
		Ad-Hoc|ARM = Ad-Hoc|ARM
		Ad-Hoc|iPhone = Ad-Hoc|iPhone
		Ad-Hoc|iPhoneSimulator = Ad-Hoc|iPhoneSimulator
		Ad-Hoc|Mixed Platforms = Ad-Hoc|Mixed Platforms
		Ad-Hoc|x86 = Ad-Hoc|x86
		AppStore|Any CPU = AppStore|Any CPU
		AppStore|ARM = AppStore|ARM
		AppStore|iPhone = AppStore|iPhone
		AppStore|iPhoneSimulator = AppStore|iPhoneSimulator
		AppStore|Mixed Platforms = AppStore|Mixed Platforms
		AppStore|x86 = AppStore|x86
		Debug|Any CPU = Debug|Any CPU
		Debug|ARM = Debug|ARM
		Debug|iPhone = Debug|iPhone
		Debug|iPhoneSimulator = Debug|iPhoneSimulator
		Debug|Mixed Platforms = Debug|Mixed Platforms
		Debug|x86 = Debug|x86
		Release|Any CPU = Release|Any CPU
		Release|ARM = Release|ARM
		Release|iPhone = Release|iPhone
		Release|iPhoneSimulator = Release|iPhoneSimulator
		Release|Mixed Platforms = Release|Mixed Platforms
		Release|x86 = Release|x86
	EndGlobalSection
	GlobalSection(ProjectConfigurationPlatforms) = postSolution
		{D4A31927-DFA0-467F-AE79-62F12FF9E2E8}.Ad-Hoc|Any CPU.ActiveCfg = Release|Any CPU
		{D4A31927-DFA0-467F-AE79-62F12FF9E2E8}.Ad-Hoc|Any CPU.Build.0 = Release|Any CPU
		{D4A31927-DFA0-467F-AE79-62F12FF9E2E8}.Ad-Hoc|ARM.ActiveCfg = Release|Any CPU
		{D4A31927-DFA0-467F-AE79-62F12FF9E2E8}.Ad-Hoc|iPhone.ActiveCfg = Release|Any CPU
		{D4A31927-DFA0-467F-AE79-62F12FF9E2E8}.Ad-Hoc|iPhoneSimulator.ActiveCfg = Release|Any CPU
		{D4A31927-DFA0-467F-AE79-62F12FF9E2E8}.Ad-Hoc|Mixed Platforms.ActiveCfg = Release|Any CPU
		{D4A31927-DFA0-467F-AE79-62F12FF9E2E8}.Ad-Hoc|Mixed Platforms.Build.0 = Release|Any CPU
		{D4A31927-DFA0-467F-AE79-62F12FF9E2E8}.Ad-Hoc|x86.ActiveCfg = Release|Any CPU
		{D4A31927-DFA0-467F-AE79-62F12FF9E2E8}.AppStore|Any CPU.ActiveCfg = Release|Any CPU
		{D4A31927-DFA0-467F-AE79-62F12FF9E2E8}.AppStore|Any CPU.Build.0 = Release|Any CPU
		{D4A31927-DFA0-467F-AE79-62F12FF9E2E8}.AppStore|ARM.ActiveCfg = Release|Any CPU
		{D4A31927-DFA0-467F-AE79-62F12FF9E2E8}.AppStore|iPhone.ActiveCfg = Release|Any CPU
		{D4A31927-DFA0-467F-AE79-62F12FF9E2E8}.AppStore|iPhoneSimulator.ActiveCfg = Release|Any CPU
		{D4A31927-DFA0-467F-AE79-62F12FF9E2E8}.AppStore|Mixed Platforms.ActiveCfg = Release|Any CPU
		{D4A31927-DFA0-467F-AE79-62F12FF9E2E8}.AppStore|Mixed Platforms.Build.0 = Release|Any CPU
		{D4A31927-DFA0-467F-AE79-62F12FF9E2E8}.AppStore|x86.ActiveCfg = Release|Any CPU
		{D4A31927-DFA0-467F-AE79-62F12FF9E2E8}.Debug|Any CPU.ActiveCfg = Debug|Any CPU
		{D4A31927-DFA0-467F-AE79-62F12FF9E2E8}.Debug|Any CPU.Build.0 = Debug|Any CPU
		{D4A31927-DFA0-467F-AE79-62F12FF9E2E8}.Debug|ARM.ActiveCfg = Debug|Any CPU
		{D4A31927-DFA0-467F-AE79-62F12FF9E2E8}.Debug|iPhone.ActiveCfg = Debug|Any CPU
		{D4A31927-DFA0-467F-AE79-62F12FF9E2E8}.Debug|iPhoneSimulator.ActiveCfg = Debug|Any CPU
		{D4A31927-DFA0-467F-AE79-62F12FF9E2E8}.Debug|iPhoneSimulator.Build.0 = Debug|Any CPU
		{D4A31927-DFA0-467F-AE79-62F12FF9E2E8}.Debug|Mixed Platforms.ActiveCfg = Debug|Any CPU
		{D4A31927-DFA0-467F-AE79-62F12FF9E2E8}.Debug|Mixed Platforms.Build.0 = Debug|Any CPU
		{D4A31927-DFA0-467F-AE79-62F12FF9E2E8}.Debug|x86.ActiveCfg = Debug|Any CPU
		{D4A31927-DFA0-467F-AE79-62F12FF9E2E8}.Release|Any CPU.ActiveCfg = Release|Any CPU
		{D4A31927-DFA0-467F-AE79-62F12FF9E2E8}.Release|Any CPU.Build.0 = Release|Any CPU
		{D4A31927-DFA0-467F-AE79-62F12FF9E2E8}.Release|ARM.ActiveCfg = Release|Any CPU
		{D4A31927-DFA0-467F-AE79-62F12FF9E2E8}.Release|iPhone.ActiveCfg = Release|Any CPU
		{D4A31927-DFA0-467F-AE79-62F12FF9E2E8}.Release|iPhoneSimulator.ActiveCfg = Release|Any CPU
		{D4A31927-DFA0-467F-AE79-62F12FF9E2E8}.Release|Mixed Platforms.ActiveCfg = Release|Any CPU
		{D4A31927-DFA0-467F-AE79-62F12FF9E2E8}.Release|Mixed Platforms.Build.0 = Release|Any CPU
		{D4A31927-DFA0-467F-AE79-62F12FF9E2E8}.Release|x86.ActiveCfg = Release|Any CPU
		{5C0521FB-FF3A-4A9C-B839-A3E88A0E9DD3}.Ad-Hoc|Any CPU.ActiveCfg = Ad-Hoc|iPhone
		{5C0521FB-FF3A-4A9C-B839-A3E88A0E9DD3}.Ad-Hoc|ARM.ActiveCfg = Ad-Hoc|iPhone
		{5C0521FB-FF3A-4A9C-B839-A3E88A0E9DD3}.Ad-Hoc|iPhone.ActiveCfg = Ad-Hoc|iPhone
		{5C0521FB-FF3A-4A9C-B839-A3E88A0E9DD3}.Ad-Hoc|iPhone.Build.0 = Ad-Hoc|iPhone
		{5C0521FB-FF3A-4A9C-B839-A3E88A0E9DD3}.Ad-Hoc|iPhoneSimulator.ActiveCfg = Ad-Hoc|iPhoneSimulator
		{5C0521FB-FF3A-4A9C-B839-A3E88A0E9DD3}.Ad-Hoc|iPhoneSimulator.Build.0 = Ad-Hoc|iPhoneSimulator
		{5C0521FB-FF3A-4A9C-B839-A3E88A0E9DD3}.Ad-Hoc|Mixed Platforms.ActiveCfg = Ad-Hoc|iPhone
		{5C0521FB-FF3A-4A9C-B839-A3E88A0E9DD3}.Ad-Hoc|Mixed Platforms.Build.0 = Ad-Hoc|iPhone
		{5C0521FB-FF3A-4A9C-B839-A3E88A0E9DD3}.Ad-Hoc|x86.ActiveCfg = Ad-Hoc|iPhone
		{5C0521FB-FF3A-4A9C-B839-A3E88A0E9DD3}.AppStore|Any CPU.ActiveCfg = AppStore|iPhone
		{5C0521FB-FF3A-4A9C-B839-A3E88A0E9DD3}.AppStore|ARM.ActiveCfg = AppStore|iPhone
		{5C0521FB-FF3A-4A9C-B839-A3E88A0E9DD3}.AppStore|iPhone.ActiveCfg = AppStore|iPhone
		{5C0521FB-FF3A-4A9C-B839-A3E88A0E9DD3}.AppStore|iPhone.Build.0 = AppStore|iPhone
		{5C0521FB-FF3A-4A9C-B839-A3E88A0E9DD3}.AppStore|iPhoneSimulator.ActiveCfg = AppStore|iPhoneSimulator
		{5C0521FB-FF3A-4A9C-B839-A3E88A0E9DD3}.AppStore|iPhoneSimulator.Build.0 = AppStore|iPhoneSimulator
		{5C0521FB-FF3A-4A9C-B839-A3E88A0E9DD3}.AppStore|Mixed Platforms.ActiveCfg = AppStore|iPhone
		{5C0521FB-FF3A-4A9C-B839-A3E88A0E9DD3}.AppStore|Mixed Platforms.Build.0 = AppStore|iPhone
		{5C0521FB-FF3A-4A9C-B839-A3E88A0E9DD3}.AppStore|x86.ActiveCfg = AppStore|iPhone
		{5C0521FB-FF3A-4A9C-B839-A3E88A0E9DD3}.Debug|Any CPU.ActiveCfg = Debug|iPhone
		{5C0521FB-FF3A-4A9C-B839-A3E88A0E9DD3}.Debug|ARM.ActiveCfg = Debug|iPhone
		{5C0521FB-FF3A-4A9C-B839-A3E88A0E9DD3}.Debug|iPhone.ActiveCfg = Debug|iPhone
		{5C0521FB-FF3A-4A9C-B839-A3E88A0E9DD3}.Debug|iPhone.Build.0 = Debug|iPhone
		{5C0521FB-FF3A-4A9C-B839-A3E88A0E9DD3}.Debug|iPhoneSimulator.ActiveCfg = Debug|iPhoneSimulator
		{5C0521FB-FF3A-4A9C-B839-A3E88A0E9DD3}.Debug|iPhoneSimulator.Build.0 = Debug|iPhoneSimulator
		{5C0521FB-FF3A-4A9C-B839-A3E88A0E9DD3}.Debug|Mixed Platforms.ActiveCfg = Debug|iPhone
		{5C0521FB-FF3A-4A9C-B839-A3E88A0E9DD3}.Debug|Mixed Platforms.Build.0 = Debug|iPhone
		{5C0521FB-FF3A-4A9C-B839-A3E88A0E9DD3}.Debug|x86.ActiveCfg = Debug|iPhone
		{5C0521FB-FF3A-4A9C-B839-A3E88A0E9DD3}.Release|Any CPU.ActiveCfg = Release|iPhone
		{5C0521FB-FF3A-4A9C-B839-A3E88A0E9DD3}.Release|ARM.ActiveCfg = Release|iPhone
		{5C0521FB-FF3A-4A9C-B839-A3E88A0E9DD3}.Release|iPhone.ActiveCfg = Release|iPhone
		{5C0521FB-FF3A-4A9C-B839-A3E88A0E9DD3}.Release|iPhone.Build.0 = Release|iPhone
		{5C0521FB-FF3A-4A9C-B839-A3E88A0E9DD3}.Release|iPhoneSimulator.ActiveCfg = Release|iPhoneSimulator
		{5C0521FB-FF3A-4A9C-B839-A3E88A0E9DD3}.Release|iPhoneSimulator.Build.0 = Release|iPhoneSimulator
		{5C0521FB-FF3A-4A9C-B839-A3E88A0E9DD3}.Release|Mixed Platforms.ActiveCfg = Release|iPhone
		{5C0521FB-FF3A-4A9C-B839-A3E88A0E9DD3}.Release|Mixed Platforms.Build.0 = Release|iPhone
		{5C0521FB-FF3A-4A9C-B839-A3E88A0E9DD3}.Release|x86.ActiveCfg = Release|iPhone
		{444C90C4-7A3A-43F3-A8E7-75C203C7A2DC}.Ad-Hoc|Any CPU.ActiveCfg = Release|Any CPU
		{444C90C4-7A3A-43F3-A8E7-75C203C7A2DC}.Ad-Hoc|Any CPU.Build.0 = Release|Any CPU
		{444C90C4-7A3A-43F3-A8E7-75C203C7A2DC}.Ad-Hoc|Any CPU.Deploy.0 = Release|Any CPU
		{444C90C4-7A3A-43F3-A8E7-75C203C7A2DC}.Ad-Hoc|ARM.ActiveCfg = Release|Any CPU
		{444C90C4-7A3A-43F3-A8E7-75C203C7A2DC}.Ad-Hoc|iPhone.ActiveCfg = Release|Any CPU
		{444C90C4-7A3A-43F3-A8E7-75C203C7A2DC}.Ad-Hoc|iPhoneSimulator.ActiveCfg = Release|Any CPU
		{444C90C4-7A3A-43F3-A8E7-75C203C7A2DC}.Ad-Hoc|Mixed Platforms.ActiveCfg = Release|Any CPU
		{444C90C4-7A3A-43F3-A8E7-75C203C7A2DC}.Ad-Hoc|Mixed Platforms.Build.0 = Release|Any CPU
		{444C90C4-7A3A-43F3-A8E7-75C203C7A2DC}.Ad-Hoc|Mixed Platforms.Deploy.0 = Release|Any CPU
		{444C90C4-7A3A-43F3-A8E7-75C203C7A2DC}.Ad-Hoc|x86.ActiveCfg = Release|Any CPU
		{444C90C4-7A3A-43F3-A8E7-75C203C7A2DC}.AppStore|Any CPU.ActiveCfg = Release|Any CPU
		{444C90C4-7A3A-43F3-A8E7-75C203C7A2DC}.AppStore|Any CPU.Build.0 = Release|Any CPU
		{444C90C4-7A3A-43F3-A8E7-75C203C7A2DC}.AppStore|Any CPU.Deploy.0 = Release|Any CPU
		{444C90C4-7A3A-43F3-A8E7-75C203C7A2DC}.AppStore|ARM.ActiveCfg = Release|Any CPU
		{444C90C4-7A3A-43F3-A8E7-75C203C7A2DC}.AppStore|iPhone.ActiveCfg = Release|Any CPU
		{444C90C4-7A3A-43F3-A8E7-75C203C7A2DC}.AppStore|iPhoneSimulator.ActiveCfg = Release|Any CPU
		{444C90C4-7A3A-43F3-A8E7-75C203C7A2DC}.AppStore|Mixed Platforms.ActiveCfg = Release|Any CPU
		{444C90C4-7A3A-43F3-A8E7-75C203C7A2DC}.AppStore|Mixed Platforms.Build.0 = Release|Any CPU
		{444C90C4-7A3A-43F3-A8E7-75C203C7A2DC}.AppStore|Mixed Platforms.Deploy.0 = Release|Any CPU
		{444C90C4-7A3A-43F3-A8E7-75C203C7A2DC}.AppStore|x86.ActiveCfg = Release|Any CPU
		{444C90C4-7A3A-43F3-A8E7-75C203C7A2DC}.Debug|Any CPU.ActiveCfg = Debug|Any CPU
		{444C90C4-7A3A-43F3-A8E7-75C203C7A2DC}.Debug|Any CPU.Build.0 = Debug|Any CPU
		{444C90C4-7A3A-43F3-A8E7-75C203C7A2DC}.Debug|Any CPU.Deploy.0 = Debug|Any CPU
		{444C90C4-7A3A-43F3-A8E7-75C203C7A2DC}.Debug|ARM.ActiveCfg = Debug|Any CPU
		{444C90C4-7A3A-43F3-A8E7-75C203C7A2DC}.Debug|iPhone.ActiveCfg = Debug|Any CPU
		{444C90C4-7A3A-43F3-A8E7-75C203C7A2DC}.Debug|iPhoneSimulator.ActiveCfg = Debug|Any CPU
		{444C90C4-7A3A-43F3-A8E7-75C203C7A2DC}.Debug|Mixed Platforms.ActiveCfg = Debug|Any CPU
		{444C90C4-7A3A-43F3-A8E7-75C203C7A2DC}.Debug|Mixed Platforms.Build.0 = Debug|Any CPU
		{444C90C4-7A3A-43F3-A8E7-75C203C7A2DC}.Debug|Mixed Platforms.Deploy.0 = Debug|Any CPU
		{444C90C4-7A3A-43F3-A8E7-75C203C7A2DC}.Debug|x86.ActiveCfg = Debug|Any CPU
		{444C90C4-7A3A-43F3-A8E7-75C203C7A2DC}.Release|Any CPU.ActiveCfg = Release|Any CPU
		{444C90C4-7A3A-43F3-A8E7-75C203C7A2DC}.Release|Any CPU.Build.0 = Release|Any CPU
		{444C90C4-7A3A-43F3-A8E7-75C203C7A2DC}.Release|Any CPU.Deploy.0 = Release|Any CPU
		{444C90C4-7A3A-43F3-A8E7-75C203C7A2DC}.Release|ARM.ActiveCfg = Release|Any CPU
		{444C90C4-7A3A-43F3-A8E7-75C203C7A2DC}.Release|iPhone.ActiveCfg = Release|Any CPU
		{444C90C4-7A3A-43F3-A8E7-75C203C7A2DC}.Release|iPhoneSimulator.ActiveCfg = Release|Any CPU
		{444C90C4-7A3A-43F3-A8E7-75C203C7A2DC}.Release|Mixed Platforms.ActiveCfg = Release|Any CPU
		{444C90C4-7A3A-43F3-A8E7-75C203C7A2DC}.Release|Mixed Platforms.Build.0 = Release|Any CPU
		{444C90C4-7A3A-43F3-A8E7-75C203C7A2DC}.Release|Mixed Platforms.Deploy.0 = Release|Any CPU
		{444C90C4-7A3A-43F3-A8E7-75C203C7A2DC}.Release|x86.ActiveCfg = Release|Any CPU
		{08006CBC-10BD-41FF-9865-7EBB88F3E31C}.Ad-Hoc|Any CPU.ActiveCfg = Release|Any CPU
		{08006CBC-10BD-41FF-9865-7EBB88F3E31C}.Ad-Hoc|Any CPU.Build.0 = Release|Any CPU
		{08006CBC-10BD-41FF-9865-7EBB88F3E31C}.Ad-Hoc|Any CPU.Deploy.0 = Release|Any CPU
		{08006CBC-10BD-41FF-9865-7EBB88F3E31C}.Ad-Hoc|ARM.ActiveCfg = Release|ARM
		{08006CBC-10BD-41FF-9865-7EBB88F3E31C}.Ad-Hoc|ARM.Build.0 = Release|ARM
		{08006CBC-10BD-41FF-9865-7EBB88F3E31C}.Ad-Hoc|ARM.Deploy.0 = Release|ARM
		{08006CBC-10BD-41FF-9865-7EBB88F3E31C}.Ad-Hoc|iPhone.ActiveCfg = Release|Any CPU
		{08006CBC-10BD-41FF-9865-7EBB88F3E31C}.Ad-Hoc|iPhoneSimulator.ActiveCfg = Release|Any CPU
		{08006CBC-10BD-41FF-9865-7EBB88F3E31C}.Ad-Hoc|Mixed Platforms.ActiveCfg = Release|x86
		{08006CBC-10BD-41FF-9865-7EBB88F3E31C}.Ad-Hoc|Mixed Platforms.Build.0 = Release|x86
		{08006CBC-10BD-41FF-9865-7EBB88F3E31C}.Ad-Hoc|Mixed Platforms.Deploy.0 = Release|x86
		{08006CBC-10BD-41FF-9865-7EBB88F3E31C}.Ad-Hoc|x86.ActiveCfg = Release|x86
		{08006CBC-10BD-41FF-9865-7EBB88F3E31C}.Ad-Hoc|x86.Build.0 = Release|x86
		{08006CBC-10BD-41FF-9865-7EBB88F3E31C}.Ad-Hoc|x86.Deploy.0 = Release|x86
		{08006CBC-10BD-41FF-9865-7EBB88F3E31C}.AppStore|Any CPU.ActiveCfg = Release|Any CPU
		{08006CBC-10BD-41FF-9865-7EBB88F3E31C}.AppStore|Any CPU.Build.0 = Release|Any CPU
		{08006CBC-10BD-41FF-9865-7EBB88F3E31C}.AppStore|Any CPU.Deploy.0 = Release|Any CPU
		{08006CBC-10BD-41FF-9865-7EBB88F3E31C}.AppStore|ARM.ActiveCfg = Release|ARM
		{08006CBC-10BD-41FF-9865-7EBB88F3E31C}.AppStore|ARM.Build.0 = Release|ARM
		{08006CBC-10BD-41FF-9865-7EBB88F3E31C}.AppStore|ARM.Deploy.0 = Release|ARM
		{08006CBC-10BD-41FF-9865-7EBB88F3E31C}.AppStore|iPhone.ActiveCfg = Release|Any CPU
		{08006CBC-10BD-41FF-9865-7EBB88F3E31C}.AppStore|iPhoneSimulator.ActiveCfg = Release|Any CPU
		{08006CBC-10BD-41FF-9865-7EBB88F3E31C}.AppStore|Mixed Platforms.ActiveCfg = Release|x86
		{08006CBC-10BD-41FF-9865-7EBB88F3E31C}.AppStore|Mixed Platforms.Build.0 = Release|x86
		{08006CBC-10BD-41FF-9865-7EBB88F3E31C}.AppStore|Mixed Platforms.Deploy.0 = Release|x86
		{08006CBC-10BD-41FF-9865-7EBB88F3E31C}.AppStore|x86.ActiveCfg = Release|x86
		{08006CBC-10BD-41FF-9865-7EBB88F3E31C}.AppStore|x86.Build.0 = Release|x86
		{08006CBC-10BD-41FF-9865-7EBB88F3E31C}.AppStore|x86.Deploy.0 = Release|x86
		{08006CBC-10BD-41FF-9865-7EBB88F3E31C}.Debug|Any CPU.ActiveCfg = Debug|Any CPU
		{08006CBC-10BD-41FF-9865-7EBB88F3E31C}.Debug|Any CPU.Build.0 = Debug|Any CPU
		{08006CBC-10BD-41FF-9865-7EBB88F3E31C}.Debug|Any CPU.Deploy.0 = Debug|Any CPU
		{08006CBC-10BD-41FF-9865-7EBB88F3E31C}.Debug|ARM.ActiveCfg = Debug|ARM
		{08006CBC-10BD-41FF-9865-7EBB88F3E31C}.Debug|ARM.Build.0 = Debug|ARM
		{08006CBC-10BD-41FF-9865-7EBB88F3E31C}.Debug|ARM.Deploy.0 = Debug|ARM
		{08006CBC-10BD-41FF-9865-7EBB88F3E31C}.Debug|iPhone.ActiveCfg = Debug|Any CPU
		{08006CBC-10BD-41FF-9865-7EBB88F3E31C}.Debug|iPhoneSimulator.ActiveCfg = Debug|Any CPU
		{08006CBC-10BD-41FF-9865-7EBB88F3E31C}.Debug|Mixed Platforms.ActiveCfg = Debug|x86
		{08006CBC-10BD-41FF-9865-7EBB88F3E31C}.Debug|Mixed Platforms.Build.0 = Debug|x86
		{08006CBC-10BD-41FF-9865-7EBB88F3E31C}.Debug|Mixed Platforms.Deploy.0 = Debug|x86
		{08006CBC-10BD-41FF-9865-7EBB88F3E31C}.Debug|x86.ActiveCfg = Debug|x86
		{08006CBC-10BD-41FF-9865-7EBB88F3E31C}.Debug|x86.Build.0 = Debug|x86
		{08006CBC-10BD-41FF-9865-7EBB88F3E31C}.Debug|x86.Deploy.0 = Debug|x86
		{08006CBC-10BD-41FF-9865-7EBB88F3E31C}.Release|Any CPU.ActiveCfg = Release|Any CPU
		{08006CBC-10BD-41FF-9865-7EBB88F3E31C}.Release|Any CPU.Build.0 = Release|Any CPU
		{08006CBC-10BD-41FF-9865-7EBB88F3E31C}.Release|Any CPU.Deploy.0 = Release|Any CPU
		{08006CBC-10BD-41FF-9865-7EBB88F3E31C}.Release|ARM.ActiveCfg = Release|ARM
		{08006CBC-10BD-41FF-9865-7EBB88F3E31C}.Release|ARM.Build.0 = Release|ARM
		{08006CBC-10BD-41FF-9865-7EBB88F3E31C}.Release|ARM.Deploy.0 = Release|ARM
		{08006CBC-10BD-41FF-9865-7EBB88F3E31C}.Release|iPhone.ActiveCfg = Release|Any CPU
		{08006CBC-10BD-41FF-9865-7EBB88F3E31C}.Release|iPhoneSimulator.ActiveCfg = Release|Any CPU
		{08006CBC-10BD-41FF-9865-7EBB88F3E31C}.Release|Mixed Platforms.ActiveCfg = Release|x86
		{08006CBC-10BD-41FF-9865-7EBB88F3E31C}.Release|Mixed Platforms.Build.0 = Release|x86
		{08006CBC-10BD-41FF-9865-7EBB88F3E31C}.Release|Mixed Platforms.Deploy.0 = Release|x86
		{08006CBC-10BD-41FF-9865-7EBB88F3E31C}.Release|x86.ActiveCfg = Release|x86
		{08006CBC-10BD-41FF-9865-7EBB88F3E31C}.Release|x86.Build.0 = Release|x86
		{08006CBC-10BD-41FF-9865-7EBB88F3E31C}.Release|x86.Deploy.0 = Release|x86
	EndGlobalSection
	GlobalSection(SolutionProperties) = preSolution
		HideSolutionNode = FALSE
	EndGlobalSection
EndGlobal
