
Microsoft Visual Studio Solution File, Format Version 12.00
# Visual Studio 2013
VisualStudioVersion = 12.0.31101.0
MinimumVisualStudioVersion = 10.0.40219.1
Project("{FAE04EC0-301F-11D3-BF4B-00C04F79EFBC}") = "XF_IValueConverterSample", "XF_IValueConverterSample\XF_IValueConverterSample\XF_IValueConverterSample.csproj", "{6CFC48FC-1407-407C-A84D-0F563A4E786F}"
EndProject
Project("{FAE04EC0-301F-11D3-BF4B-00C04F79EFBC}") = "XF_IValueConverterSample.iOS", "XF_IValueConverterSample\XF_IValueConverterSample.iOS\XF_IValueConverterSample.iOS.csproj", "{D4126434-EB09-4C64-8EAC-05E854709727}"
EndProject
Project("{FAE04EC0-301F-11D3-BF4B-00C04F79EFBC}") = "XF_IValueConverterSample.Droid", "XF_IValueConverterSample\XF_IValueConverterSample.Droid\XF_IValueConverterSample.Droid.csproj", "{6AACC880-9F63-4D0C-B9FE-1F9CD3FE14DF}"
EndProject
Project("{FAE04EC0-301F-11D3-BF4B-00C04F79EFBC}") = "XF_IValueConverterSample.WinPhone", "XF_IValueConverterSample\XF_IValueConverterSample.WinPhone\XF_IValueConverterSample.WinPhone.csproj", "{58D29266-37BD-4AD5-98CF-5AA098C84B33}"
EndProject
Global
	GlobalSection(SolutionConfigurationPlatforms) = preSolution
		Ad-Hoc|Any CPU = Ad-Hoc|Any CPU
		Ad-Hoc|ARM = Ad-Hoc|ARM
		Ad-Hoc|iPhone = Ad-Hoc|iPhone
		Ad-Hoc|iPhoneSimulator = Ad-Hoc|iPhoneSimulator
		Ad-Hoc|Mixed Platforms = Ad-Hoc|Mixed Platforms
		Ad-Hoc|x86 = Ad-Hoc|x86
		AppStore|Any CPU = AppStore|Any CPU
		AppStore|ARM = AppStore|ARM
		AppStore|iPhone = AppStore|iPhone
		AppStore|iPhoneSimulator = AppStore|iPhoneSimulator
		AppStore|Mixed Platforms = AppStore|Mixed Platforms
		AppStore|x86 = AppStore|x86
		Debug|Any CPU = Debug|Any CPU
		Debug|ARM = Debug|ARM
		Debug|iPhone = Debug|iPhone
		Debug|iPhoneSimulator = Debug|iPhoneSimulator
		Debug|Mixed Platforms = Debug|Mixed Platforms
		Debug|x86 = Debug|x86
		Release|Any CPU = Release|Any CPU
		Release|ARM = Release|ARM
		Release|iPhone = Release|iPhone
		Release|iPhoneSimulator = Release|iPhoneSimulator
		Release|Mixed Platforms = Release|Mixed Platforms
		Release|x86 = Release|x86
	EndGlobalSection
	GlobalSection(ProjectConfigurationPlatforms) = postSolution
		{6CFC48FC-1407-407C-A84D-0F563A4E786F}.Ad-Hoc|Any CPU.ActiveCfg = Release|Any CPU
		{6CFC48FC-1407-407C-A84D-0F563A4E786F}.Ad-Hoc|Any CPU.Build.0 = Release|Any CPU
		{6CFC48FC-1407-407C-A84D-0F563A4E786F}.Ad-Hoc|ARM.ActiveCfg = Release|Any CPU
		{6CFC48FC-1407-407C-A84D-0F563A4E786F}.Ad-Hoc|iPhone.ActiveCfg = Release|Any CPU
		{6CFC48FC-1407-407C-A84D-0F563A4E786F}.Ad-Hoc|iPhoneSimulator.ActiveCfg = Release|Any CPU
		{6CFC48FC-1407-407C-A84D-0F563A4E786F}.Ad-Hoc|Mixed Platforms.ActiveCfg = Release|Any CPU
		{6CFC48FC-1407-407C-A84D-0F563A4E786F}.Ad-Hoc|Mixed Platforms.Build.0 = Release|Any CPU
		{6CFC48FC-1407-407C-A84D-0F563A4E786F}.Ad-Hoc|x86.ActiveCfg = Release|Any CPU
		{6CFC48FC-1407-407C-A84D-0F563A4E786F}.AppStore|Any CPU.ActiveCfg = Release|Any CPU
		{6CFC48FC-1407-407C-A84D-0F563A4E786F}.AppStore|Any CPU.Build.0 = Release|Any CPU
		{6CFC48FC-1407-407C-A84D-0F563A4E786F}.AppStore|ARM.ActiveCfg = Release|Any CPU
		{6CFC48FC-1407-407C-A84D-0F563A4E786F}.AppStore|iPhone.ActiveCfg = Release|Any CPU
		{6CFC48FC-1407-407C-A84D-0F563A4E786F}.AppStore|iPhoneSimulator.ActiveCfg = Release|Any CPU
		{6CFC48FC-1407-407C-A84D-0F563A4E786F}.AppStore|Mixed Platforms.ActiveCfg = Release|Any CPU
		{6CFC48FC-1407-407C-A84D-0F563A4E786F}.AppStore|Mixed Platforms.Build.0 = Release|Any CPU
		{6CFC48FC-1407-407C-A84D-0F563A4E786F}.AppStore|x86.ActiveCfg = Release|Any CPU
		{6CFC48FC-1407-407C-A84D-0F563A4E786F}.Debug|Any CPU.ActiveCfg = Debug|Any CPU
		{6CFC48FC-1407-407C-A84D-0F563A4E786F}.Debug|Any CPU.Build.0 = Debug|Any CPU
		{6CFC48FC-1407-407C-A84D-0F563A4E786F}.Debug|ARM.ActiveCfg = Debug|Any CPU
		{6CFC48FC-1407-407C-A84D-0F563A4E786F}.Debug|iPhone.ActiveCfg = Debug|Any CPU
		{6CFC48FC-1407-407C-A84D-0F563A4E786F}.Debug|iPhoneSimulator.ActiveCfg = Debug|Any CPU
		{6CFC48FC-1407-407C-A84D-0F563A4E786F}.Debug|Mixed Platforms.ActiveCfg = Debug|Any CPU
		{6CFC48FC-1407-407C-A84D-0F563A4E786F}.Debug|Mixed Platforms.Build.0 = Debug|Any CPU
		{6CFC48FC-1407-407C-A84D-0F563A4E786F}.Debug|x86.ActiveCfg = Debug|Any CPU
		{6CFC48FC-1407-407C-A84D-0F563A4E786F}.Release|Any CPU.ActiveCfg = Release|Any CPU
		{6CFC48FC-1407-407C-A84D-0F563A4E786F}.Release|Any CPU.Build.0 = Release|Any CPU
		{6CFC48FC-1407-407C-A84D-0F563A4E786F}.Release|ARM.ActiveCfg = Release|Any CPU
		{6CFC48FC-1407-407C-A84D-0F563A4E786F}.Release|iPhone.ActiveCfg = Release|Any CPU
		{6CFC48FC-1407-407C-A84D-0F563A4E786F}.Release|iPhoneSimulator.ActiveCfg = Release|Any CPU
		{6CFC48FC-1407-407C-A84D-0F563A4E786F}.Release|Mixed Platforms.ActiveCfg = Release|Any CPU
		{6CFC48FC-1407-407C-A84D-0F563A4E786F}.Release|Mixed Platforms.Build.0 = Release|Any CPU
		{6CFC48FC-1407-407C-A84D-0F563A4E786F}.Release|x86.ActiveCfg = Release|Any CPU
		{D4126434-EB09-4C64-8EAC-05E854709727}.Ad-Hoc|Any CPU.ActiveCfg = Ad-Hoc|iPhone
		{D4126434-EB09-4C64-8EAC-05E854709727}.Ad-Hoc|ARM.ActiveCfg = Ad-Hoc|iPhone
		{D4126434-EB09-4C64-8EAC-05E854709727}.Ad-Hoc|iPhone.ActiveCfg = Ad-Hoc|iPhone
		{D4126434-EB09-4C64-8EAC-05E854709727}.Ad-Hoc|iPhone.Build.0 = Ad-Hoc|iPhone
		{D4126434-EB09-4C64-8EAC-05E854709727}.Ad-Hoc|iPhoneSimulator.ActiveCfg = Ad-Hoc|iPhoneSimulator
		{D4126434-EB09-4C64-8EAC-05E854709727}.Ad-Hoc|iPhoneSimulator.Build.0 = Ad-Hoc|iPhoneSimulator
		{D4126434-EB09-4C64-8EAC-05E854709727}.Ad-Hoc|Mixed Platforms.ActiveCfg = Ad-Hoc|iPhone
		{D4126434-EB09-4C64-8EAC-05E854709727}.Ad-Hoc|Mixed Platforms.Build.0 = Ad-Hoc|iPhone
		{D4126434-EB09-4C64-8EAC-05E854709727}.Ad-Hoc|x86.ActiveCfg = Ad-Hoc|iPhone
		{D4126434-EB09-4C64-8EAC-05E854709727}.AppStore|Any CPU.ActiveCfg = AppStore|iPhone
		{D4126434-EB09-4C64-8EAC-05E854709727}.AppStore|ARM.ActiveCfg = AppStore|iPhone
		{D4126434-EB09-4C64-8EAC-05E854709727}.AppStore|iPhone.ActiveCfg = AppStore|iPhone
		{D4126434-EB09-4C64-8EAC-05E854709727}.AppStore|iPhone.Build.0 = AppStore|iPhone
		{D4126434-EB09-4C64-8EAC-05E854709727}.AppStore|iPhoneSimulator.ActiveCfg = AppStore|iPhoneSimulator
		{D4126434-EB09-4C64-8EAC-05E854709727}.AppStore|iPhoneSimulator.Build.0 = AppStore|iPhoneSimulator
		{D4126434-EB09-4C64-8EAC-05E854709727}.AppStore|Mixed Platforms.ActiveCfg = AppStore|iPhone
		{D4126434-EB09-4C64-8EAC-05E854709727}.AppStore|Mixed Platforms.Build.0 = AppStore|iPhone
		{D4126434-EB09-4C64-8EAC-05E854709727}.AppStore|x86.ActiveCfg = AppStore|iPhone
		{D4126434-EB09-4C64-8EAC-05E854709727}.Debug|Any CPU.ActiveCfg = Debug|iPhone
		{D4126434-EB09-4C64-8EAC-05E854709727}.Debug|ARM.ActiveCfg = Debug|iPhone
		{D4126434-EB09-4C64-8EAC-05E854709727}.Debug|iPhone.ActiveCfg = Debug|iPhone
		{D4126434-EB09-4C64-8EAC-05E854709727}.Debug|iPhone.Build.0 = Debug|iPhone
		{D4126434-EB09-4C64-8EAC-05E854709727}.Debug|iPhoneSimulator.ActiveCfg = Debug|iPhoneSimulator
		{D4126434-EB09-4C64-8EAC-05E854709727}.Debug|iPhoneSimulator.Build.0 = Debug|iPhoneSimulator
		{D4126434-EB09-4C64-8EAC-05E854709727}.Debug|Mixed Platforms.ActiveCfg = Debug|iPhone
		{D4126434-EB09-4C64-8EAC-05E854709727}.Debug|Mixed Platforms.Build.0 = Debug|iPhone
		{D4126434-EB09-4C64-8EAC-05E854709727}.Debug|x86.ActiveCfg = Debug|iPhone
		{D4126434-EB09-4C64-8EAC-05E854709727}.Release|Any CPU.ActiveCfg = Release|iPhone
		{D4126434-EB09-4C64-8EAC-05E854709727}.Release|ARM.ActiveCfg = Release|iPhone
		{D4126434-EB09-4C64-8EAC-05E854709727}.Release|iPhone.ActiveCfg = Release|iPhone
		{D4126434-EB09-4C64-8EAC-05E854709727}.Release|iPhone.Build.0 = Release|iPhone
		{D4126434-EB09-4C64-8EAC-05E854709727}.Release|iPhoneSimulator.ActiveCfg = Release|iPhoneSimulator
		{D4126434-EB09-4C64-8EAC-05E854709727}.Release|iPhoneSimulator.Build.0 = Release|iPhoneSimulator
		{D4126434-EB09-4C64-8EAC-05E854709727}.Release|Mixed Platforms.ActiveCfg = Release|iPhone
		{D4126434-EB09-4C64-8EAC-05E854709727}.Release|Mixed Platforms.Build.0 = Release|iPhone
		{D4126434-EB09-4C64-8EAC-05E854709727}.Release|x86.ActiveCfg = Release|iPhone
		{6AACC880-9F63-4D0C-B9FE-1F9CD3FE14DF}.Ad-Hoc|Any CPU.ActiveCfg = Release|Any CPU
		{6AACC880-9F63-4D0C-B9FE-1F9CD3FE14DF}.Ad-Hoc|Any CPU.Build.0 = Release|Any CPU
		{6AACC880-9F63-4D0C-B9FE-1F9CD3FE14DF}.Ad-Hoc|Any CPU.Deploy.0 = Release|Any CPU
		{6AACC880-9F63-4D0C-B9FE-1F9CD3FE14DF}.Ad-Hoc|ARM.ActiveCfg = Release|Any CPU
		{6AACC880-9F63-4D0C-B9FE-1F9CD3FE14DF}.Ad-Hoc|iPhone.ActiveCfg = Release|Any CPU
		{6AACC880-9F63-4D0C-B9FE-1F9CD3FE14DF}.Ad-Hoc|iPhoneSimulator.ActiveCfg = Release|Any CPU
		{6AACC880-9F63-4D0C-B9FE-1F9CD3FE14DF}.Ad-Hoc|Mixed Platforms.ActiveCfg = Release|Any CPU
		{6AACC880-9F63-4D0C-B9FE-1F9CD3FE14DF}.Ad-Hoc|Mixed Platforms.Build.0 = Release|Any CPU
		{6AACC880-9F63-4D0C-B9FE-1F9CD3FE14DF}.Ad-Hoc|Mixed Platforms.Deploy.0 = Release|Any CPU
		{6AACC880-9F63-4D0C-B9FE-1F9CD3FE14DF}.Ad-Hoc|x86.ActiveCfg = Release|Any CPU
		{6AACC880-9F63-4D0C-B9FE-1F9CD3FE14DF}.AppStore|Any CPU.ActiveCfg = Release|Any CPU
		{6AACC880-9F63-4D0C-B9FE-1F9CD3FE14DF}.AppStore|Any CPU.Build.0 = Release|Any CPU
		{6AACC880-9F63-4D0C-B9FE-1F9CD3FE14DF}.AppStore|Any CPU.Deploy.0 = Release|Any CPU
		{6AACC880-9F63-4D0C-B9FE-1F9CD3FE14DF}.AppStore|ARM.ActiveCfg = Release|Any CPU
		{6AACC880-9F63-4D0C-B9FE-1F9CD3FE14DF}.AppStore|iPhone.ActiveCfg = Release|Any CPU
		{6AACC880-9F63-4D0C-B9FE-1F9CD3FE14DF}.AppStore|iPhoneSimulator.ActiveCfg = Release|Any CPU
		{6AACC880-9F63-4D0C-B9FE-1F9CD3FE14DF}.AppStore|Mixed Platforms.ActiveCfg = Release|Any CPU
		{6AACC880-9F63-4D0C-B9FE-1F9CD3FE14DF}.AppStore|Mixed Platforms.Build.0 = Release|Any CPU
		{6AACC880-9F63-4D0C-B9FE-1F9CD3FE14DF}.AppStore|Mixed Platforms.Deploy.0 = Release|Any CPU
		{6AACC880-9F63-4D0C-B9FE-1F9CD3FE14DF}.AppStore|x86.ActiveCfg = Release|Any CPU
		{6AACC880-9F63-4D0C-B9FE-1F9CD3FE14DF}.Debug|Any CPU.ActiveCfg = Debug|Any CPU
		{6AACC880-9F63-4D0C-B9FE-1F9CD3FE14DF}.Debug|Any CPU.Build.0 = Debug|Any CPU
		{6AACC880-9F63-4D0C-B9FE-1F9CD3FE14DF}.Debug|Any CPU.Deploy.0 = Debug|Any CPU
		{6AACC880-9F63-4D0C-B9FE-1F9CD3FE14DF}.Debug|ARM.ActiveCfg = Debug|Any CPU
		{6AACC880-9F63-4D0C-B9FE-1F9CD3FE14DF}.Debug|iPhone.ActiveCfg = Debug|Any CPU
		{6AACC880-9F63-4D0C-B9FE-1F9CD3FE14DF}.Debug|iPhoneSimulator.ActiveCfg = Debug|Any CPU
		{6AACC880-9F63-4D0C-B9FE-1F9CD3FE14DF}.Debug|Mixed Platforms.ActiveCfg = Debug|Any CPU
		{6AACC880-9F63-4D0C-B9FE-1F9CD3FE14DF}.Debug|Mixed Platforms.Build.0 = Debug|Any CPU
		{6AACC880-9F63-4D0C-B9FE-1F9CD3FE14DF}.Debug|Mixed Platforms.Deploy.0 = Debug|Any CPU
		{6AACC880-9F63-4D0C-B9FE-1F9CD3FE14DF}.Debug|x86.ActiveCfg = Debug|Any CPU
		{6AACC880-9F63-4D0C-B9FE-1F9CD3FE14DF}.Release|Any CPU.ActiveCfg = Release|Any CPU
		{6AACC880-9F63-4D0C-B9FE-1F9CD3FE14DF}.Release|Any CPU.Build.0 = Release|Any CPU
		{6AACC880-9F63-4D0C-B9FE-1F9CD3FE14DF}.Release|Any CPU.Deploy.0 = Release|Any CPU
		{6AACC880-9F63-4D0C-B9FE-1F9CD3FE14DF}.Release|ARM.ActiveCfg = Release|Any CPU
		{6AACC880-9F63-4D0C-B9FE-1F9CD3FE14DF}.Release|iPhone.ActiveCfg = Release|Any CPU
		{6AACC880-9F63-4D0C-B9FE-1F9CD3FE14DF}.Release|iPhoneSimulator.ActiveCfg = Release|Any CPU
		{6AACC880-9F63-4D0C-B9FE-1F9CD3FE14DF}.Release|Mixed Platforms.ActiveCfg = Release|Any CPU
		{6AACC880-9F63-4D0C-B9FE-1F9CD3FE14DF}.Release|Mixed Platforms.Build.0 = Release|Any CPU
		{6AACC880-9F63-4D0C-B9FE-1F9CD3FE14DF}.Release|Mixed Platforms.Deploy.0 = Release|Any CPU
		{6AACC880-9F63-4D0C-B9FE-1F9CD3FE14DF}.Release|x86.ActiveCfg = Release|Any CPU
		{58D29266-37BD-4AD5-98CF-5AA098C84B33}.Ad-Hoc|Any CPU.ActiveCfg = Release|Any CPU
		{58D29266-37BD-4AD5-98CF-5AA098C84B33}.Ad-Hoc|Any CPU.Build.0 = Release|Any CPU
		{58D29266-37BD-4AD5-98CF-5AA098C84B33}.Ad-Hoc|Any CPU.Deploy.0 = Release|Any CPU
		{58D29266-37BD-4AD5-98CF-5AA098C84B33}.Ad-Hoc|ARM.ActiveCfg = Release|ARM
		{58D29266-37BD-4AD5-98CF-5AA098C84B33}.Ad-Hoc|ARM.Build.0 = Release|ARM
		{58D29266-37BD-4AD5-98CF-5AA098C84B33}.Ad-Hoc|ARM.Deploy.0 = Release|ARM
		{58D29266-37BD-4AD5-98CF-5AA098C84B33}.Ad-Hoc|iPhone.ActiveCfg = Release|Any CPU
		{58D29266-37BD-4AD5-98CF-5AA098C84B33}.Ad-Hoc|iPhoneSimulator.ActiveCfg = Release|Any CPU
		{58D29266-37BD-4AD5-98CF-5AA098C84B33}.Ad-Hoc|Mixed Platforms.ActiveCfg = Release|x86
		{58D29266-37BD-4AD5-98CF-5AA098C84B33}.Ad-Hoc|Mixed Platforms.Build.0 = Release|x86
		{58D29266-37BD-4AD5-98CF-5AA098C84B33}.Ad-Hoc|Mixed Platforms.Deploy.0 = Release|x86
		{58D29266-37BD-4AD5-98CF-5AA098C84B33}.Ad-Hoc|x86.ActiveCfg = Release|x86
		{58D29266-37BD-4AD5-98CF-5AA098C84B33}.Ad-Hoc|x86.Build.0 = Release|x86
		{58D29266-37BD-4AD5-98CF-5AA098C84B33}.Ad-Hoc|x86.Deploy.0 = Release|x86
		{58D29266-37BD-4AD5-98CF-5AA098C84B33}.AppStore|Any CPU.ActiveCfg = Release|Any CPU
		{58D29266-37BD-4AD5-98CF-5AA098C84B33}.AppStore|Any CPU.Build.0 = Release|Any CPU
		{58D29266-37BD-4AD5-98CF-5AA098C84B33}.AppStore|Any CPU.Deploy.0 = Release|Any CPU
		{58D29266-37BD-4AD5-98CF-5AA098C84B33}.AppStore|ARM.ActiveCfg = Release|ARM
		{58D29266-37BD-4AD5-98CF-5AA098C84B33}.AppStore|ARM.Build.0 = Release|ARM
		{58D29266-37BD-4AD5-98CF-5AA098C84B33}.AppStore|ARM.Deploy.0 = Release|ARM
		{58D29266-37BD-4AD5-98CF-5AA098C84B33}.AppStore|iPhone.ActiveCfg = Release|Any CPU
		{58D29266-37BD-4AD5-98CF-5AA098C84B33}.AppStore|iPhoneSimulator.ActiveCfg = Release|Any CPU
		{58D29266-37BD-4AD5-98CF-5AA098C84B33}.AppStore|Mixed Platforms.ActiveCfg = Release|x86
		{58D29266-37BD-4AD5-98CF-5AA098C84B33}.AppStore|Mixed Platforms.Build.0 = Release|x86
		{58D29266-37BD-4AD5-98CF-5AA098C84B33}.AppStore|Mixed Platforms.Deploy.0 = Release|x86
		{58D29266-37BD-4AD5-98CF-5AA098C84B33}.AppStore|x86.ActiveCfg = Release|x86
		{58D29266-37BD-4AD5-98CF-5AA098C84B33}.AppStore|x86.Build.0 = Release|x86
		{58D29266-37BD-4AD5-98CF-5AA098C84B33}.AppStore|x86.Deploy.0 = Release|x86
		{58D29266-37BD-4AD5-98CF-5AA098C84B33}.Debug|Any CPU.ActiveCfg = Debug|Any CPU
		{58D29266-37BD-4AD5-98CF-5AA098C84B33}.Debug|Any CPU.Build.0 = Debug|Any CPU
		{58D29266-37BD-4AD5-98CF-5AA098C84B33}.Debug|Any CPU.Deploy.0 = Debug|Any CPU
		{58D29266-37BD-4AD5-98CF-5AA098C84B33}.Debug|ARM.ActiveCfg = Debug|ARM
		{58D29266-37BD-4AD5-98CF-5AA098C84B33}.Debug|ARM.Build.0 = Debug|ARM
		{58D29266-37BD-4AD5-98CF-5AA098C84B33}.Debug|ARM.Deploy.0 = Debug|ARM
		{58D29266-37BD-4AD5-98CF-5AA098C84B33}.Debug|iPhone.ActiveCfg = Debug|Any CPU
		{58D29266-37BD-4AD5-98CF-5AA098C84B33}.Debug|iPhoneSimulator.ActiveCfg = Debug|Any CPU
		{58D29266-37BD-4AD5-98CF-5AA098C84B33}.Debug|Mixed Platforms.ActiveCfg = Debug|x86
		{58D29266-37BD-4AD5-98CF-5AA098C84B33}.Debug|Mixed Platforms.Build.0 = Debug|x86
		{58D29266-37BD-4AD5-98CF-5AA098C84B33}.Debug|Mixed Platforms.Deploy.0 = Debug|x86
		{58D29266-37BD-4AD5-98CF-5AA098C84B33}.Debug|x86.ActiveCfg = Debug|x86
		{58D29266-37BD-4AD5-98CF-5AA098C84B33}.Debug|x86.Build.0 = Debug|x86
		{58D29266-37BD-4AD5-98CF-5AA098C84B33}.Debug|x86.Deploy.0 = Debug|x86
		{58D29266-37BD-4AD5-98CF-5AA098C84B33}.Release|Any CPU.ActiveCfg = Release|Any CPU
		{58D29266-37BD-4AD5-98CF-5AA098C84B33}.Release|Any CPU.Build.0 = Release|Any CPU
		{58D29266-37BD-4AD5-98CF-5AA098C84B33}.Release|Any CPU.Deploy.0 = Release|Any CPU
		{58D29266-37BD-4AD5-98CF-5AA098C84B33}.Release|ARM.ActiveCfg = Release|ARM
		{58D29266-37BD-4AD5-98CF-5AA098C84B33}.Release|ARM.Build.0 = Release|ARM
		{58D29266-37BD-4AD5-98CF-5AA098C84B33}.Release|ARM.Deploy.0 = Release|ARM
		{58D29266-37BD-4AD5-98CF-5AA098C84B33}.Release|iPhone.ActiveCfg = Release|Any CPU
		{58D29266-37BD-4AD5-98CF-5AA098C84B33}.Release|iPhoneSimulator.ActiveCfg = Release|Any CPU
		{58D29266-37BD-4AD5-98CF-5AA098C84B33}.Release|Mixed Platforms.ActiveCfg = Release|x86
		{58D29266-37BD-4AD5-98CF-5AA098C84B33}.Release|Mixed Platforms.Build.0 = Release|x86
		{58D29266-37BD-4AD5-98CF-5AA098C84B33}.Release|Mixed Platforms.Deploy.0 = Release|x86
		{58D29266-37BD-4AD5-98CF-5AA098C84B33}.Release|x86.ActiveCfg = Release|x86
		{58D29266-37BD-4AD5-98CF-5AA098C84B33}.Release|x86.Build.0 = Release|x86
		{58D29266-37BD-4AD5-98CF-5AA098C84B33}.Release|x86.Deploy.0 = Release|x86
	EndGlobalSection
	GlobalSection(SolutionProperties) = preSolution
		HideSolutionNode = FALSE
	EndGlobalSection
EndGlobal
