
Microsoft Visual Studio Solution File, Format Version 12.00
# Visual Studio 14
VisualStudioVersion = 14.0.23107.0
MinimumVisualStudioVersion = 10.0.40219.1
Project("{FAE04EC0-301F-11D3-BF4B-00C04F79EFBC}") = "X_GpsSample", "X_GpsSample\X_GpsSample\X_GpsSample.csproj", "{2100D379-25C6-486B-994C-A0FFF145853D}"
EndProject
Project("{FAE04EC0-301F-11D3-BF4B-00C04F79EFBC}") = "X_GpsSample.Droid", "X_GpsSample\X_GpsSample.Droid\X_GpsSample.Droid.csproj", "{C3F15A39-A53B-425B-B3B4-3CEFCBEEDA80}"
EndProject
Project("{FAE04EC0-301F-11D3-BF4B-00C04F79EFBC}") = "X_GpsSample.WinPhone", "X_GpsSample\X_GpsSample.WinPhone\X_GpsSample.WinPhone.csproj", "{B39FABA3-DD14-4AB9-A622-CEB312E92716}"
EndProject
Project("{FAE04EC0-301F-11D3-BF4B-00C04F79EFBC}") = "X_GpsSample.iOS", "X_GpsSample\X_GpsSample.iOS\X_GpsSample.iOS.csproj", "{77C18ED2-4ADD-4198-8A9E-BD474A9D964F}"
EndProject
Project("{2150E333-8FDC-42A3-9474-1A3956D46DE8}") = "Xamarin.Forms", "Xamarin.Forms", "{4841DDF3-5582-40D7-9F0F-307B6FC44607}"
EndProject
Project("{FAE04EC0-301F-11D3-BF4B-00C04F79EFBC}") = "XF_GpsSample", "XF_GpsSample\XF_GpsSample\XF_GpsSample.csproj", "{B3194131-55DD-4E07-9BF1-9987C848D429}"
EndProject
Project("{FAE04EC0-301F-11D3-BF4B-00C04F79EFBC}") = "XF_GpsSample.iOS", "XF_GpsSample\XF_GpsSample.iOS\XF_GpsSample.iOS.csproj", "{4532653C-2715-4937-91B0-07A1FE5AEC23}"
EndProject
Project("{FAE04EC0-301F-11D3-BF4B-00C04F79EFBC}") = "XF_GpsSample.Droid", "XF_GpsSample\XF_GpsSample.Droid\XF_GpsSample.Droid.csproj", "{301BA851-B399-43BA-B8BC-D8BEAC1705C0}"
EndProject
Project("{FAE04EC0-301F-11D3-BF4B-00C04F79EFBC}") = "XF_GpsSample.WinPhone", "XF_GpsSample\XF_GpsSample.WinPhone\XF_GpsSample.WinPhone.csproj", "{12ABCF16-B019-49B7-A6F8-15F5E4D24DB9}"
EndProject
Project("{FAE04EC0-301F-11D3-BF4B-00C04F79EFBC}") = "XF_GpsSample.WinPhone81", "XF_GpsSample\XF_GpsSample.WinPhone81\XF_GpsSample.WinPhone81.csproj", "{31D2D903-5747-4FE7-A45E-459C1BF45DB9}"
EndProject
Global
	GlobalSection(SolutionConfigurationPlatforms) = preSolution
		Ad-Hoc|Any CPU = Ad-Hoc|Any CPU
		Ad-Hoc|ARM = Ad-Hoc|ARM
		Ad-Hoc|iPhone = Ad-Hoc|iPhone
		Ad-Hoc|iPhoneSimulator = Ad-Hoc|iPhoneSimulator
		Ad-Hoc|x86 = Ad-Hoc|x86
		AppStore|Any CPU = AppStore|Any CPU
		AppStore|ARM = AppStore|ARM
		AppStore|iPhone = AppStore|iPhone
		AppStore|iPhoneSimulator = AppStore|iPhoneSimulator
		AppStore|x86 = AppStore|x86
		Debug|Any CPU = Debug|Any CPU
		Debug|ARM = Debug|ARM
		Debug|iPhone = Debug|iPhone
		Debug|iPhoneSimulator = Debug|iPhoneSimulator
		Debug|x86 = Debug|x86
		Release|Any CPU = Release|Any CPU
		Release|ARM = Release|ARM
		Release|iPhone = Release|iPhone
		Release|iPhoneSimulator = Release|iPhoneSimulator
		Release|x86 = Release|x86
	EndGlobalSection
	GlobalSection(ProjectConfigurationPlatforms) = postSolution
		{2100D379-25C6-486B-994C-A0FFF145853D}.Ad-Hoc|Any CPU.ActiveCfg = Release|Any CPU
		{2100D379-25C6-486B-994C-A0FFF145853D}.Ad-Hoc|Any CPU.Build.0 = Release|Any CPU
		{2100D379-25C6-486B-994C-A0FFF145853D}.Ad-Hoc|ARM.ActiveCfg = Release|Any CPU
		{2100D379-25C6-486B-994C-A0FFF145853D}.Ad-Hoc|ARM.Build.0 = Release|Any CPU
		{2100D379-25C6-486B-994C-A0FFF145853D}.Ad-Hoc|iPhone.ActiveCfg = Release|Any CPU
		{2100D379-25C6-486B-994C-A0FFF145853D}.Ad-Hoc|iPhone.Build.0 = Release|Any CPU
		{2100D379-25C6-486B-994C-A0FFF145853D}.Ad-Hoc|iPhoneSimulator.ActiveCfg = Release|Any CPU
		{2100D379-25C6-486B-994C-A0FFF145853D}.Ad-Hoc|iPhoneSimulator.Build.0 = Release|Any CPU
		{2100D379-25C6-486B-994C-A0FFF145853D}.Ad-Hoc|x86.ActiveCfg = Release|Any CPU
		{2100D379-25C6-486B-994C-A0FFF145853D}.Ad-Hoc|x86.Build.0 = Release|Any CPU
		{2100D379-25C6-486B-994C-A0FFF145853D}.AppStore|Any CPU.ActiveCfg = Release|Any CPU
		{2100D379-25C6-486B-994C-A0FFF145853D}.AppStore|Any CPU.Build.0 = Release|Any CPU
		{2100D379-25C6-486B-994C-A0FFF145853D}.AppStore|ARM.ActiveCfg = Release|Any CPU
		{2100D379-25C6-486B-994C-A0FFF145853D}.AppStore|ARM.Build.0 = Release|Any CPU
		{2100D379-25C6-486B-994C-A0FFF145853D}.AppStore|iPhone.ActiveCfg = Release|Any CPU
		{2100D379-25C6-486B-994C-A0FFF145853D}.AppStore|iPhone.Build.0 = Release|Any CPU
		{2100D379-25C6-486B-994C-A0FFF145853D}.AppStore|iPhoneSimulator.ActiveCfg = Release|Any CPU
		{2100D379-25C6-486B-994C-A0FFF145853D}.AppStore|iPhoneSimulator.Build.0 = Release|Any CPU
		{2100D379-25C6-486B-994C-A0FFF145853D}.AppStore|x86.ActiveCfg = Release|Any CPU
		{2100D379-25C6-486B-994C-A0FFF145853D}.AppStore|x86.Build.0 = Release|Any CPU
		{2100D379-25C6-486B-994C-A0FFF145853D}.Debug|Any CPU.ActiveCfg = Debug|Any CPU
		{2100D379-25C6-486B-994C-A0FFF145853D}.Debug|Any CPU.Build.0 = Debug|Any CPU
		{2100D379-25C6-486B-994C-A0FFF145853D}.Debug|ARM.ActiveCfg = Debug|Any CPU
		{2100D379-25C6-486B-994C-A0FFF145853D}.Debug|ARM.Build.0 = Debug|Any CPU
		{2100D379-25C6-486B-994C-A0FFF145853D}.Debug|iPhone.ActiveCfg = Debug|Any CPU
		{2100D379-25C6-486B-994C-A0FFF145853D}.Debug|iPhone.Build.0 = Debug|Any CPU
		{2100D379-25C6-486B-994C-A0FFF145853D}.Debug|iPhoneSimulator.ActiveCfg = Debug|Any CPU
		{2100D379-25C6-486B-994C-A0FFF145853D}.Debug|iPhoneSimulator.Build.0 = Debug|Any CPU
		{2100D379-25C6-486B-994C-A0FFF145853D}.Debug|x86.ActiveCfg = Debug|Any CPU
		{2100D379-25C6-486B-994C-A0FFF145853D}.Debug|x86.Build.0 = Debug|Any CPU
		{2100D379-25C6-486B-994C-A0FFF145853D}.Release|Any CPU.ActiveCfg = Release|Any CPU
		{2100D379-25C6-486B-994C-A0FFF145853D}.Release|Any CPU.Build.0 = Release|Any CPU
		{2100D379-25C6-486B-994C-A0FFF145853D}.Release|ARM.ActiveCfg = Release|Any CPU
		{2100D379-25C6-486B-994C-A0FFF145853D}.Release|ARM.Build.0 = Release|Any CPU
		{2100D379-25C6-486B-994C-A0FFF145853D}.Release|iPhone.ActiveCfg = Release|Any CPU
		{2100D379-25C6-486B-994C-A0FFF145853D}.Release|iPhone.Build.0 = Release|Any CPU
		{2100D379-25C6-486B-994C-A0FFF145853D}.Release|iPhoneSimulator.ActiveCfg = Release|Any CPU
		{2100D379-25C6-486B-994C-A0FFF145853D}.Release|iPhoneSimulator.Build.0 = Release|Any CPU
		{2100D379-25C6-486B-994C-A0FFF145853D}.Release|x86.ActiveCfg = Release|Any CPU
		{2100D379-25C6-486B-994C-A0FFF145853D}.Release|x86.Build.0 = Release|Any CPU
		{C3F15A39-A53B-425B-B3B4-3CEFCBEEDA80}.Ad-Hoc|Any CPU.ActiveCfg = Release|Any CPU
		{C3F15A39-A53B-425B-B3B4-3CEFCBEEDA80}.Ad-Hoc|Any CPU.Build.0 = Release|Any CPU
		{C3F15A39-A53B-425B-B3B4-3CEFCBEEDA80}.Ad-Hoc|Any CPU.Deploy.0 = Release|Any CPU
		{C3F15A39-A53B-425B-B3B4-3CEFCBEEDA80}.Ad-Hoc|ARM.ActiveCfg = Release|Any CPU
		{C3F15A39-A53B-425B-B3B4-3CEFCBEEDA80}.Ad-Hoc|ARM.Build.0 = Release|Any CPU
		{C3F15A39-A53B-425B-B3B4-3CEFCBEEDA80}.Ad-Hoc|ARM.Deploy.0 = Release|Any CPU
		{C3F15A39-A53B-425B-B3B4-3CEFCBEEDA80}.Ad-Hoc|iPhone.ActiveCfg = Release|Any CPU
		{C3F15A39-A53B-425B-B3B4-3CEFCBEEDA80}.Ad-Hoc|iPhone.Build.0 = Release|Any CPU
		{C3F15A39-A53B-425B-B3B4-3CEFCBEEDA80}.Ad-Hoc|iPhone.Deploy.0 = Release|Any CPU
		{C3F15A39-A53B-425B-B3B4-3CEFCBEEDA80}.Ad-Hoc|iPhoneSimulator.ActiveCfg = Release|Any CPU
		{C3F15A39-A53B-425B-B3B4-3CEFCBEEDA80}.Ad-Hoc|iPhoneSimulator.Build.0 = Release|Any CPU
		{C3F15A39-A53B-425B-B3B4-3CEFCBEEDA80}.Ad-Hoc|iPhoneSimulator.Deploy.0 = Release|Any CPU
		{C3F15A39-A53B-425B-B3B4-3CEFCBEEDA80}.Ad-Hoc|x86.ActiveCfg = Release|Any CPU
		{C3F15A39-A53B-425B-B3B4-3CEFCBEEDA80}.Ad-Hoc|x86.Build.0 = Release|Any CPU
		{C3F15A39-A53B-425B-B3B4-3CEFCBEEDA80}.Ad-Hoc|x86.Deploy.0 = Release|Any CPU
		{C3F15A39-A53B-425B-B3B4-3CEFCBEEDA80}.AppStore|Any CPU.ActiveCfg = Release|Any CPU
		{C3F15A39-A53B-425B-B3B4-3CEFCBEEDA80}.AppStore|Any CPU.Build.0 = Release|Any CPU
		{C3F15A39-A53B-425B-B3B4-3CEFCBEEDA80}.AppStore|Any CPU.Deploy.0 = Release|Any CPU
		{C3F15A39-A53B-425B-B3B4-3CEFCBEEDA80}.AppStore|ARM.ActiveCfg = Release|Any CPU
		{C3F15A39-A53B-425B-B3B4-3CEFCBEEDA80}.AppStore|ARM.Build.0 = Release|Any CPU
		{C3F15A39-A53B-425B-B3B4-3CEFCBEEDA80}.AppStore|ARM.Deploy.0 = Release|Any CPU
		{C3F15A39-A53B-425B-B3B4-3CEFCBEEDA80}.AppStore|iPhone.ActiveCfg = Release|Any CPU
		{C3F15A39-A53B-425B-B3B4-3CEFCBEEDA80}.AppStore|iPhone.Build.0 = Release|Any CPU
		{C3F15A39-A53B-425B-B3B4-3CEFCBEEDA80}.AppStore|iPhone.Deploy.0 = Release|Any CPU
		{C3F15A39-A53B-425B-B3B4-3CEFCBEEDA80}.AppStore|iPhoneSimulator.ActiveCfg = Release|Any CPU
		{C3F15A39-A53B-425B-B3B4-3CEFCBEEDA80}.AppStore|iPhoneSimulator.Build.0 = Release|Any CPU
		{C3F15A39-A53B-425B-B3B4-3CEFCBEEDA80}.AppStore|iPhoneSimulator.Deploy.0 = Release|Any CPU
		{C3F15A39-A53B-425B-B3B4-3CEFCBEEDA80}.AppStore|x86.ActiveCfg = Release|Any CPU
		{C3F15A39-A53B-425B-B3B4-3CEFCBEEDA80}.AppStore|x86.Build.0 = Release|Any CPU
		{C3F15A39-A53B-425B-B3B4-3CEFCBEEDA80}.AppStore|x86.Deploy.0 = Release|Any CPU
		{C3F15A39-A53B-425B-B3B4-3CEFCBEEDA80}.Debug|Any CPU.ActiveCfg = Debug|Any CPU
		{C3F15A39-A53B-425B-B3B4-3CEFCBEEDA80}.Debug|Any CPU.Build.0 = Debug|Any CPU
		{C3F15A39-A53B-425B-B3B4-3CEFCBEEDA80}.Debug|Any CPU.Deploy.0 = Debug|Any CPU
		{C3F15A39-A53B-425B-B3B4-3CEFCBEEDA80}.Debug|ARM.ActiveCfg = Debug|Any CPU
		{C3F15A39-A53B-425B-B3B4-3CEFCBEEDA80}.Debug|ARM.Build.0 = Debug|Any CPU
		{C3F15A39-A53B-425B-B3B4-3CEFCBEEDA80}.Debug|ARM.Deploy.0 = Debug|Any CPU
		{C3F15A39-A53B-425B-B3B4-3CEFCBEEDA80}.Debug|iPhone.ActiveCfg = Debug|Any CPU
		{C3F15A39-A53B-425B-B3B4-3CEFCBEEDA80}.Debug|iPhone.Build.0 = Debug|Any CPU
		{C3F15A39-A53B-425B-B3B4-3CEFCBEEDA80}.Debug|iPhone.Deploy.0 = Debug|Any CPU
		{C3F15A39-A53B-425B-B3B4-3CEFCBEEDA80}.Debug|iPhoneSimulator.ActiveCfg = Debug|Any CPU
		{C3F15A39-A53B-425B-B3B4-3CEFCBEEDA80}.Debug|x86.ActiveCfg = Debug|Any CPU
		{C3F15A39-A53B-425B-B3B4-3CEFCBEEDA80}.Debug|x86.Build.0 = Debug|Any CPU
		{C3F15A39-A53B-425B-B3B4-3CEFCBEEDA80}.Debug|x86.Deploy.0 = Debug|Any CPU
		{C3F15A39-A53B-425B-B3B4-3CEFCBEEDA80}.Release|Any CPU.ActiveCfg = Release|Any CPU
		{C3F15A39-A53B-425B-B3B4-3CEFCBEEDA80}.Release|Any CPU.Build.0 = Release|Any CPU
		{C3F15A39-A53B-425B-B3B4-3CEFCBEEDA80}.Release|Any CPU.Deploy.0 = Release|Any CPU
		{C3F15A39-A53B-425B-B3B4-3CEFCBEEDA80}.Release|ARM.ActiveCfg = Release|Any CPU
		{C3F15A39-A53B-425B-B3B4-3CEFCBEEDA80}.Release|ARM.Build.0 = Release|Any CPU
		{C3F15A39-A53B-425B-B3B4-3CEFCBEEDA80}.Release|ARM.Deploy.0 = Release|Any CPU
		{C3F15A39-A53B-425B-B3B4-3CEFCBEEDA80}.Release|iPhone.ActiveCfg = Release|Any CPU
		{C3F15A39-A53B-425B-B3B4-3CEFCBEEDA80}.Release|iPhone.Build.0 = Release|Any CPU
		{C3F15A39-A53B-425B-B3B4-3CEFCBEEDA80}.Release|iPhone.Deploy.0 = Release|Any CPU
		{C3F15A39-A53B-425B-B3B4-3CEFCBEEDA80}.Release|iPhoneSimulator.ActiveCfg = Release|Any CPU
		{C3F15A39-A53B-425B-B3B4-3CEFCBEEDA80}.Release|iPhoneSimulator.Build.0 = Release|Any CPU
		{C3F15A39-A53B-425B-B3B4-3CEFCBEEDA80}.Release|iPhoneSimulator.Deploy.0 = Release|Any CPU
		{C3F15A39-A53B-425B-B3B4-3CEFCBEEDA80}.Release|x86.ActiveCfg = Release|Any CPU
		{C3F15A39-A53B-425B-B3B4-3CEFCBEEDA80}.Release|x86.Build.0 = Release|Any CPU
		{C3F15A39-A53B-425B-B3B4-3CEFCBEEDA80}.Release|x86.Deploy.0 = Release|Any CPU
		{B39FABA3-DD14-4AB9-A622-CEB312E92716}.Ad-Hoc|Any CPU.ActiveCfg = Release|Any CPU
		{B39FABA3-DD14-4AB9-A622-CEB312E92716}.Ad-Hoc|Any CPU.Build.0 = Release|Any CPU
		{B39FABA3-DD14-4AB9-A622-CEB312E92716}.Ad-Hoc|Any CPU.Deploy.0 = Release|Any CPU
		{B39FABA3-DD14-4AB9-A622-CEB312E92716}.Ad-Hoc|ARM.ActiveCfg = Release|ARM
		{B39FABA3-DD14-4AB9-A622-CEB312E92716}.Ad-Hoc|ARM.Build.0 = Release|ARM
		{B39FABA3-DD14-4AB9-A622-CEB312E92716}.Ad-Hoc|ARM.Deploy.0 = Release|ARM
		{B39FABA3-DD14-4AB9-A622-CEB312E92716}.Ad-Hoc|iPhone.ActiveCfg = Release|Any CPU
		{B39FABA3-DD14-4AB9-A622-CEB312E92716}.Ad-Hoc|iPhone.Build.0 = Release|Any CPU
		{B39FABA3-DD14-4AB9-A622-CEB312E92716}.Ad-Hoc|iPhone.Deploy.0 = Release|Any CPU
		{B39FABA3-DD14-4AB9-A622-CEB312E92716}.Ad-Hoc|iPhoneSimulator.ActiveCfg = Release|Any CPU
		{B39FABA3-DD14-4AB9-A622-CEB312E92716}.Ad-Hoc|iPhoneSimulator.Build.0 = Release|Any CPU
		{B39FABA3-DD14-4AB9-A622-CEB312E92716}.Ad-Hoc|iPhoneSimulator.Deploy.0 = Release|Any CPU
		{B39FABA3-DD14-4AB9-A622-CEB312E92716}.Ad-Hoc|x86.ActiveCfg = Release|x86
		{B39FABA3-DD14-4AB9-A622-CEB312E92716}.Ad-Hoc|x86.Build.0 = Release|x86
		{B39FABA3-DD14-4AB9-A622-CEB312E92716}.Ad-Hoc|x86.Deploy.0 = Release|x86
		{B39FABA3-DD14-4AB9-A622-CEB312E92716}.AppStore|Any CPU.ActiveCfg = Release|Any CPU
		{B39FABA3-DD14-4AB9-A622-CEB312E92716}.AppStore|Any CPU.Build.0 = Release|Any CPU
		{B39FABA3-DD14-4AB9-A622-CEB312E92716}.AppStore|Any CPU.Deploy.0 = Release|Any CPU
		{B39FABA3-DD14-4AB9-A622-CEB312E92716}.AppStore|ARM.ActiveCfg = Release|ARM
		{B39FABA3-DD14-4AB9-A622-CEB312E92716}.AppStore|ARM.Build.0 = Release|ARM
		{B39FABA3-DD14-4AB9-A622-CEB312E92716}.AppStore|ARM.Deploy.0 = Release|ARM
		{B39FABA3-DD14-4AB9-A622-CEB312E92716}.AppStore|iPhone.ActiveCfg = Release|Any CPU
		{B39FABA3-DD14-4AB9-A622-CEB312E92716}.AppStore|iPhone.Build.0 = Release|Any CPU
		{B39FABA3-DD14-4AB9-A622-CEB312E92716}.AppStore|iPhone.Deploy.0 = Release|Any CPU
		{B39FABA3-DD14-4AB9-A622-CEB312E92716}.AppStore|iPhoneSimulator.ActiveCfg = Release|Any CPU
		{B39FABA3-DD14-4AB9-A622-CEB312E92716}.AppStore|iPhoneSimulator.Build.0 = Release|Any CPU
		{B39FABA3-DD14-4AB9-A622-CEB312E92716}.AppStore|iPhoneSimulator.Deploy.0 = Release|Any CPU
		{B39FABA3-DD14-4AB9-A622-CEB312E92716}.AppStore|x86.ActiveCfg = Release|x86
		{B39FABA3-DD14-4AB9-A622-CEB312E92716}.AppStore|x86.Build.0 = Release|x86
		{B39FABA3-DD14-4AB9-A622-CEB312E92716}.AppStore|x86.Deploy.0 = Release|x86
		{B39FABA3-DD14-4AB9-A622-CEB312E92716}.Debug|Any CPU.ActiveCfg = Debug|Any CPU
		{B39FABA3-DD14-4AB9-A622-CEB312E92716}.Debug|Any CPU.Build.0 = Debug|Any CPU
		{B39FABA3-DD14-4AB9-A622-CEB312E92716}.Debug|Any CPU.Deploy.0 = Debug|Any CPU
		{B39FABA3-DD14-4AB9-A622-CEB312E92716}.Debug|ARM.ActiveCfg = Debug|ARM
		{B39FABA3-DD14-4AB9-A622-CEB312E92716}.Debug|ARM.Build.0 = Debug|ARM
		{B39FABA3-DD14-4AB9-A622-CEB312E92716}.Debug|ARM.Deploy.0 = Debug|ARM
		{B39FABA3-DD14-4AB9-A622-CEB312E92716}.Debug|iPhone.ActiveCfg = Debug|Any CPU
		{B39FABA3-DD14-4AB9-A622-CEB312E92716}.Debug|iPhone.Build.0 = Debug|Any CPU
		{B39FABA3-DD14-4AB9-A622-CEB312E92716}.Debug|iPhone.Deploy.0 = Debug|Any CPU
		{B39FABA3-DD14-4AB9-A622-CEB312E92716}.Debug|iPhoneSimulator.ActiveCfg = Debug|Any CPU
		{B39FABA3-DD14-4AB9-A622-CEB312E92716}.Debug|x86.ActiveCfg = Debug|x86
		{B39FABA3-DD14-4AB9-A622-CEB312E92716}.Debug|x86.Build.0 = Debug|x86
		{B39FABA3-DD14-4AB9-A622-CEB312E92716}.Debug|x86.Deploy.0 = Debug|x86
		{B39FABA3-DD14-4AB9-A622-CEB312E92716}.Release|Any CPU.ActiveCfg = Release|Any CPU
		{B39FABA3-DD14-4AB9-A622-CEB312E92716}.Release|Any CPU.Build.0 = Release|Any CPU
		{B39FABA3-DD14-4AB9-A622-CEB312E92716}.Release|Any CPU.Deploy.0 = Release|Any CPU
		{B39FABA3-DD14-4AB9-A622-CEB312E92716}.Release|ARM.ActiveCfg = Release|ARM
		{B39FABA3-DD14-4AB9-A622-CEB312E92716}.Release|ARM.Build.0 = Release|ARM
		{B39FABA3-DD14-4AB9-A622-CEB312E92716}.Release|ARM.Deploy.0 = Release|ARM
		{B39FABA3-DD14-4AB9-A622-CEB312E92716}.Release|iPhone.ActiveCfg = Release|Any CPU
		{B39FABA3-DD14-4AB9-A622-CEB312E92716}.Release|iPhone.Build.0 = Release|Any CPU
		{B39FABA3-DD14-4AB9-A622-CEB312E92716}.Release|iPhone.Deploy.0 = Release|Any CPU
		{B39FABA3-DD14-4AB9-A622-CEB312E92716}.Release|iPhoneSimulator.ActiveCfg = Release|Any CPU
		{B39FABA3-DD14-4AB9-A622-CEB312E92716}.Release|iPhoneSimulator.Build.0 = Release|Any CPU
		{B39FABA3-DD14-4AB9-A622-CEB312E92716}.Release|iPhoneSimulator.Deploy.0 = Release|Any CPU
		{B39FABA3-DD14-4AB9-A622-CEB312E92716}.Release|x86.ActiveCfg = Release|x86
		{B39FABA3-DD14-4AB9-A622-CEB312E92716}.Release|x86.Build.0 = Release|x86
		{B39FABA3-DD14-4AB9-A622-CEB312E92716}.Release|x86.Deploy.0 = Release|x86
		{77C18ED2-4ADD-4198-8A9E-BD474A9D964F}.Ad-Hoc|Any CPU.ActiveCfg = Ad-Hoc|iPhone
		{77C18ED2-4ADD-4198-8A9E-BD474A9D964F}.Ad-Hoc|ARM.ActiveCfg = Ad-Hoc|iPhone
		{77C18ED2-4ADD-4198-8A9E-BD474A9D964F}.Ad-Hoc|iPhone.ActiveCfg = Ad-Hoc|iPhone
		{77C18ED2-4ADD-4198-8A9E-BD474A9D964F}.Ad-Hoc|iPhone.Build.0 = Ad-Hoc|iPhone
		{77C18ED2-4ADD-4198-8A9E-BD474A9D964F}.Ad-Hoc|iPhoneSimulator.ActiveCfg = Ad-Hoc|iPhoneSimulator
		{77C18ED2-4ADD-4198-8A9E-BD474A9D964F}.Ad-Hoc|iPhoneSimulator.Build.0 = Ad-Hoc|iPhoneSimulator
		{77C18ED2-4ADD-4198-8A9E-BD474A9D964F}.Ad-Hoc|x86.ActiveCfg = Ad-Hoc|iPhone
		{77C18ED2-4ADD-4198-8A9E-BD474A9D964F}.AppStore|Any CPU.ActiveCfg = AppStore|iPhone
		{77C18ED2-4ADD-4198-8A9E-BD474A9D964F}.AppStore|ARM.ActiveCfg = AppStore|iPhone
		{77C18ED2-4ADD-4198-8A9E-BD474A9D964F}.AppStore|iPhone.ActiveCfg = AppStore|iPhone
		{77C18ED2-4ADD-4198-8A9E-BD474A9D964F}.AppStore|iPhone.Build.0 = AppStore|iPhone
		{77C18ED2-4ADD-4198-8A9E-BD474A9D964F}.AppStore|iPhoneSimulator.ActiveCfg = AppStore|iPhoneSimulator
		{77C18ED2-4ADD-4198-8A9E-BD474A9D964F}.AppStore|iPhoneSimulator.Build.0 = AppStore|iPhoneSimulator
		{77C18ED2-4ADD-4198-8A9E-BD474A9D964F}.AppStore|x86.ActiveCfg = AppStore|iPhone
		{77C18ED2-4ADD-4198-8A9E-BD474A9D964F}.Debug|Any CPU.ActiveCfg = Debug|iPhone
		{77C18ED2-4ADD-4198-8A9E-BD474A9D964F}.Debug|ARM.ActiveCfg = Debug|iPhone
		{77C18ED2-4ADD-4198-8A9E-BD474A9D964F}.Debug|iPhone.ActiveCfg = Debug|iPhone
		{77C18ED2-4ADD-4198-8A9E-BD474A9D964F}.Debug|iPhone.Build.0 = Debug|iPhone
		{77C18ED2-4ADD-4198-8A9E-BD474A9D964F}.Debug|iPhoneSimulator.ActiveCfg = Debug|iPhoneSimulator
		{77C18ED2-4ADD-4198-8A9E-BD474A9D964F}.Debug|iPhoneSimulator.Build.0 = Debug|iPhoneSimulator
		{77C18ED2-4ADD-4198-8A9E-BD474A9D964F}.Debug|x86.ActiveCfg = Debug|iPhone
		{77C18ED2-4ADD-4198-8A9E-BD474A9D964F}.Release|Any CPU.ActiveCfg = Release|iPhone
		{77C18ED2-4ADD-4198-8A9E-BD474A9D964F}.Release|ARM.ActiveCfg = Release|iPhone
		{77C18ED2-4ADD-4198-8A9E-BD474A9D964F}.Release|iPhone.ActiveCfg = Release|iPhone
		{77C18ED2-4ADD-4198-8A9E-BD474A9D964F}.Release|iPhone.Build.0 = Release|iPhone
		{77C18ED2-4ADD-4198-8A9E-BD474A9D964F}.Release|iPhoneSimulator.ActiveCfg = Release|iPhoneSimulator
		{77C18ED2-4ADD-4198-8A9E-BD474A9D964F}.Release|iPhoneSimulator.Build.0 = Release|iPhoneSimulator
		{77C18ED2-4ADD-4198-8A9E-BD474A9D964F}.Release|x86.ActiveCfg = Release|iPhone
		{B3194131-55DD-4E07-9BF1-9987C848D429}.Ad-Hoc|Any CPU.ActiveCfg = Release|Any CPU
		{B3194131-55DD-4E07-9BF1-9987C848D429}.Ad-Hoc|Any CPU.Build.0 = Release|Any CPU
		{B3194131-55DD-4E07-9BF1-9987C848D429}.Ad-Hoc|ARM.ActiveCfg = Release|Any CPU
		{B3194131-55DD-4E07-9BF1-9987C848D429}.Ad-Hoc|ARM.Build.0 = Release|Any CPU
		{B3194131-55DD-4E07-9BF1-9987C848D429}.Ad-Hoc|iPhone.ActiveCfg = Release|Any CPU
		{B3194131-55DD-4E07-9BF1-9987C848D429}.Ad-Hoc|iPhone.Build.0 = Release|Any CPU
		{B3194131-55DD-4E07-9BF1-9987C848D429}.Ad-Hoc|iPhoneSimulator.ActiveCfg = Release|Any CPU
		{B3194131-55DD-4E07-9BF1-9987C848D429}.Ad-Hoc|iPhoneSimulator.Build.0 = Release|Any CPU
		{B3194131-55DD-4E07-9BF1-9987C848D429}.Ad-Hoc|x86.ActiveCfg = Release|Any CPU
		{B3194131-55DD-4E07-9BF1-9987C848D429}.Ad-Hoc|x86.Build.0 = Release|Any CPU
		{B3194131-55DD-4E07-9BF1-9987C848D429}.AppStore|Any CPU.ActiveCfg = Release|Any CPU
		{B3194131-55DD-4E07-9BF1-9987C848D429}.AppStore|Any CPU.Build.0 = Release|Any CPU
		{B3194131-55DD-4E07-9BF1-9987C848D429}.AppStore|ARM.ActiveCfg = Release|Any CPU
		{B3194131-55DD-4E07-9BF1-9987C848D429}.AppStore|ARM.Build.0 = Release|Any CPU
		{B3194131-55DD-4E07-9BF1-9987C848D429}.AppStore|iPhone.ActiveCfg = Release|Any CPU
		{B3194131-55DD-4E07-9BF1-9987C848D429}.AppStore|iPhone.Build.0 = Release|Any CPU
		{B3194131-55DD-4E07-9BF1-9987C848D429}.AppStore|iPhoneSimulator.ActiveCfg = Release|Any CPU
		{B3194131-55DD-4E07-9BF1-9987C848D429}.AppStore|iPhoneSimulator.Build.0 = Release|Any CPU
		{B3194131-55DD-4E07-9BF1-9987C848D429}.AppStore|x86.ActiveCfg = Release|Any CPU
		{B3194131-55DD-4E07-9BF1-9987C848D429}.AppStore|x86.Build.0 = Release|Any CPU
		{B3194131-55DD-4E07-9BF1-9987C848D429}.Debug|Any CPU.ActiveCfg = Debug|Any CPU
		{B3194131-55DD-4E07-9BF1-9987C848D429}.Debug|Any CPU.Build.0 = Debug|Any CPU
		{B3194131-55DD-4E07-9BF1-9987C848D429}.Debug|ARM.ActiveCfg = Debug|Any CPU
		{B3194131-55DD-4E07-9BF1-9987C848D429}.Debug|ARM.Build.0 = Debug|Any CPU
		{B3194131-55DD-4E07-9BF1-9987C848D429}.Debug|iPhone.ActiveCfg = Debug|Any CPU
		{B3194131-55DD-4E07-9BF1-9987C848D429}.Debug|iPhone.Build.0 = Debug|Any CPU
		{B3194131-55DD-4E07-9BF1-9987C848D429}.Debug|iPhoneSimulator.ActiveCfg = Debug|Any CPU
		{B3194131-55DD-4E07-9BF1-9987C848D429}.Debug|iPhoneSimulator.Build.0 = Debug|Any CPU
		{B3194131-55DD-4E07-9BF1-9987C848D429}.Debug|x86.ActiveCfg = Debug|Any CPU
		{B3194131-55DD-4E07-9BF1-9987C848D429}.Debug|x86.Build.0 = Debug|Any CPU
		{B3194131-55DD-4E07-9BF1-9987C848D429}.Release|Any CPU.ActiveCfg = Release|Any CPU
		{B3194131-55DD-4E07-9BF1-9987C848D429}.Release|Any CPU.Build.0 = Release|Any CPU
		{B3194131-55DD-4E07-9BF1-9987C848D429}.Release|ARM.ActiveCfg = Release|Any CPU
		{B3194131-55DD-4E07-9BF1-9987C848D429}.Release|ARM.Build.0 = Release|Any CPU
		{B3194131-55DD-4E07-9BF1-9987C848D429}.Release|iPhone.ActiveCfg = Release|Any CPU
		{B3194131-55DD-4E07-9BF1-9987C848D429}.Release|iPhone.Build.0 = Release|Any CPU
		{B3194131-55DD-4E07-9BF1-9987C848D429}.Release|iPhoneSimulator.ActiveCfg = Release|Any CPU
		{B3194131-55DD-4E07-9BF1-9987C848D429}.Release|iPhoneSimulator.Build.0 = Release|Any CPU
		{B3194131-55DD-4E07-9BF1-9987C848D429}.Release|x86.ActiveCfg = Release|Any CPU
		{B3194131-55DD-4E07-9BF1-9987C848D429}.Release|x86.Build.0 = Release|Any CPU
		{4532653C-2715-4937-91B0-07A1FE5AEC23}.Ad-Hoc|Any CPU.ActiveCfg = Ad-Hoc|iPhone
		{4532653C-2715-4937-91B0-07A1FE5AEC23}.Ad-Hoc|ARM.ActiveCfg = Ad-Hoc|iPhone
		{4532653C-2715-4937-91B0-07A1FE5AEC23}.Ad-Hoc|iPhone.ActiveCfg = Ad-Hoc|iPhone
		{4532653C-2715-4937-91B0-07A1FE5AEC23}.Ad-Hoc|iPhone.Build.0 = Ad-Hoc|iPhone
		{4532653C-2715-4937-91B0-07A1FE5AEC23}.Ad-Hoc|iPhoneSimulator.ActiveCfg = Ad-Hoc|iPhoneSimulator
		{4532653C-2715-4937-91B0-07A1FE5AEC23}.Ad-Hoc|iPhoneSimulator.Build.0 = Ad-Hoc|iPhoneSimulator
		{4532653C-2715-4937-91B0-07A1FE5AEC23}.Ad-Hoc|x86.ActiveCfg = Ad-Hoc|iPhone
		{4532653C-2715-4937-91B0-07A1FE5AEC23}.AppStore|Any CPU.ActiveCfg = AppStore|iPhone
		{4532653C-2715-4937-91B0-07A1FE5AEC23}.AppStore|ARM.ActiveCfg = AppStore|iPhone
		{4532653C-2715-4937-91B0-07A1FE5AEC23}.AppStore|iPhone.ActiveCfg = AppStore|iPhone
		{4532653C-2715-4937-91B0-07A1FE5AEC23}.AppStore|iPhone.Build.0 = AppStore|iPhone
		{4532653C-2715-4937-91B0-07A1FE5AEC23}.AppStore|iPhoneSimulator.ActiveCfg = AppStore|iPhoneSimulator
		{4532653C-2715-4937-91B0-07A1FE5AEC23}.AppStore|iPhoneSimulator.Build.0 = AppStore|iPhoneSimulator
		{4532653C-2715-4937-91B0-07A1FE5AEC23}.AppStore|x86.ActiveCfg = AppStore|iPhone
		{4532653C-2715-4937-91B0-07A1FE5AEC23}.Debug|Any CPU.ActiveCfg = Debug|iPhone
		{4532653C-2715-4937-91B0-07A1FE5AEC23}.Debug|ARM.ActiveCfg = Debug|iPhone
		{4532653C-2715-4937-91B0-07A1FE5AEC23}.Debug|iPhone.ActiveCfg = Debug|iPhone
		{4532653C-2715-4937-91B0-07A1FE5AEC23}.Debug|iPhone.Build.0 = Debug|iPhone
		{4532653C-2715-4937-91B0-07A1FE5AEC23}.Debug|iPhoneSimulator.ActiveCfg = Debug|iPhoneSimulator
		{4532653C-2715-4937-91B0-07A1FE5AEC23}.Debug|iPhoneSimulator.Build.0 = Debug|iPhoneSimulator
		{4532653C-2715-4937-91B0-07A1FE5AEC23}.Debug|x86.ActiveCfg = Debug|iPhone
		{4532653C-2715-4937-91B0-07A1FE5AEC23}.Release|Any CPU.ActiveCfg = Release|iPhone
		{4532653C-2715-4937-91B0-07A1FE5AEC23}.Release|ARM.ActiveCfg = Release|iPhone
		{4532653C-2715-4937-91B0-07A1FE5AEC23}.Release|iPhone.ActiveCfg = Release|iPhone
		{4532653C-2715-4937-91B0-07A1FE5AEC23}.Release|iPhone.Build.0 = Release|iPhone
		{4532653C-2715-4937-91B0-07A1FE5AEC23}.Release|iPhoneSimulator.ActiveCfg = Release|iPhoneSimulator
		{4532653C-2715-4937-91B0-07A1FE5AEC23}.Release|iPhoneSimulator.Build.0 = Release|iPhoneSimulator
		{4532653C-2715-4937-91B0-07A1FE5AEC23}.Release|x86.ActiveCfg = Release|iPhone
		{301BA851-B399-43BA-B8BC-D8BEAC1705C0}.Ad-Hoc|Any CPU.ActiveCfg = Release|Any CPU
		{301BA851-B399-43BA-B8BC-D8BEAC1705C0}.Ad-Hoc|Any CPU.Build.0 = Release|Any CPU
		{301BA851-B399-43BA-B8BC-D8BEAC1705C0}.Ad-Hoc|Any CPU.Deploy.0 = Release|Any CPU
		{301BA851-B399-43BA-B8BC-D8BEAC1705C0}.Ad-Hoc|ARM.ActiveCfg = Release|Any CPU
		{301BA851-B399-43BA-B8BC-D8BEAC1705C0}.Ad-Hoc|ARM.Build.0 = Release|Any CPU
		{301BA851-B399-43BA-B8BC-D8BEAC1705C0}.Ad-Hoc|ARM.Deploy.0 = Release|Any CPU
		{301BA851-B399-43BA-B8BC-D8BEAC1705C0}.Ad-Hoc|iPhone.ActiveCfg = Release|Any CPU
		{301BA851-B399-43BA-B8BC-D8BEAC1705C0}.Ad-Hoc|iPhone.Build.0 = Release|Any CPU
		{301BA851-B399-43BA-B8BC-D8BEAC1705C0}.Ad-Hoc|iPhone.Deploy.0 = Release|Any CPU
		{301BA851-B399-43BA-B8BC-D8BEAC1705C0}.Ad-Hoc|iPhoneSimulator.ActiveCfg = Release|Any CPU
		{301BA851-B399-43BA-B8BC-D8BEAC1705C0}.Ad-Hoc|iPhoneSimulator.Build.0 = Release|Any CPU
		{301BA851-B399-43BA-B8BC-D8BEAC1705C0}.Ad-Hoc|iPhoneSimulator.Deploy.0 = Release|Any CPU
		{301BA851-B399-43BA-B8BC-D8BEAC1705C0}.Ad-Hoc|x86.ActiveCfg = Release|Any CPU
		{301BA851-B399-43BA-B8BC-D8BEAC1705C0}.Ad-Hoc|x86.Build.0 = Release|Any CPU
		{301BA851-B399-43BA-B8BC-D8BEAC1705C0}.Ad-Hoc|x86.Deploy.0 = Release|Any CPU
		{301BA851-B399-43BA-B8BC-D8BEAC1705C0}.AppStore|Any CPU.ActiveCfg = Release|Any CPU
		{301BA851-B399-43BA-B8BC-D8BEAC1705C0}.AppStore|Any CPU.Build.0 = Release|Any CPU
		{301BA851-B399-43BA-B8BC-D8BEAC1705C0}.AppStore|Any CPU.Deploy.0 = Release|Any CPU
		{301BA851-B399-43BA-B8BC-D8BEAC1705C0}.AppStore|ARM.ActiveCfg = Release|Any CPU
		{301BA851-B399-43BA-B8BC-D8BEAC1705C0}.AppStore|ARM.Build.0 = Release|Any CPU
		{301BA851-B399-43BA-B8BC-D8BEAC1705C0}.AppStore|ARM.Deploy.0 = Release|Any CPU
		{301BA851-B399-43BA-B8BC-D8BEAC1705C0}.AppStore|iPhone.ActiveCfg = Release|Any CPU
		{301BA851-B399-43BA-B8BC-D8BEAC1705C0}.AppStore|iPhone.Build.0 = Release|Any CPU
		{301BA851-B399-43BA-B8BC-D8BEAC1705C0}.AppStore|iPhone.Deploy.0 = Release|Any CPU
		{301BA851-B399-43BA-B8BC-D8BEAC1705C0}.AppStore|iPhoneSimulator.ActiveCfg = Release|Any CPU
		{301BA851-B399-43BA-B8BC-D8BEAC1705C0}.AppStore|iPhoneSimulator.Build.0 = Release|Any CPU
		{301BA851-B399-43BA-B8BC-D8BEAC1705C0}.AppStore|iPhoneSimulator.Deploy.0 = Release|Any CPU
		{301BA851-B399-43BA-B8BC-D8BEAC1705C0}.AppStore|x86.ActiveCfg = Release|Any CPU
		{301BA851-B399-43BA-B8BC-D8BEAC1705C0}.AppStore|x86.Build.0 = Release|Any CPU
		{301BA851-B399-43BA-B8BC-D8BEAC1705C0}.AppStore|x86.Deploy.0 = Release|Any CPU
		{301BA851-B399-43BA-B8BC-D8BEAC1705C0}.Debug|Any CPU.ActiveCfg = Debug|Any CPU
		{301BA851-B399-43BA-B8BC-D8BEAC1705C0}.Debug|Any CPU.Build.0 = Debug|Any CPU
		{301BA851-B399-43BA-B8BC-D8BEAC1705C0}.Debug|Any CPU.Deploy.0 = Debug|Any CPU
		{301BA851-B399-43BA-B8BC-D8BEAC1705C0}.Debug|ARM.ActiveCfg = Debug|Any CPU
		{301BA851-B399-43BA-B8BC-D8BEAC1705C0}.Debug|ARM.Build.0 = Debug|Any CPU
		{301BA851-B399-43BA-B8BC-D8BEAC1705C0}.Debug|ARM.Deploy.0 = Debug|Any CPU
		{301BA851-B399-43BA-B8BC-D8BEAC1705C0}.Debug|iPhone.ActiveCfg = Debug|Any CPU
		{301BA851-B399-43BA-B8BC-D8BEAC1705C0}.Debug|iPhone.Build.0 = Debug|Any CPU
		{301BA851-B399-43BA-B8BC-D8BEAC1705C0}.Debug|iPhone.Deploy.0 = Debug|Any CPU
		{301BA851-B399-43BA-B8BC-D8BEAC1705C0}.Debug|iPhoneSimulator.ActiveCfg = Debug|Any CPU
		{301BA851-B399-43BA-B8BC-D8BEAC1705C0}.Debug|iPhoneSimulator.Build.0 = Debug|Any CPU
		{301BA851-B399-43BA-B8BC-D8BEAC1705C0}.Debug|iPhoneSimulator.Deploy.0 = Debug|Any CPU
		{301BA851-B399-43BA-B8BC-D8BEAC1705C0}.Debug|x86.ActiveCfg = Debug|Any CPU
		{301BA851-B399-43BA-B8BC-D8BEAC1705C0}.Debug|x86.Build.0 = Debug|Any CPU
		{301BA851-B399-43BA-B8BC-D8BEAC1705C0}.Debug|x86.Deploy.0 = Debug|Any CPU
		{301BA851-B399-43BA-B8BC-D8BEAC1705C0}.Release|Any CPU.ActiveCfg = Release|Any CPU
		{301BA851-B399-43BA-B8BC-D8BEAC1705C0}.Release|Any CPU.Build.0 = Release|Any CPU
		{301BA851-B399-43BA-B8BC-D8BEAC1705C0}.Release|Any CPU.Deploy.0 = Release|Any CPU
		{301BA851-B399-43BA-B8BC-D8BEAC1705C0}.Release|ARM.ActiveCfg = Release|Any CPU
		{301BA851-B399-43BA-B8BC-D8BEAC1705C0}.Release|ARM.Build.0 = Release|Any CPU
		{301BA851-B399-43BA-B8BC-D8BEAC1705C0}.Release|ARM.Deploy.0 = Release|Any CPU
		{301BA851-B399-43BA-B8BC-D8BEAC1705C0}.Release|iPhone.ActiveCfg = Release|Any CPU
		{301BA851-B399-43BA-B8BC-D8BEAC1705C0}.Release|iPhone.Build.0 = Release|Any CPU
		{301BA851-B399-43BA-B8BC-D8BEAC1705C0}.Release|iPhone.Deploy.0 = Release|Any CPU
		{301BA851-B399-43BA-B8BC-D8BEAC1705C0}.Release|iPhoneSimulator.ActiveCfg = Release|Any CPU
		{301BA851-B399-43BA-B8BC-D8BEAC1705C0}.Release|iPhoneSimulator.Build.0 = Release|Any CPU
		{301BA851-B399-43BA-B8BC-D8BEAC1705C0}.Release|iPhoneSimulator.Deploy.0 = Release|Any CPU
		{301BA851-B399-43BA-B8BC-D8BEAC1705C0}.Release|x86.ActiveCfg = Release|Any CPU
		{301BA851-B399-43BA-B8BC-D8BEAC1705C0}.Release|x86.Build.0 = Release|Any CPU
		{301BA851-B399-43BA-B8BC-D8BEAC1705C0}.Release|x86.Deploy.0 = Release|Any CPU
		{12ABCF16-B019-49B7-A6F8-15F5E4D24DB9}.Ad-Hoc|Any CPU.ActiveCfg = Release|Any CPU
		{12ABCF16-B019-49B7-A6F8-15F5E4D24DB9}.Ad-Hoc|Any CPU.Build.0 = Release|Any CPU
		{12ABCF16-B019-49B7-A6F8-15F5E4D24DB9}.Ad-Hoc|Any CPU.Deploy.0 = Release|Any CPU
		{12ABCF16-B019-49B7-A6F8-15F5E4D24DB9}.Ad-Hoc|ARM.ActiveCfg = Release|ARM
		{12ABCF16-B019-49B7-A6F8-15F5E4D24DB9}.Ad-Hoc|ARM.Build.0 = Release|ARM
		{12ABCF16-B019-49B7-A6F8-15F5E4D24DB9}.Ad-Hoc|ARM.Deploy.0 = Release|ARM
		{12ABCF16-B019-49B7-A6F8-15F5E4D24DB9}.Ad-Hoc|iPhone.ActiveCfg = Release|Any CPU
		{12ABCF16-B019-49B7-A6F8-15F5E4D24DB9}.Ad-Hoc|iPhone.Build.0 = Release|Any CPU
		{12ABCF16-B019-49B7-A6F8-15F5E4D24DB9}.Ad-Hoc|iPhone.Deploy.0 = Release|Any CPU
		{12ABCF16-B019-49B7-A6F8-15F5E4D24DB9}.Ad-Hoc|iPhoneSimulator.ActiveCfg = Release|Any CPU
		{12ABCF16-B019-49B7-A6F8-15F5E4D24DB9}.Ad-Hoc|iPhoneSimulator.Build.0 = Release|Any CPU
		{12ABCF16-B019-49B7-A6F8-15F5E4D24DB9}.Ad-Hoc|iPhoneSimulator.Deploy.0 = Release|Any CPU
		{12ABCF16-B019-49B7-A6F8-15F5E4D24DB9}.Ad-Hoc|x86.ActiveCfg = Release|x86
		{12ABCF16-B019-49B7-A6F8-15F5E4D24DB9}.Ad-Hoc|x86.Build.0 = Release|x86
		{12ABCF16-B019-49B7-A6F8-15F5E4D24DB9}.Ad-Hoc|x86.Deploy.0 = Release|x86
		{12ABCF16-B019-49B7-A6F8-15F5E4D24DB9}.AppStore|Any CPU.ActiveCfg = Release|Any CPU
		{12ABCF16-B019-49B7-A6F8-15F5E4D24DB9}.AppStore|Any CPU.Build.0 = Release|Any CPU
		{12ABCF16-B019-49B7-A6F8-15F5E4D24DB9}.AppStore|Any CPU.Deploy.0 = Release|Any CPU
		{12ABCF16-B019-49B7-A6F8-15F5E4D24DB9}.AppStore|ARM.ActiveCfg = Release|ARM
		{12ABCF16-B019-49B7-A6F8-15F5E4D24DB9}.AppStore|ARM.Build.0 = Release|ARM
		{12ABCF16-B019-49B7-A6F8-15F5E4D24DB9}.AppStore|ARM.Deploy.0 = Release|ARM
		{12ABCF16-B019-49B7-A6F8-15F5E4D24DB9}.AppStore|iPhone.ActiveCfg = Release|Any CPU
		{12ABCF16-B019-49B7-A6F8-15F5E4D24DB9}.AppStore|iPhone.Build.0 = Release|Any CPU
		{12ABCF16-B019-49B7-A6F8-15F5E4D24DB9}.AppStore|iPhone.Deploy.0 = Release|Any CPU
		{12ABCF16-B019-49B7-A6F8-15F5E4D24DB9}.AppStore|iPhoneSimulator.ActiveCfg = Release|Any CPU
		{12ABCF16-B019-49B7-A6F8-15F5E4D24DB9}.AppStore|iPhoneSimulator.Build.0 = Release|Any CPU
		{12ABCF16-B019-49B7-A6F8-15F5E4D24DB9}.AppStore|iPhoneSimulator.Deploy.0 = Release|Any CPU
		{12ABCF16-B019-49B7-A6F8-15F5E4D24DB9}.AppStore|x86.ActiveCfg = Release|x86
		{12ABCF16-B019-49B7-A6F8-15F5E4D24DB9}.AppStore|x86.Build.0 = Release|x86
		{12ABCF16-B019-49B7-A6F8-15F5E4D24DB9}.AppStore|x86.Deploy.0 = Release|x86
		{12ABCF16-B019-49B7-A6F8-15F5E4D24DB9}.Debug|Any CPU.ActiveCfg = Debug|Any CPU
		{12ABCF16-B019-49B7-A6F8-15F5E4D24DB9}.Debug|Any CPU.Build.0 = Debug|Any CPU
		{12ABCF16-B019-49B7-A6F8-15F5E4D24DB9}.Debug|Any CPU.Deploy.0 = Debug|Any CPU
		{12ABCF16-B019-49B7-A6F8-15F5E4D24DB9}.Debug|ARM.ActiveCfg = Debug|ARM
		{12ABCF16-B019-49B7-A6F8-15F5E4D24DB9}.Debug|ARM.Build.0 = Debug|ARM
		{12ABCF16-B019-49B7-A6F8-15F5E4D24DB9}.Debug|ARM.Deploy.0 = Debug|ARM
		{12ABCF16-B019-49B7-A6F8-15F5E4D24DB9}.Debug|iPhone.ActiveCfg = Debug|Any CPU
		{12ABCF16-B019-49B7-A6F8-15F5E4D24DB9}.Debug|iPhone.Build.0 = Debug|Any CPU
		{12ABCF16-B019-49B7-A6F8-15F5E4D24DB9}.Debug|iPhone.Deploy.0 = Debug|Any CPU
		{12ABCF16-B019-49B7-A6F8-15F5E4D24DB9}.Debug|iPhoneSimulator.ActiveCfg = Debug|Any CPU
		{12ABCF16-B019-49B7-A6F8-15F5E4D24DB9}.Debug|iPhoneSimulator.Build.0 = Debug|Any CPU
		{12ABCF16-B019-49B7-A6F8-15F5E4D24DB9}.Debug|iPhoneSimulator.Deploy.0 = Debug|Any CPU
		{12ABCF16-B019-49B7-A6F8-15F5E4D24DB9}.Debug|x86.ActiveCfg = Debug|x86
		{12ABCF16-B019-49B7-A6F8-15F5E4D24DB9}.Debug|x86.Build.0 = Debug|x86
		{12ABCF16-B019-49B7-A6F8-15F5E4D24DB9}.Debug|x86.Deploy.0 = Debug|x86
		{12ABCF16-B019-49B7-A6F8-15F5E4D24DB9}.Release|Any CPU.ActiveCfg = Release|Any CPU
		{12ABCF16-B019-49B7-A6F8-15F5E4D24DB9}.Release|Any CPU.Build.0 = Release|Any CPU
		{12ABCF16-B019-49B7-A6F8-15F5E4D24DB9}.Release|Any CPU.Deploy.0 = Release|Any CPU
		{12ABCF16-B019-49B7-A6F8-15F5E4D24DB9}.Release|ARM.ActiveCfg = Release|ARM
		{12ABCF16-B019-49B7-A6F8-15F5E4D24DB9}.Release|ARM.Build.0 = Release|ARM
		{12ABCF16-B019-49B7-A6F8-15F5E4D24DB9}.Release|ARM.Deploy.0 = Release|ARM
		{12ABCF16-B019-49B7-A6F8-15F5E4D24DB9}.Release|iPhone.ActiveCfg = Release|Any CPU
		{12ABCF16-B019-49B7-A6F8-15F5E4D24DB9}.Release|iPhone.Build.0 = Release|Any CPU
		{12ABCF16-B019-49B7-A6F8-15F5E4D24DB9}.Release|iPhone.Deploy.0 = Release|Any CPU
		{12ABCF16-B019-49B7-A6F8-15F5E4D24DB9}.Release|iPhoneSimulator.ActiveCfg = Release|Any CPU
		{12ABCF16-B019-49B7-A6F8-15F5E4D24DB9}.Release|iPhoneSimulator.Build.0 = Release|Any CPU
		{12ABCF16-B019-49B7-A6F8-15F5E4D24DB9}.Release|iPhoneSimulator.Deploy.0 = Release|Any CPU
		{12ABCF16-B019-49B7-A6F8-15F5E4D24DB9}.Release|x86.ActiveCfg = Release|x86
		{12ABCF16-B019-49B7-A6F8-15F5E4D24DB9}.Release|x86.Build.0 = Release|x86
		{12ABCF16-B019-49B7-A6F8-15F5E4D24DB9}.Release|x86.Deploy.0 = Release|x86
		{31D2D903-5747-4FE7-A45E-459C1BF45DB9}.Ad-Hoc|Any CPU.ActiveCfg = Release|Any CPU
		{31D2D903-5747-4FE7-A45E-459C1BF45DB9}.Ad-Hoc|Any CPU.Build.0 = Release|Any CPU
		{31D2D903-5747-4FE7-A45E-459C1BF45DB9}.Ad-Hoc|Any CPU.Deploy.0 = Release|Any CPU
		{31D2D903-5747-4FE7-A45E-459C1BF45DB9}.Ad-Hoc|ARM.ActiveCfg = Release|ARM
		{31D2D903-5747-4FE7-A45E-459C1BF45DB9}.Ad-Hoc|ARM.Build.0 = Release|ARM
		{31D2D903-5747-4FE7-A45E-459C1BF45DB9}.Ad-Hoc|ARM.Deploy.0 = Release|ARM
		{31D2D903-5747-4FE7-A45E-459C1BF45DB9}.Ad-Hoc|iPhone.ActiveCfg = Release|Any CPU
		{31D2D903-5747-4FE7-A45E-459C1BF45DB9}.Ad-Hoc|iPhone.Build.0 = Release|Any CPU
		{31D2D903-5747-4FE7-A45E-459C1BF45DB9}.Ad-Hoc|iPhone.Deploy.0 = Release|Any CPU
		{31D2D903-5747-4FE7-A45E-459C1BF45DB9}.Ad-Hoc|iPhoneSimulator.ActiveCfg = Release|Any CPU
		{31D2D903-5747-4FE7-A45E-459C1BF45DB9}.Ad-Hoc|iPhoneSimulator.Build.0 = Release|Any CPU
		{31D2D903-5747-4FE7-A45E-459C1BF45DB9}.Ad-Hoc|iPhoneSimulator.Deploy.0 = Release|Any CPU
		{31D2D903-5747-4FE7-A45E-459C1BF45DB9}.Ad-Hoc|x86.ActiveCfg = Release|x86
		{31D2D903-5747-4FE7-A45E-459C1BF45DB9}.Ad-Hoc|x86.Build.0 = Release|x86
		{31D2D903-5747-4FE7-A45E-459C1BF45DB9}.Ad-Hoc|x86.Deploy.0 = Release|x86
		{31D2D903-5747-4FE7-A45E-459C1BF45DB9}.AppStore|Any CPU.ActiveCfg = Release|Any CPU
		{31D2D903-5747-4FE7-A45E-459C1BF45DB9}.AppStore|Any CPU.Build.0 = Release|Any CPU
		{31D2D903-5747-4FE7-A45E-459C1BF45DB9}.AppStore|Any CPU.Deploy.0 = Release|Any CPU
		{31D2D903-5747-4FE7-A45E-459C1BF45DB9}.AppStore|ARM.ActiveCfg = Release|ARM
		{31D2D903-5747-4FE7-A45E-459C1BF45DB9}.AppStore|ARM.Build.0 = Release|ARM
		{31D2D903-5747-4FE7-A45E-459C1BF45DB9}.AppStore|ARM.Deploy.0 = Release|ARM
		{31D2D903-5747-4FE7-A45E-459C1BF45DB9}.AppStore|iPhone.ActiveCfg = Release|Any CPU
		{31D2D903-5747-4FE7-A45E-459C1BF45DB9}.AppStore|iPhone.Build.0 = Release|Any CPU
		{31D2D903-5747-4FE7-A45E-459C1BF45DB9}.AppStore|iPhone.Deploy.0 = Release|Any CPU
		{31D2D903-5747-4FE7-A45E-459C1BF45DB9}.AppStore|iPhoneSimulator.ActiveCfg = Release|Any CPU
		{31D2D903-5747-4FE7-A45E-459C1BF45DB9}.AppStore|iPhoneSimulator.Build.0 = Release|Any CPU
		{31D2D903-5747-4FE7-A45E-459C1BF45DB9}.AppStore|iPhoneSimulator.Deploy.0 = Release|Any CPU
		{31D2D903-5747-4FE7-A45E-459C1BF45DB9}.AppStore|x86.ActiveCfg = Release|x86
		{31D2D903-5747-4FE7-A45E-459C1BF45DB9}.AppStore|x86.Build.0 = Release|x86
		{31D2D903-5747-4FE7-A45E-459C1BF45DB9}.AppStore|x86.Deploy.0 = Release|x86
		{31D2D903-5747-4FE7-A45E-459C1BF45DB9}.Debug|Any CPU.ActiveCfg = Debug|Any CPU
		{31D2D903-5747-4FE7-A45E-459C1BF45DB9}.Debug|Any CPU.Build.0 = Debug|Any CPU
		{31D2D903-5747-4FE7-A45E-459C1BF45DB9}.Debug|Any CPU.Deploy.0 = Debug|Any CPU
		{31D2D903-5747-4FE7-A45E-459C1BF45DB9}.Debug|ARM.ActiveCfg = Debug|ARM
		{31D2D903-5747-4FE7-A45E-459C1BF45DB9}.Debug|ARM.Build.0 = Debug|ARM
		{31D2D903-5747-4FE7-A45E-459C1BF45DB9}.Debug|ARM.Deploy.0 = Debug|ARM
		{31D2D903-5747-4FE7-A45E-459C1BF45DB9}.Debug|iPhone.ActiveCfg = Debug|Any CPU
		{31D2D903-5747-4FE7-A45E-459C1BF45DB9}.Debug|iPhone.Build.0 = Debug|Any CPU
		{31D2D903-5747-4FE7-A45E-459C1BF45DB9}.Debug|iPhone.Deploy.0 = Debug|Any CPU
		{31D2D903-5747-4FE7-A45E-459C1BF45DB9}.Debug|iPhoneSimulator.ActiveCfg = Debug|Any CPU
		{31D2D903-5747-4FE7-A45E-459C1BF45DB9}.Debug|iPhoneSimulator.Build.0 = Debug|Any CPU
		{31D2D903-5747-4FE7-A45E-459C1BF45DB9}.Debug|iPhoneSimulator.Deploy.0 = Debug|Any CPU
		{31D2D903-5747-4FE7-A45E-459C1BF45DB9}.Debug|x86.ActiveCfg = Debug|x86
		{31D2D903-5747-4FE7-A45E-459C1BF45DB9}.Debug|x86.Build.0 = Debug|x86
		{31D2D903-5747-4FE7-A45E-459C1BF45DB9}.Debug|x86.Deploy.0 = Debug|x86
		{31D2D903-5747-4FE7-A45E-459C1BF45DB9}.Release|Any CPU.ActiveCfg = Release|Any CPU
		{31D2D903-5747-4FE7-A45E-459C1BF45DB9}.Release|Any CPU.Build.0 = Release|Any CPU
		{31D2D903-5747-4FE7-A45E-459C1BF45DB9}.Release|Any CPU.Deploy.0 = Release|Any CPU
		{31D2D903-5747-4FE7-A45E-459C1BF45DB9}.Release|ARM.ActiveCfg = Release|ARM
		{31D2D903-5747-4FE7-A45E-459C1BF45DB9}.Release|ARM.Build.0 = Release|ARM
		{31D2D903-5747-4FE7-A45E-459C1BF45DB9}.Release|ARM.Deploy.0 = Release|ARM
		{31D2D903-5747-4FE7-A45E-459C1BF45DB9}.Release|iPhone.ActiveCfg = Release|Any CPU
		{31D2D903-5747-4FE7-A45E-459C1BF45DB9}.Release|iPhone.Build.0 = Release|Any CPU
		{31D2D903-5747-4FE7-A45E-459C1BF45DB9}.Release|iPhone.Deploy.0 = Release|Any CPU
		{31D2D903-5747-4FE7-A45E-459C1BF45DB9}.Release|iPhoneSimulator.ActiveCfg = Release|Any CPU
		{31D2D903-5747-4FE7-A45E-459C1BF45DB9}.Release|iPhoneSimulator.Build.0 = Release|Any CPU
		{31D2D903-5747-4FE7-A45E-459C1BF45DB9}.Release|iPhoneSimulator.Deploy.0 = Release|Any CPU
		{31D2D903-5747-4FE7-A45E-459C1BF45DB9}.Release|x86.ActiveCfg = Release|x86
		{31D2D903-5747-4FE7-A45E-459C1BF45DB9}.Release|x86.Build.0 = Release|x86
		{31D2D903-5747-4FE7-A45E-459C1BF45DB9}.Release|x86.Deploy.0 = Release|x86
	EndGlobalSection
	GlobalSection(SolutionProperties) = preSolution
		HideSolutionNode = FALSE
	EndGlobalSection
	GlobalSection(NestedProjects) = preSolution
		{B3194131-55DD-4E07-9BF1-9987C848D429} = {4841DDF3-5582-40D7-9F0F-307B6FC44607}
		{4532653C-2715-4937-91B0-07A1FE5AEC23} = {4841DDF3-5582-40D7-9F0F-307B6FC44607}
		{301BA851-B399-43BA-B8BC-D8BEAC1705C0} = {4841DDF3-5582-40D7-9F0F-307B6FC44607}
		{12ABCF16-B019-49B7-A6F8-15F5E4D24DB9} = {4841DDF3-5582-40D7-9F0F-307B6FC44607}
		{31D2D903-5747-4FE7-A45E-459C1BF45DB9} = {4841DDF3-5582-40D7-9F0F-307B6FC44607}
	EndGlobalSection
EndGlobal
