
Microsoft Visual Studio Solution File, Format Version 12.00
# Visual Studio 14
VisualStudioVersion = 14.0.23107.0
MinimumVisualStudioVersion = 10.0.40219.1
Project("{FAE04EC0-301F-11D3-BF4B-00C04F79EFBC}") = "ListViewSample", "ListViewSample\ListViewSample\ListViewSample.csproj", "{CEB7FA0A-2D6B-4D96-9DBF-9D0C7CB4CFE7}"
EndProject
Project("{FAE04EC0-301F-11D3-BF4B-00C04F79EFBC}") = "ListViewSample.iOS", "ListViewSample\ListViewSample.iOS\ListViewSample.iOS.csproj", "{8B907C73-3DB0-4A67-8EE3-121E1D946DCC}"
EndProject
Project("{FAE04EC0-301F-11D3-BF4B-00C04F79EFBC}") = "ListViewSample.Droid", "ListViewSample\ListViewSample.Droid\ListViewSample.Droid.csproj", "{FAF52E2C-DD2B-4A7E-8517-E8210306DBBC}"
EndProject
Project("{FAE04EC0-301F-11D3-BF4B-00C04F79EFBC}") = "ListViewSample.WinPhone", "ListViewSample\ListViewSample.WinPhone\ListViewSample.WinPhone.csproj", "{6463B3A6-1CB0-4F15-9131-65E8A4D1936E}"
EndProject
Project("{FAE04EC0-301F-11D3-BF4B-00C04F79EFBC}") = "XF_ListViewSample", "XF_ListViewSample\XF_ListViewSample\XF_ListViewSample.csproj", "{3FC03270-1A74-4B98-A203-195962BFEA7A}"
EndProject
Project("{FAE04EC0-301F-11D3-BF4B-00C04F79EFBC}") = "XF_ListViewSample.iOS", "XF_ListViewSample\XF_ListViewSample.iOS\XF_ListViewSample.iOS.csproj", "{FF54B907-DB6F-48EB-9A41-0F9AC3607DC3}"
EndProject
Project("{FAE04EC0-301F-11D3-BF4B-00C04F79EFBC}") = "XF_ListViewSample.Droid", "XF_ListViewSample\XF_ListViewSample.Droid\XF_ListViewSample.Droid.csproj", "{37D01EDD-C7CA-488E-A572-3BDC8C9BE48B}"
EndProject
Project("{FAE04EC0-301F-11D3-BF4B-00C04F79EFBC}") = "XF_ListViewSample.WinPhone", "XF_ListViewSample\XF_ListViewSample.WinPhone\XF_ListViewSample.WinPhone.csproj", "{08ED9EA0-3633-4D67-8D89-47D68389F554}"
EndProject
Project("{2150E333-8FDC-42A3-9474-1A3956D46DE8}") = "Xamarin.Forms", "Xamarin.Forms", "{BADBE876-C13B-4F2B-95E2-9DD152F221CD}"
EndProject
Global
	GlobalSection(SolutionConfigurationPlatforms) = preSolution
		Ad-Hoc|Any CPU = Ad-Hoc|Any CPU
		Ad-Hoc|ARM = Ad-Hoc|ARM
		Ad-Hoc|iPhone = Ad-Hoc|iPhone
		Ad-Hoc|iPhoneSimulator = Ad-Hoc|iPhoneSimulator
		Ad-Hoc|x86 = Ad-Hoc|x86
		AppStore|Any CPU = AppStore|Any CPU
		AppStore|ARM = AppStore|ARM
		AppStore|iPhone = AppStore|iPhone
		AppStore|iPhoneSimulator = AppStore|iPhoneSimulator
		AppStore|x86 = AppStore|x86
		Debug|Any CPU = Debug|Any CPU
		Debug|ARM = Debug|ARM
		Debug|iPhone = Debug|iPhone
		Debug|iPhoneSimulator = Debug|iPhoneSimulator
		Debug|x86 = Debug|x86
		Release|Any CPU = Release|Any CPU
		Release|ARM = Release|ARM
		Release|iPhone = Release|iPhone
		Release|iPhoneSimulator = Release|iPhoneSimulator
		Release|x86 = Release|x86
	EndGlobalSection
	GlobalSection(ProjectConfigurationPlatforms) = postSolution
		{CEB7FA0A-2D6B-4D96-9DBF-9D0C7CB4CFE7}.Ad-Hoc|Any CPU.ActiveCfg = Release|Any CPU
		{CEB7FA0A-2D6B-4D96-9DBF-9D0C7CB4CFE7}.Ad-Hoc|Any CPU.Build.0 = Release|Any CPU
		{CEB7FA0A-2D6B-4D96-9DBF-9D0C7CB4CFE7}.Ad-Hoc|ARM.ActiveCfg = Release|Any CPU
		{CEB7FA0A-2D6B-4D96-9DBF-9D0C7CB4CFE7}.Ad-Hoc|ARM.Build.0 = Release|Any CPU
		{CEB7FA0A-2D6B-4D96-9DBF-9D0C7CB4CFE7}.Ad-Hoc|iPhone.ActiveCfg = Release|Any CPU
		{CEB7FA0A-2D6B-4D96-9DBF-9D0C7CB4CFE7}.Ad-Hoc|iPhone.Build.0 = Release|Any CPU
		{CEB7FA0A-2D6B-4D96-9DBF-9D0C7CB4CFE7}.Ad-Hoc|iPhoneSimulator.ActiveCfg = Release|Any CPU
		{CEB7FA0A-2D6B-4D96-9DBF-9D0C7CB4CFE7}.Ad-Hoc|iPhoneSimulator.Build.0 = Release|Any CPU
		{CEB7FA0A-2D6B-4D96-9DBF-9D0C7CB4CFE7}.Ad-Hoc|x86.ActiveCfg = Release|Any CPU
		{CEB7FA0A-2D6B-4D96-9DBF-9D0C7CB4CFE7}.Ad-Hoc|x86.Build.0 = Release|Any CPU
		{CEB7FA0A-2D6B-4D96-9DBF-9D0C7CB4CFE7}.AppStore|Any CPU.ActiveCfg = Release|Any CPU
		{CEB7FA0A-2D6B-4D96-9DBF-9D0C7CB4CFE7}.AppStore|Any CPU.Build.0 = Release|Any CPU
		{CEB7FA0A-2D6B-4D96-9DBF-9D0C7CB4CFE7}.AppStore|ARM.ActiveCfg = Release|Any CPU
		{CEB7FA0A-2D6B-4D96-9DBF-9D0C7CB4CFE7}.AppStore|ARM.Build.0 = Release|Any CPU
		{CEB7FA0A-2D6B-4D96-9DBF-9D0C7CB4CFE7}.AppStore|iPhone.ActiveCfg = Release|Any CPU
		{CEB7FA0A-2D6B-4D96-9DBF-9D0C7CB4CFE7}.AppStore|iPhone.Build.0 = Release|Any CPU
		{CEB7FA0A-2D6B-4D96-9DBF-9D0C7CB4CFE7}.AppStore|iPhoneSimulator.ActiveCfg = Release|Any CPU
		{CEB7FA0A-2D6B-4D96-9DBF-9D0C7CB4CFE7}.AppStore|iPhoneSimulator.Build.0 = Release|Any CPU
		{CEB7FA0A-2D6B-4D96-9DBF-9D0C7CB4CFE7}.AppStore|x86.ActiveCfg = Release|Any CPU
		{CEB7FA0A-2D6B-4D96-9DBF-9D0C7CB4CFE7}.AppStore|x86.Build.0 = Release|Any CPU
		{CEB7FA0A-2D6B-4D96-9DBF-9D0C7CB4CFE7}.Debug|Any CPU.ActiveCfg = Debug|Any CPU
		{CEB7FA0A-2D6B-4D96-9DBF-9D0C7CB4CFE7}.Debug|Any CPU.Build.0 = Debug|Any CPU
		{CEB7FA0A-2D6B-4D96-9DBF-9D0C7CB4CFE7}.Debug|ARM.ActiveCfg = Debug|Any CPU
		{CEB7FA0A-2D6B-4D96-9DBF-9D0C7CB4CFE7}.Debug|ARM.Build.0 = Debug|Any CPU
		{CEB7FA0A-2D6B-4D96-9DBF-9D0C7CB4CFE7}.Debug|iPhone.ActiveCfg = Debug|Any CPU
		{CEB7FA0A-2D6B-4D96-9DBF-9D0C7CB4CFE7}.Debug|iPhone.Build.0 = Debug|Any CPU
		{CEB7FA0A-2D6B-4D96-9DBF-9D0C7CB4CFE7}.Debug|iPhoneSimulator.ActiveCfg = Debug|Any CPU
		{CEB7FA0A-2D6B-4D96-9DBF-9D0C7CB4CFE7}.Debug|iPhoneSimulator.Build.0 = Debug|Any CPU
		{CEB7FA0A-2D6B-4D96-9DBF-9D0C7CB4CFE7}.Debug|x86.ActiveCfg = Debug|Any CPU
		{CEB7FA0A-2D6B-4D96-9DBF-9D0C7CB4CFE7}.Debug|x86.Build.0 = Debug|Any CPU
		{CEB7FA0A-2D6B-4D96-9DBF-9D0C7CB4CFE7}.Release|Any CPU.ActiveCfg = Release|Any CPU
		{CEB7FA0A-2D6B-4D96-9DBF-9D0C7CB4CFE7}.Release|Any CPU.Build.0 = Release|Any CPU
		{CEB7FA0A-2D6B-4D96-9DBF-9D0C7CB4CFE7}.Release|ARM.ActiveCfg = Release|Any CPU
		{CEB7FA0A-2D6B-4D96-9DBF-9D0C7CB4CFE7}.Release|ARM.Build.0 = Release|Any CPU
		{CEB7FA0A-2D6B-4D96-9DBF-9D0C7CB4CFE7}.Release|iPhone.ActiveCfg = Release|Any CPU
		{CEB7FA0A-2D6B-4D96-9DBF-9D0C7CB4CFE7}.Release|iPhone.Build.0 = Release|Any CPU
		{CEB7FA0A-2D6B-4D96-9DBF-9D0C7CB4CFE7}.Release|iPhoneSimulator.ActiveCfg = Release|Any CPU
		{CEB7FA0A-2D6B-4D96-9DBF-9D0C7CB4CFE7}.Release|iPhoneSimulator.Build.0 = Release|Any CPU
		{CEB7FA0A-2D6B-4D96-9DBF-9D0C7CB4CFE7}.Release|x86.ActiveCfg = Release|Any CPU
		{CEB7FA0A-2D6B-4D96-9DBF-9D0C7CB4CFE7}.Release|x86.Build.0 = Release|Any CPU
		{8B907C73-3DB0-4A67-8EE3-121E1D946DCC}.Ad-Hoc|Any CPU.ActiveCfg = Release|iPhoneSimulator
		{8B907C73-3DB0-4A67-8EE3-121E1D946DCC}.Ad-Hoc|Any CPU.Build.0 = Release|iPhoneSimulator
		{8B907C73-3DB0-4A67-8EE3-121E1D946DCC}.Ad-Hoc|ARM.ActiveCfg = Release|iPhoneSimulator
		{8B907C73-3DB0-4A67-8EE3-121E1D946DCC}.Ad-Hoc|ARM.Build.0 = Release|iPhoneSimulator
		{8B907C73-3DB0-4A67-8EE3-121E1D946DCC}.Ad-Hoc|iPhone.ActiveCfg = Release|iPhone
		{8B907C73-3DB0-4A67-8EE3-121E1D946DCC}.Ad-Hoc|iPhone.Build.0 = Release|iPhone
		{8B907C73-3DB0-4A67-8EE3-121E1D946DCC}.Ad-Hoc|iPhoneSimulator.ActiveCfg = Release|iPhoneSimulator
		{8B907C73-3DB0-4A67-8EE3-121E1D946DCC}.Ad-Hoc|iPhoneSimulator.Build.0 = Release|iPhoneSimulator
		{8B907C73-3DB0-4A67-8EE3-121E1D946DCC}.Ad-Hoc|x86.ActiveCfg = Release|iPhoneSimulator
		{8B907C73-3DB0-4A67-8EE3-121E1D946DCC}.Ad-Hoc|x86.Build.0 = Release|iPhoneSimulator
		{8B907C73-3DB0-4A67-8EE3-121E1D946DCC}.AppStore|Any CPU.ActiveCfg = Release|iPhoneSimulator
		{8B907C73-3DB0-4A67-8EE3-121E1D946DCC}.AppStore|Any CPU.Build.0 = Release|iPhoneSimulator
		{8B907C73-3DB0-4A67-8EE3-121E1D946DCC}.AppStore|ARM.ActiveCfg = Release|iPhoneSimulator
		{8B907C73-3DB0-4A67-8EE3-121E1D946DCC}.AppStore|ARM.Build.0 = Release|iPhoneSimulator
		{8B907C73-3DB0-4A67-8EE3-121E1D946DCC}.AppStore|iPhone.ActiveCfg = Release|iPhone
		{8B907C73-3DB0-4A67-8EE3-121E1D946DCC}.AppStore|iPhone.Build.0 = Release|iPhone
		{8B907C73-3DB0-4A67-8EE3-121E1D946DCC}.AppStore|iPhoneSimulator.ActiveCfg = Release|iPhoneSimulator
		{8B907C73-3DB0-4A67-8EE3-121E1D946DCC}.AppStore|iPhoneSimulator.Build.0 = Release|iPhoneSimulator
		{8B907C73-3DB0-4A67-8EE3-121E1D946DCC}.AppStore|x86.ActiveCfg = Release|iPhoneSimulator
		{8B907C73-3DB0-4A67-8EE3-121E1D946DCC}.AppStore|x86.Build.0 = Release|iPhoneSimulator
		{8B907C73-3DB0-4A67-8EE3-121E1D946DCC}.Debug|Any CPU.ActiveCfg = Debug|iPhone
		{8B907C73-3DB0-4A67-8EE3-121E1D946DCC}.Debug|ARM.ActiveCfg = Debug|iPhone
		{8B907C73-3DB0-4A67-8EE3-121E1D946DCC}.Debug|iPhone.ActiveCfg = Debug|iPhone
		{8B907C73-3DB0-4A67-8EE3-121E1D946DCC}.Debug|iPhone.Build.0 = Debug|iPhone
		{8B907C73-3DB0-4A67-8EE3-121E1D946DCC}.Debug|iPhoneSimulator.ActiveCfg = Debug|iPhoneSimulator
		{8B907C73-3DB0-4A67-8EE3-121E1D946DCC}.Debug|iPhoneSimulator.Build.0 = Debug|iPhoneSimulator
		{8B907C73-3DB0-4A67-8EE3-121E1D946DCC}.Debug|x86.ActiveCfg = Debug|iPhone
		{8B907C73-3DB0-4A67-8EE3-121E1D946DCC}.Release|Any CPU.ActiveCfg = Release|iPhone
		{8B907C73-3DB0-4A67-8EE3-121E1D946DCC}.Release|ARM.ActiveCfg = Release|iPhone
		{8B907C73-3DB0-4A67-8EE3-121E1D946DCC}.Release|iPhone.ActiveCfg = Release|iPhone
		{8B907C73-3DB0-4A67-8EE3-121E1D946DCC}.Release|iPhone.Build.0 = Release|iPhone
		{8B907C73-3DB0-4A67-8EE3-121E1D946DCC}.Release|iPhoneSimulator.ActiveCfg = Release|iPhoneSimulator
		{8B907C73-3DB0-4A67-8EE3-121E1D946DCC}.Release|iPhoneSimulator.Build.0 = Release|iPhoneSimulator
		{8B907C73-3DB0-4A67-8EE3-121E1D946DCC}.Release|x86.ActiveCfg = Release|iPhone
		{FAF52E2C-DD2B-4A7E-8517-E8210306DBBC}.Ad-Hoc|Any CPU.ActiveCfg = Release|Any CPU
		{FAF52E2C-DD2B-4A7E-8517-E8210306DBBC}.Ad-Hoc|Any CPU.Build.0 = Release|Any CPU
		{FAF52E2C-DD2B-4A7E-8517-E8210306DBBC}.Ad-Hoc|Any CPU.Deploy.0 = Release|Any CPU
		{FAF52E2C-DD2B-4A7E-8517-E8210306DBBC}.Ad-Hoc|ARM.ActiveCfg = Release|Any CPU
		{FAF52E2C-DD2B-4A7E-8517-E8210306DBBC}.Ad-Hoc|ARM.Build.0 = Release|Any CPU
		{FAF52E2C-DD2B-4A7E-8517-E8210306DBBC}.Ad-Hoc|ARM.Deploy.0 = Release|Any CPU
		{FAF52E2C-DD2B-4A7E-8517-E8210306DBBC}.Ad-Hoc|iPhone.ActiveCfg = Release|Any CPU
		{FAF52E2C-DD2B-4A7E-8517-E8210306DBBC}.Ad-Hoc|iPhone.Build.0 = Release|Any CPU
		{FAF52E2C-DD2B-4A7E-8517-E8210306DBBC}.Ad-Hoc|iPhone.Deploy.0 = Release|Any CPU
		{FAF52E2C-DD2B-4A7E-8517-E8210306DBBC}.Ad-Hoc|iPhoneSimulator.ActiveCfg = Release|Any CPU
		{FAF52E2C-DD2B-4A7E-8517-E8210306DBBC}.Ad-Hoc|iPhoneSimulator.Build.0 = Release|Any CPU
		{FAF52E2C-DD2B-4A7E-8517-E8210306DBBC}.Ad-Hoc|iPhoneSimulator.Deploy.0 = Release|Any CPU
		{FAF52E2C-DD2B-4A7E-8517-E8210306DBBC}.Ad-Hoc|x86.ActiveCfg = Release|Any CPU
		{FAF52E2C-DD2B-4A7E-8517-E8210306DBBC}.Ad-Hoc|x86.Build.0 = Release|Any CPU
		{FAF52E2C-DD2B-4A7E-8517-E8210306DBBC}.Ad-Hoc|x86.Deploy.0 = Release|Any CPU
		{FAF52E2C-DD2B-4A7E-8517-E8210306DBBC}.AppStore|Any CPU.ActiveCfg = Release|Any CPU
		{FAF52E2C-DD2B-4A7E-8517-E8210306DBBC}.AppStore|Any CPU.Build.0 = Release|Any CPU
		{FAF52E2C-DD2B-4A7E-8517-E8210306DBBC}.AppStore|Any CPU.Deploy.0 = Release|Any CPU
		{FAF52E2C-DD2B-4A7E-8517-E8210306DBBC}.AppStore|ARM.ActiveCfg = Release|Any CPU
		{FAF52E2C-DD2B-4A7E-8517-E8210306DBBC}.AppStore|ARM.Build.0 = Release|Any CPU
		{FAF52E2C-DD2B-4A7E-8517-E8210306DBBC}.AppStore|ARM.Deploy.0 = Release|Any CPU
		{FAF52E2C-DD2B-4A7E-8517-E8210306DBBC}.AppStore|iPhone.ActiveCfg = Release|Any CPU
		{FAF52E2C-DD2B-4A7E-8517-E8210306DBBC}.AppStore|iPhone.Build.0 = Release|Any CPU
		{FAF52E2C-DD2B-4A7E-8517-E8210306DBBC}.AppStore|iPhone.Deploy.0 = Release|Any CPU
		{FAF52E2C-DD2B-4A7E-8517-E8210306DBBC}.AppStore|iPhoneSimulator.ActiveCfg = Release|Any CPU
		{FAF52E2C-DD2B-4A7E-8517-E8210306DBBC}.AppStore|iPhoneSimulator.Build.0 = Release|Any CPU
		{FAF52E2C-DD2B-4A7E-8517-E8210306DBBC}.AppStore|iPhoneSimulator.Deploy.0 = Release|Any CPU
		{FAF52E2C-DD2B-4A7E-8517-E8210306DBBC}.AppStore|x86.ActiveCfg = Release|Any CPU
		{FAF52E2C-DD2B-4A7E-8517-E8210306DBBC}.AppStore|x86.Build.0 = Release|Any CPU
		{FAF52E2C-DD2B-4A7E-8517-E8210306DBBC}.AppStore|x86.Deploy.0 = Release|Any CPU
		{FAF52E2C-DD2B-4A7E-8517-E8210306DBBC}.Debug|Any CPU.ActiveCfg = Debug|Any CPU
		{FAF52E2C-DD2B-4A7E-8517-E8210306DBBC}.Debug|Any CPU.Build.0 = Debug|Any CPU
		{FAF52E2C-DD2B-4A7E-8517-E8210306DBBC}.Debug|Any CPU.Deploy.0 = Debug|Any CPU
		{FAF52E2C-DD2B-4A7E-8517-E8210306DBBC}.Debug|ARM.ActiveCfg = Debug|Any CPU
		{FAF52E2C-DD2B-4A7E-8517-E8210306DBBC}.Debug|ARM.Build.0 = Debug|Any CPU
		{FAF52E2C-DD2B-4A7E-8517-E8210306DBBC}.Debug|ARM.Deploy.0 = Debug|Any CPU
		{FAF52E2C-DD2B-4A7E-8517-E8210306DBBC}.Debug|iPhone.ActiveCfg = Debug|Any CPU
		{FAF52E2C-DD2B-4A7E-8517-E8210306DBBC}.Debug|iPhone.Build.0 = Debug|Any CPU
		{FAF52E2C-DD2B-4A7E-8517-E8210306DBBC}.Debug|iPhone.Deploy.0 = Debug|Any CPU
		{FAF52E2C-DD2B-4A7E-8517-E8210306DBBC}.Debug|iPhoneSimulator.ActiveCfg = Debug|Any CPU
		{FAF52E2C-DD2B-4A7E-8517-E8210306DBBC}.Debug|iPhoneSimulator.Build.0 = Debug|Any CPU
		{FAF52E2C-DD2B-4A7E-8517-E8210306DBBC}.Debug|iPhoneSimulator.Deploy.0 = Debug|Any CPU
		{FAF52E2C-DD2B-4A7E-8517-E8210306DBBC}.Debug|x86.ActiveCfg = Debug|Any CPU
		{FAF52E2C-DD2B-4A7E-8517-E8210306DBBC}.Debug|x86.Build.0 = Debug|Any CPU
		{FAF52E2C-DD2B-4A7E-8517-E8210306DBBC}.Debug|x86.Deploy.0 = Debug|Any CPU
		{FAF52E2C-DD2B-4A7E-8517-E8210306DBBC}.Release|Any CPU.ActiveCfg = Release|Any CPU
		{FAF52E2C-DD2B-4A7E-8517-E8210306DBBC}.Release|Any CPU.Build.0 = Release|Any CPU
		{FAF52E2C-DD2B-4A7E-8517-E8210306DBBC}.Release|Any CPU.Deploy.0 = Release|Any CPU
		{FAF52E2C-DD2B-4A7E-8517-E8210306DBBC}.Release|ARM.ActiveCfg = Release|Any CPU
		{FAF52E2C-DD2B-4A7E-8517-E8210306DBBC}.Release|ARM.Build.0 = Release|Any CPU
		{FAF52E2C-DD2B-4A7E-8517-E8210306DBBC}.Release|ARM.Deploy.0 = Release|Any CPU
		{FAF52E2C-DD2B-4A7E-8517-E8210306DBBC}.Release|iPhone.ActiveCfg = Release|Any CPU
		{FAF52E2C-DD2B-4A7E-8517-E8210306DBBC}.Release|iPhone.Build.0 = Release|Any CPU
		{FAF52E2C-DD2B-4A7E-8517-E8210306DBBC}.Release|iPhone.Deploy.0 = Release|Any CPU
		{FAF52E2C-DD2B-4A7E-8517-E8210306DBBC}.Release|iPhoneSimulator.ActiveCfg = Release|Any CPU
		{FAF52E2C-DD2B-4A7E-8517-E8210306DBBC}.Release|iPhoneSimulator.Build.0 = Release|Any CPU
		{FAF52E2C-DD2B-4A7E-8517-E8210306DBBC}.Release|iPhoneSimulator.Deploy.0 = Release|Any CPU
		{FAF52E2C-DD2B-4A7E-8517-E8210306DBBC}.Release|x86.ActiveCfg = Release|Any CPU
		{FAF52E2C-DD2B-4A7E-8517-E8210306DBBC}.Release|x86.Build.0 = Release|Any CPU
		{FAF52E2C-DD2B-4A7E-8517-E8210306DBBC}.Release|x86.Deploy.0 = Release|Any CPU
		{6463B3A6-1CB0-4F15-9131-65E8A4D1936E}.Ad-Hoc|Any CPU.ActiveCfg = Release|Any CPU
		{6463B3A6-1CB0-4F15-9131-65E8A4D1936E}.Ad-Hoc|Any CPU.Build.0 = Release|Any CPU
		{6463B3A6-1CB0-4F15-9131-65E8A4D1936E}.Ad-Hoc|Any CPU.Deploy.0 = Release|Any CPU
		{6463B3A6-1CB0-4F15-9131-65E8A4D1936E}.Ad-Hoc|ARM.ActiveCfg = Release|ARM
		{6463B3A6-1CB0-4F15-9131-65E8A4D1936E}.Ad-Hoc|ARM.Build.0 = Release|ARM
		{6463B3A6-1CB0-4F15-9131-65E8A4D1936E}.Ad-Hoc|ARM.Deploy.0 = Release|ARM
		{6463B3A6-1CB0-4F15-9131-65E8A4D1936E}.Ad-Hoc|iPhone.ActiveCfg = Release|Any CPU
		{6463B3A6-1CB0-4F15-9131-65E8A4D1936E}.Ad-Hoc|iPhone.Build.0 = Release|Any CPU
		{6463B3A6-1CB0-4F15-9131-65E8A4D1936E}.Ad-Hoc|iPhone.Deploy.0 = Release|Any CPU
		{6463B3A6-1CB0-4F15-9131-65E8A4D1936E}.Ad-Hoc|iPhoneSimulator.ActiveCfg = Release|Any CPU
		{6463B3A6-1CB0-4F15-9131-65E8A4D1936E}.Ad-Hoc|iPhoneSimulator.Build.0 = Release|Any CPU
		{6463B3A6-1CB0-4F15-9131-65E8A4D1936E}.Ad-Hoc|iPhoneSimulator.Deploy.0 = Release|Any CPU
		{6463B3A6-1CB0-4F15-9131-65E8A4D1936E}.Ad-Hoc|x86.ActiveCfg = Release|x86
		{6463B3A6-1CB0-4F15-9131-65E8A4D1936E}.Ad-Hoc|x86.Build.0 = Release|x86
		{6463B3A6-1CB0-4F15-9131-65E8A4D1936E}.Ad-Hoc|x86.Deploy.0 = Release|x86
		{6463B3A6-1CB0-4F15-9131-65E8A4D1936E}.AppStore|Any CPU.ActiveCfg = Release|Any CPU
		{6463B3A6-1CB0-4F15-9131-65E8A4D1936E}.AppStore|Any CPU.Build.0 = Release|Any CPU
		{6463B3A6-1CB0-4F15-9131-65E8A4D1936E}.AppStore|Any CPU.Deploy.0 = Release|Any CPU
		{6463B3A6-1CB0-4F15-9131-65E8A4D1936E}.AppStore|ARM.ActiveCfg = Release|ARM
		{6463B3A6-1CB0-4F15-9131-65E8A4D1936E}.AppStore|ARM.Build.0 = Release|ARM
		{6463B3A6-1CB0-4F15-9131-65E8A4D1936E}.AppStore|ARM.Deploy.0 = Release|ARM
		{6463B3A6-1CB0-4F15-9131-65E8A4D1936E}.AppStore|iPhone.ActiveCfg = Release|Any CPU
		{6463B3A6-1CB0-4F15-9131-65E8A4D1936E}.AppStore|iPhone.Build.0 = Release|Any CPU
		{6463B3A6-1CB0-4F15-9131-65E8A4D1936E}.AppStore|iPhone.Deploy.0 = Release|Any CPU
		{6463B3A6-1CB0-4F15-9131-65E8A4D1936E}.AppStore|iPhoneSimulator.ActiveCfg = Release|Any CPU
		{6463B3A6-1CB0-4F15-9131-65E8A4D1936E}.AppStore|iPhoneSimulator.Build.0 = Release|Any CPU
		{6463B3A6-1CB0-4F15-9131-65E8A4D1936E}.AppStore|iPhoneSimulator.Deploy.0 = Release|Any CPU
		{6463B3A6-1CB0-4F15-9131-65E8A4D1936E}.AppStore|x86.ActiveCfg = Release|x86
		{6463B3A6-1CB0-4F15-9131-65E8A4D1936E}.AppStore|x86.Build.0 = Release|x86
		{6463B3A6-1CB0-4F15-9131-65E8A4D1936E}.AppStore|x86.Deploy.0 = Release|x86
		{6463B3A6-1CB0-4F15-9131-65E8A4D1936E}.Debug|Any CPU.ActiveCfg = Debug|Any CPU
		{6463B3A6-1CB0-4F15-9131-65E8A4D1936E}.Debug|Any CPU.Build.0 = Debug|Any CPU
		{6463B3A6-1CB0-4F15-9131-65E8A4D1936E}.Debug|Any CPU.Deploy.0 = Debug|Any CPU
		{6463B3A6-1CB0-4F15-9131-65E8A4D1936E}.Debug|ARM.ActiveCfg = Debug|ARM
		{6463B3A6-1CB0-4F15-9131-65E8A4D1936E}.Debug|ARM.Build.0 = Debug|ARM
		{6463B3A6-1CB0-4F15-9131-65E8A4D1936E}.Debug|ARM.Deploy.0 = Debug|ARM
		{6463B3A6-1CB0-4F15-9131-65E8A4D1936E}.Debug|iPhone.ActiveCfg = Debug|Any CPU
		{6463B3A6-1CB0-4F15-9131-65E8A4D1936E}.Debug|iPhone.Build.0 = Debug|Any CPU
		{6463B3A6-1CB0-4F15-9131-65E8A4D1936E}.Debug|iPhone.Deploy.0 = Debug|Any CPU
		{6463B3A6-1CB0-4F15-9131-65E8A4D1936E}.Debug|iPhoneSimulator.ActiveCfg = Debug|Any CPU
		{6463B3A6-1CB0-4F15-9131-65E8A4D1936E}.Debug|iPhoneSimulator.Build.0 = Debug|Any CPU
		{6463B3A6-1CB0-4F15-9131-65E8A4D1936E}.Debug|iPhoneSimulator.Deploy.0 = Debug|Any CPU
		{6463B3A6-1CB0-4F15-9131-65E8A4D1936E}.Debug|x86.ActiveCfg = Debug|x86
		{6463B3A6-1CB0-4F15-9131-65E8A4D1936E}.Debug|x86.Build.0 = Debug|x86
		{6463B3A6-1CB0-4F15-9131-65E8A4D1936E}.Debug|x86.Deploy.0 = Debug|x86
		{6463B3A6-1CB0-4F15-9131-65E8A4D1936E}.Release|Any CPU.ActiveCfg = Release|Any CPU
		{6463B3A6-1CB0-4F15-9131-65E8A4D1936E}.Release|Any CPU.Build.0 = Release|Any CPU
		{6463B3A6-1CB0-4F15-9131-65E8A4D1936E}.Release|Any CPU.Deploy.0 = Release|Any CPU
		{6463B3A6-1CB0-4F15-9131-65E8A4D1936E}.Release|ARM.ActiveCfg = Release|ARM
		{6463B3A6-1CB0-4F15-9131-65E8A4D1936E}.Release|ARM.Build.0 = Release|ARM
		{6463B3A6-1CB0-4F15-9131-65E8A4D1936E}.Release|ARM.Deploy.0 = Release|ARM
		{6463B3A6-1CB0-4F15-9131-65E8A4D1936E}.Release|iPhone.ActiveCfg = Release|Any CPU
		{6463B3A6-1CB0-4F15-9131-65E8A4D1936E}.Release|iPhone.Build.0 = Release|Any CPU
		{6463B3A6-1CB0-4F15-9131-65E8A4D1936E}.Release|iPhone.Deploy.0 = Release|Any CPU
		{6463B3A6-1CB0-4F15-9131-65E8A4D1936E}.Release|iPhoneSimulator.ActiveCfg = Release|Any CPU
		{6463B3A6-1CB0-4F15-9131-65E8A4D1936E}.Release|iPhoneSimulator.Build.0 = Release|Any CPU
		{6463B3A6-1CB0-4F15-9131-65E8A4D1936E}.Release|iPhoneSimulator.Deploy.0 = Release|Any CPU
		{6463B3A6-1CB0-4F15-9131-65E8A4D1936E}.Release|x86.ActiveCfg = Release|x86
		{6463B3A6-1CB0-4F15-9131-65E8A4D1936E}.Release|x86.Build.0 = Release|x86
		{6463B3A6-1CB0-4F15-9131-65E8A4D1936E}.Release|x86.Deploy.0 = Release|x86
		{3FC03270-1A74-4B98-A203-195962BFEA7A}.Ad-Hoc|Any CPU.ActiveCfg = Release|Any CPU
		{3FC03270-1A74-4B98-A203-195962BFEA7A}.Ad-Hoc|Any CPU.Build.0 = Release|Any CPU
		{3FC03270-1A74-4B98-A203-195962BFEA7A}.Ad-Hoc|ARM.ActiveCfg = Release|Any CPU
		{3FC03270-1A74-4B98-A203-195962BFEA7A}.Ad-Hoc|ARM.Build.0 = Release|Any CPU
		{3FC03270-1A74-4B98-A203-195962BFEA7A}.Ad-Hoc|iPhone.ActiveCfg = Release|Any CPU
		{3FC03270-1A74-4B98-A203-195962BFEA7A}.Ad-Hoc|iPhone.Build.0 = Release|Any CPU
		{3FC03270-1A74-4B98-A203-195962BFEA7A}.Ad-Hoc|iPhoneSimulator.ActiveCfg = Release|Any CPU
		{3FC03270-1A74-4B98-A203-195962BFEA7A}.Ad-Hoc|iPhoneSimulator.Build.0 = Release|Any CPU
		{3FC03270-1A74-4B98-A203-195962BFEA7A}.Ad-Hoc|x86.ActiveCfg = Release|Any CPU
		{3FC03270-1A74-4B98-A203-195962BFEA7A}.Ad-Hoc|x86.Build.0 = Release|Any CPU
		{3FC03270-1A74-4B98-A203-195962BFEA7A}.AppStore|Any CPU.ActiveCfg = Release|Any CPU
		{3FC03270-1A74-4B98-A203-195962BFEA7A}.AppStore|Any CPU.Build.0 = Release|Any CPU
		{3FC03270-1A74-4B98-A203-195962BFEA7A}.AppStore|ARM.ActiveCfg = Release|Any CPU
		{3FC03270-1A74-4B98-A203-195962BFEA7A}.AppStore|ARM.Build.0 = Release|Any CPU
		{3FC03270-1A74-4B98-A203-195962BFEA7A}.AppStore|iPhone.ActiveCfg = Release|Any CPU
		{3FC03270-1A74-4B98-A203-195962BFEA7A}.AppStore|iPhone.Build.0 = Release|Any CPU
		{3FC03270-1A74-4B98-A203-195962BFEA7A}.AppStore|iPhoneSimulator.ActiveCfg = Release|Any CPU
		{3FC03270-1A74-4B98-A203-195962BFEA7A}.AppStore|iPhoneSimulator.Build.0 = Release|Any CPU
		{3FC03270-1A74-4B98-A203-195962BFEA7A}.AppStore|x86.ActiveCfg = Release|Any CPU
		{3FC03270-1A74-4B98-A203-195962BFEA7A}.AppStore|x86.Build.0 = Release|Any CPU
		{3FC03270-1A74-4B98-A203-195962BFEA7A}.Debug|Any CPU.ActiveCfg = Debug|Any CPU
		{3FC03270-1A74-4B98-A203-195962BFEA7A}.Debug|Any CPU.Build.0 = Debug|Any CPU
		{3FC03270-1A74-4B98-A203-195962BFEA7A}.Debug|ARM.ActiveCfg = Debug|Any CPU
		{3FC03270-1A74-4B98-A203-195962BFEA7A}.Debug|ARM.Build.0 = Debug|Any CPU
		{3FC03270-1A74-4B98-A203-195962BFEA7A}.Debug|iPhone.ActiveCfg = Debug|Any CPU
		{3FC03270-1A74-4B98-A203-195962BFEA7A}.Debug|iPhone.Build.0 = Debug|Any CPU
		{3FC03270-1A74-4B98-A203-195962BFEA7A}.Debug|iPhoneSimulator.ActiveCfg = Debug|Any CPU
		{3FC03270-1A74-4B98-A203-195962BFEA7A}.Debug|iPhoneSimulator.Build.0 = Debug|Any CPU
		{3FC03270-1A74-4B98-A203-195962BFEA7A}.Debug|x86.ActiveCfg = Debug|Any CPU
		{3FC03270-1A74-4B98-A203-195962BFEA7A}.Debug|x86.Build.0 = Debug|Any CPU
		{3FC03270-1A74-4B98-A203-195962BFEA7A}.Release|Any CPU.ActiveCfg = Release|Any CPU
		{3FC03270-1A74-4B98-A203-195962BFEA7A}.Release|Any CPU.Build.0 = Release|Any CPU
		{3FC03270-1A74-4B98-A203-195962BFEA7A}.Release|ARM.ActiveCfg = Release|Any CPU
		{3FC03270-1A74-4B98-A203-195962BFEA7A}.Release|ARM.Build.0 = Release|Any CPU
		{3FC03270-1A74-4B98-A203-195962BFEA7A}.Release|iPhone.ActiveCfg = Release|Any CPU
		{3FC03270-1A74-4B98-A203-195962BFEA7A}.Release|iPhone.Build.0 = Release|Any CPU
		{3FC03270-1A74-4B98-A203-195962BFEA7A}.Release|iPhoneSimulator.ActiveCfg = Release|Any CPU
		{3FC03270-1A74-4B98-A203-195962BFEA7A}.Release|iPhoneSimulator.Build.0 = Release|Any CPU
		{3FC03270-1A74-4B98-A203-195962BFEA7A}.Release|x86.ActiveCfg = Release|Any CPU
		{3FC03270-1A74-4B98-A203-195962BFEA7A}.Release|x86.Build.0 = Release|Any CPU
		{FF54B907-DB6F-48EB-9A41-0F9AC3607DC3}.Ad-Hoc|Any CPU.ActiveCfg = Ad-Hoc|iPhone
		{FF54B907-DB6F-48EB-9A41-0F9AC3607DC3}.Ad-Hoc|ARM.ActiveCfg = Ad-Hoc|iPhone
		{FF54B907-DB6F-48EB-9A41-0F9AC3607DC3}.Ad-Hoc|iPhone.ActiveCfg = Ad-Hoc|iPhone
		{FF54B907-DB6F-48EB-9A41-0F9AC3607DC3}.Ad-Hoc|iPhone.Build.0 = Ad-Hoc|iPhone
		{FF54B907-DB6F-48EB-9A41-0F9AC3607DC3}.Ad-Hoc|iPhoneSimulator.ActiveCfg = Ad-Hoc|iPhoneSimulator
		{FF54B907-DB6F-48EB-9A41-0F9AC3607DC3}.Ad-Hoc|iPhoneSimulator.Build.0 = Ad-Hoc|iPhoneSimulator
		{FF54B907-DB6F-48EB-9A41-0F9AC3607DC3}.Ad-Hoc|x86.ActiveCfg = Ad-Hoc|iPhone
		{FF54B907-DB6F-48EB-9A41-0F9AC3607DC3}.AppStore|Any CPU.ActiveCfg = AppStore|iPhone
		{FF54B907-DB6F-48EB-9A41-0F9AC3607DC3}.AppStore|ARM.ActiveCfg = AppStore|iPhone
		{FF54B907-DB6F-48EB-9A41-0F9AC3607DC3}.AppStore|iPhone.ActiveCfg = AppStore|iPhone
		{FF54B907-DB6F-48EB-9A41-0F9AC3607DC3}.AppStore|iPhone.Build.0 = AppStore|iPhone
		{FF54B907-DB6F-48EB-9A41-0F9AC3607DC3}.AppStore|iPhoneSimulator.ActiveCfg = AppStore|iPhoneSimulator
		{FF54B907-DB6F-48EB-9A41-0F9AC3607DC3}.AppStore|iPhoneSimulator.Build.0 = AppStore|iPhoneSimulator
		{FF54B907-DB6F-48EB-9A41-0F9AC3607DC3}.AppStore|x86.ActiveCfg = AppStore|iPhone
		{FF54B907-DB6F-48EB-9A41-0F9AC3607DC3}.Debug|Any CPU.ActiveCfg = Debug|iPhone
		{FF54B907-DB6F-48EB-9A41-0F9AC3607DC3}.Debug|ARM.ActiveCfg = Debug|iPhone
		{FF54B907-DB6F-48EB-9A41-0F9AC3607DC3}.Debug|iPhone.ActiveCfg = Debug|iPhone
		{FF54B907-DB6F-48EB-9A41-0F9AC3607DC3}.Debug|iPhone.Build.0 = Debug|iPhone
		{FF54B907-DB6F-48EB-9A41-0F9AC3607DC3}.Debug|iPhoneSimulator.ActiveCfg = Debug|iPhoneSimulator
		{FF54B907-DB6F-48EB-9A41-0F9AC3607DC3}.Debug|iPhoneSimulator.Build.0 = Debug|iPhoneSimulator
		{FF54B907-DB6F-48EB-9A41-0F9AC3607DC3}.Debug|x86.ActiveCfg = Debug|iPhone
		{FF54B907-DB6F-48EB-9A41-0F9AC3607DC3}.Release|Any CPU.ActiveCfg = Release|iPhone
		{FF54B907-DB6F-48EB-9A41-0F9AC3607DC3}.Release|ARM.ActiveCfg = Release|iPhone
		{FF54B907-DB6F-48EB-9A41-0F9AC3607DC3}.Release|iPhone.ActiveCfg = Release|iPhone
		{FF54B907-DB6F-48EB-9A41-0F9AC3607DC3}.Release|iPhone.Build.0 = Release|iPhone
		{FF54B907-DB6F-48EB-9A41-0F9AC3607DC3}.Release|iPhoneSimulator.ActiveCfg = Release|iPhoneSimulator
		{FF54B907-DB6F-48EB-9A41-0F9AC3607DC3}.Release|iPhoneSimulator.Build.0 = Release|iPhoneSimulator
		{FF54B907-DB6F-48EB-9A41-0F9AC3607DC3}.Release|x86.ActiveCfg = Release|iPhone
		{37D01EDD-C7CA-488E-A572-3BDC8C9BE48B}.Ad-Hoc|Any CPU.ActiveCfg = Release|Any CPU
		{37D01EDD-C7CA-488E-A572-3BDC8C9BE48B}.Ad-Hoc|Any CPU.Build.0 = Release|Any CPU
		{37D01EDD-C7CA-488E-A572-3BDC8C9BE48B}.Ad-Hoc|Any CPU.Deploy.0 = Release|Any CPU
		{37D01EDD-C7CA-488E-A572-3BDC8C9BE48B}.Ad-Hoc|ARM.ActiveCfg = Release|Any CPU
		{37D01EDD-C7CA-488E-A572-3BDC8C9BE48B}.Ad-Hoc|ARM.Build.0 = Release|Any CPU
		{37D01EDD-C7CA-488E-A572-3BDC8C9BE48B}.Ad-Hoc|ARM.Deploy.0 = Release|Any CPU
		{37D01EDD-C7CA-488E-A572-3BDC8C9BE48B}.Ad-Hoc|iPhone.ActiveCfg = Release|Any CPU
		{37D01EDD-C7CA-488E-A572-3BDC8C9BE48B}.Ad-Hoc|iPhone.Build.0 = Release|Any CPU
		{37D01EDD-C7CA-488E-A572-3BDC8C9BE48B}.Ad-Hoc|iPhone.Deploy.0 = Release|Any CPU
		{37D01EDD-C7CA-488E-A572-3BDC8C9BE48B}.Ad-Hoc|iPhoneSimulator.ActiveCfg = Release|Any CPU
		{37D01EDD-C7CA-488E-A572-3BDC8C9BE48B}.Ad-Hoc|iPhoneSimulator.Build.0 = Release|Any CPU
		{37D01EDD-C7CA-488E-A572-3BDC8C9BE48B}.Ad-Hoc|iPhoneSimulator.Deploy.0 = Release|Any CPU
		{37D01EDD-C7CA-488E-A572-3BDC8C9BE48B}.Ad-Hoc|x86.ActiveCfg = Release|Any CPU
		{37D01EDD-C7CA-488E-A572-3BDC8C9BE48B}.Ad-Hoc|x86.Build.0 = Release|Any CPU
		{37D01EDD-C7CA-488E-A572-3BDC8C9BE48B}.Ad-Hoc|x86.Deploy.0 = Release|Any CPU
		{37D01EDD-C7CA-488E-A572-3BDC8C9BE48B}.AppStore|Any CPU.ActiveCfg = Release|Any CPU
		{37D01EDD-C7CA-488E-A572-3BDC8C9BE48B}.AppStore|Any CPU.Build.0 = Release|Any CPU
		{37D01EDD-C7CA-488E-A572-3BDC8C9BE48B}.AppStore|Any CPU.Deploy.0 = Release|Any CPU
		{37D01EDD-C7CA-488E-A572-3BDC8C9BE48B}.AppStore|ARM.ActiveCfg = Release|Any CPU
		{37D01EDD-C7CA-488E-A572-3BDC8C9BE48B}.AppStore|ARM.Build.0 = Release|Any CPU
		{37D01EDD-C7CA-488E-A572-3BDC8C9BE48B}.AppStore|ARM.Deploy.0 = Release|Any CPU
		{37D01EDD-C7CA-488E-A572-3BDC8C9BE48B}.AppStore|iPhone.ActiveCfg = Release|Any CPU
		{37D01EDD-C7CA-488E-A572-3BDC8C9BE48B}.AppStore|iPhone.Build.0 = Release|Any CPU
		{37D01EDD-C7CA-488E-A572-3BDC8C9BE48B}.AppStore|iPhone.Deploy.0 = Release|Any CPU
		{37D01EDD-C7CA-488E-A572-3BDC8C9BE48B}.AppStore|iPhoneSimulator.ActiveCfg = Release|Any CPU
		{37D01EDD-C7CA-488E-A572-3BDC8C9BE48B}.AppStore|iPhoneSimulator.Build.0 = Release|Any CPU
		{37D01EDD-C7CA-488E-A572-3BDC8C9BE48B}.AppStore|iPhoneSimulator.Deploy.0 = Release|Any CPU
		{37D01EDD-C7CA-488E-A572-3BDC8C9BE48B}.AppStore|x86.ActiveCfg = Release|Any CPU
		{37D01EDD-C7CA-488E-A572-3BDC8C9BE48B}.AppStore|x86.Build.0 = Release|Any CPU
		{37D01EDD-C7CA-488E-A572-3BDC8C9BE48B}.AppStore|x86.Deploy.0 = Release|Any CPU
		{37D01EDD-C7CA-488E-A572-3BDC8C9BE48B}.Debug|Any CPU.ActiveCfg = Debug|Any CPU
		{37D01EDD-C7CA-488E-A572-3BDC8C9BE48B}.Debug|Any CPU.Build.0 = Debug|Any CPU
		{37D01EDD-C7CA-488E-A572-3BDC8C9BE48B}.Debug|Any CPU.Deploy.0 = Debug|Any CPU
		{37D01EDD-C7CA-488E-A572-3BDC8C9BE48B}.Debug|ARM.ActiveCfg = Debug|Any CPU
		{37D01EDD-C7CA-488E-A572-3BDC8C9BE48B}.Debug|ARM.Build.0 = Debug|Any CPU
		{37D01EDD-C7CA-488E-A572-3BDC8C9BE48B}.Debug|ARM.Deploy.0 = Debug|Any CPU
		{37D01EDD-C7CA-488E-A572-3BDC8C9BE48B}.Debug|iPhone.ActiveCfg = Debug|Any CPU
		{37D01EDD-C7CA-488E-A572-3BDC8C9BE48B}.Debug|iPhone.Build.0 = Debug|Any CPU
		{37D01EDD-C7CA-488E-A572-3BDC8C9BE48B}.Debug|iPhone.Deploy.0 = Debug|Any CPU
		{37D01EDD-C7CA-488E-A572-3BDC8C9BE48B}.Debug|iPhoneSimulator.ActiveCfg = Debug|Any CPU
		{37D01EDD-C7CA-488E-A572-3BDC8C9BE48B}.Debug|iPhoneSimulator.Build.0 = Debug|Any CPU
		{37D01EDD-C7CA-488E-A572-3BDC8C9BE48B}.Debug|iPhoneSimulator.Deploy.0 = Debug|Any CPU
		{37D01EDD-C7CA-488E-A572-3BDC8C9BE48B}.Debug|x86.ActiveCfg = Debug|Any CPU
		{37D01EDD-C7CA-488E-A572-3BDC8C9BE48B}.Debug|x86.Build.0 = Debug|Any CPU
		{37D01EDD-C7CA-488E-A572-3BDC8C9BE48B}.Debug|x86.Deploy.0 = Debug|Any CPU
		{37D01EDD-C7CA-488E-A572-3BDC8C9BE48B}.Release|Any CPU.ActiveCfg = Release|Any CPU
		{37D01EDD-C7CA-488E-A572-3BDC8C9BE48B}.Release|Any CPU.Build.0 = Release|Any CPU
		{37D01EDD-C7CA-488E-A572-3BDC8C9BE48B}.Release|Any CPU.Deploy.0 = Release|Any CPU
		{37D01EDD-C7CA-488E-A572-3BDC8C9BE48B}.Release|ARM.ActiveCfg = Release|Any CPU
		{37D01EDD-C7CA-488E-A572-3BDC8C9BE48B}.Release|ARM.Build.0 = Release|Any CPU
		{37D01EDD-C7CA-488E-A572-3BDC8C9BE48B}.Release|ARM.Deploy.0 = Release|Any CPU
		{37D01EDD-C7CA-488E-A572-3BDC8C9BE48B}.Release|iPhone.ActiveCfg = Release|Any CPU
		{37D01EDD-C7CA-488E-A572-3BDC8C9BE48B}.Release|iPhone.Build.0 = Release|Any CPU
		{37D01EDD-C7CA-488E-A572-3BDC8C9BE48B}.Release|iPhone.Deploy.0 = Release|Any CPU
		{37D01EDD-C7CA-488E-A572-3BDC8C9BE48B}.Release|iPhoneSimulator.ActiveCfg = Release|Any CPU
		{37D01EDD-C7CA-488E-A572-3BDC8C9BE48B}.Release|iPhoneSimulator.Build.0 = Release|Any CPU
		{37D01EDD-C7CA-488E-A572-3BDC8C9BE48B}.Release|iPhoneSimulator.Deploy.0 = Release|Any CPU
		{37D01EDD-C7CA-488E-A572-3BDC8C9BE48B}.Release|x86.ActiveCfg = Release|Any CPU
		{37D01EDD-C7CA-488E-A572-3BDC8C9BE48B}.Release|x86.Build.0 = Release|Any CPU
		{37D01EDD-C7CA-488E-A572-3BDC8C9BE48B}.Release|x86.Deploy.0 = Release|Any CPU
		{08ED9EA0-3633-4D67-8D89-47D68389F554}.Ad-Hoc|Any CPU.ActiveCfg = Release|Any CPU
		{08ED9EA0-3633-4D67-8D89-47D68389F554}.Ad-Hoc|Any CPU.Build.0 = Release|Any CPU
		{08ED9EA0-3633-4D67-8D89-47D68389F554}.Ad-Hoc|Any CPU.Deploy.0 = Release|Any CPU
		{08ED9EA0-3633-4D67-8D89-47D68389F554}.Ad-Hoc|ARM.ActiveCfg = Release|ARM
		{08ED9EA0-3633-4D67-8D89-47D68389F554}.Ad-Hoc|ARM.Build.0 = Release|ARM
		{08ED9EA0-3633-4D67-8D89-47D68389F554}.Ad-Hoc|ARM.Deploy.0 = Release|ARM
		{08ED9EA0-3633-4D67-8D89-47D68389F554}.Ad-Hoc|iPhone.ActiveCfg = Release|Any CPU
		{08ED9EA0-3633-4D67-8D89-47D68389F554}.Ad-Hoc|iPhone.Build.0 = Release|Any CPU
		{08ED9EA0-3633-4D67-8D89-47D68389F554}.Ad-Hoc|iPhone.Deploy.0 = Release|Any CPU
		{08ED9EA0-3633-4D67-8D89-47D68389F554}.Ad-Hoc|iPhoneSimulator.ActiveCfg = Release|Any CPU
		{08ED9EA0-3633-4D67-8D89-47D68389F554}.Ad-Hoc|iPhoneSimulator.Build.0 = Release|Any CPU
		{08ED9EA0-3633-4D67-8D89-47D68389F554}.Ad-Hoc|iPhoneSimulator.Deploy.0 = Release|Any CPU
		{08ED9EA0-3633-4D67-8D89-47D68389F554}.Ad-Hoc|x86.ActiveCfg = Release|x86
		{08ED9EA0-3633-4D67-8D89-47D68389F554}.Ad-Hoc|x86.Build.0 = Release|x86
		{08ED9EA0-3633-4D67-8D89-47D68389F554}.Ad-Hoc|x86.Deploy.0 = Release|x86
		{08ED9EA0-3633-4D67-8D89-47D68389F554}.AppStore|Any CPU.ActiveCfg = Release|Any CPU
		{08ED9EA0-3633-4D67-8D89-47D68389F554}.AppStore|Any CPU.Build.0 = Release|Any CPU
		{08ED9EA0-3633-4D67-8D89-47D68389F554}.AppStore|Any CPU.Deploy.0 = Release|Any CPU
		{08ED9EA0-3633-4D67-8D89-47D68389F554}.AppStore|ARM.ActiveCfg = Release|ARM
		{08ED9EA0-3633-4D67-8D89-47D68389F554}.AppStore|ARM.Build.0 = Release|ARM
		{08ED9EA0-3633-4D67-8D89-47D68389F554}.AppStore|ARM.Deploy.0 = Release|ARM
		{08ED9EA0-3633-4D67-8D89-47D68389F554}.AppStore|iPhone.ActiveCfg = Release|Any CPU
		{08ED9EA0-3633-4D67-8D89-47D68389F554}.AppStore|iPhone.Build.0 = Release|Any CPU
		{08ED9EA0-3633-4D67-8D89-47D68389F554}.AppStore|iPhone.Deploy.0 = Release|Any CPU
		{08ED9EA0-3633-4D67-8D89-47D68389F554}.AppStore|iPhoneSimulator.ActiveCfg = Release|Any CPU
		{08ED9EA0-3633-4D67-8D89-47D68389F554}.AppStore|iPhoneSimulator.Build.0 = Release|Any CPU
		{08ED9EA0-3633-4D67-8D89-47D68389F554}.AppStore|iPhoneSimulator.Deploy.0 = Release|Any CPU
		{08ED9EA0-3633-4D67-8D89-47D68389F554}.AppStore|x86.ActiveCfg = Release|x86
		{08ED9EA0-3633-4D67-8D89-47D68389F554}.AppStore|x86.Build.0 = Release|x86
		{08ED9EA0-3633-4D67-8D89-47D68389F554}.AppStore|x86.Deploy.0 = Release|x86
		{08ED9EA0-3633-4D67-8D89-47D68389F554}.Debug|Any CPU.ActiveCfg = Debug|Any CPU
		{08ED9EA0-3633-4D67-8D89-47D68389F554}.Debug|Any CPU.Build.0 = Debug|Any CPU
		{08ED9EA0-3633-4D67-8D89-47D68389F554}.Debug|Any CPU.Deploy.0 = Debug|Any CPU
		{08ED9EA0-3633-4D67-8D89-47D68389F554}.Debug|ARM.ActiveCfg = Debug|ARM
		{08ED9EA0-3633-4D67-8D89-47D68389F554}.Debug|ARM.Build.0 = Debug|ARM
		{08ED9EA0-3633-4D67-8D89-47D68389F554}.Debug|ARM.Deploy.0 = Debug|ARM
		{08ED9EA0-3633-4D67-8D89-47D68389F554}.Debug|iPhone.ActiveCfg = Debug|Any CPU
		{08ED9EA0-3633-4D67-8D89-47D68389F554}.Debug|iPhone.Build.0 = Debug|Any CPU
		{08ED9EA0-3633-4D67-8D89-47D68389F554}.Debug|iPhone.Deploy.0 = Debug|Any CPU
		{08ED9EA0-3633-4D67-8D89-47D68389F554}.Debug|iPhoneSimulator.ActiveCfg = Debug|Any CPU
		{08ED9EA0-3633-4D67-8D89-47D68389F554}.Debug|iPhoneSimulator.Build.0 = Debug|Any CPU
		{08ED9EA0-3633-4D67-8D89-47D68389F554}.Debug|iPhoneSimulator.Deploy.0 = Debug|Any CPU
		{08ED9EA0-3633-4D67-8D89-47D68389F554}.Debug|x86.ActiveCfg = Debug|x86
		{08ED9EA0-3633-4D67-8D89-47D68389F554}.Debug|x86.Build.0 = Debug|x86
		{08ED9EA0-3633-4D67-8D89-47D68389F554}.Debug|x86.Deploy.0 = Debug|x86
		{08ED9EA0-3633-4D67-8D89-47D68389F554}.Release|Any CPU.ActiveCfg = Release|Any CPU
		{08ED9EA0-3633-4D67-8D89-47D68389F554}.Release|Any CPU.Build.0 = Release|Any CPU
		{08ED9EA0-3633-4D67-8D89-47D68389F554}.Release|Any CPU.Deploy.0 = Release|Any CPU
		{08ED9EA0-3633-4D67-8D89-47D68389F554}.Release|ARM.ActiveCfg = Release|ARM
		{08ED9EA0-3633-4D67-8D89-47D68389F554}.Release|ARM.Build.0 = Release|ARM
		{08ED9EA0-3633-4D67-8D89-47D68389F554}.Release|ARM.Deploy.0 = Release|ARM
		{08ED9EA0-3633-4D67-8D89-47D68389F554}.Release|iPhone.ActiveCfg = Release|Any CPU
		{08ED9EA0-3633-4D67-8D89-47D68389F554}.Release|iPhone.Build.0 = Release|Any CPU
		{08ED9EA0-3633-4D67-8D89-47D68389F554}.Release|iPhone.Deploy.0 = Release|Any CPU
		{08ED9EA0-3633-4D67-8D89-47D68389F554}.Release|iPhoneSimulator.ActiveCfg = Release|Any CPU
		{08ED9EA0-3633-4D67-8D89-47D68389F554}.Release|iPhoneSimulator.Build.0 = Release|Any CPU
		{08ED9EA0-3633-4D67-8D89-47D68389F554}.Release|iPhoneSimulator.Deploy.0 = Release|Any CPU
		{08ED9EA0-3633-4D67-8D89-47D68389F554}.Release|x86.ActiveCfg = Release|x86
		{08ED9EA0-3633-4D67-8D89-47D68389F554}.Release|x86.Build.0 = Release|x86
		{08ED9EA0-3633-4D67-8D89-47D68389F554}.Release|x86.Deploy.0 = Release|x86
	EndGlobalSection
	GlobalSection(SolutionProperties) = preSolution
		HideSolutionNode = FALSE
	EndGlobalSection
	GlobalSection(NestedProjects) = preSolution
		{3FC03270-1A74-4B98-A203-195962BFEA7A} = {BADBE876-C13B-4F2B-95E2-9DD152F221CD}
		{FF54B907-DB6F-48EB-9A41-0F9AC3607DC3} = {BADBE876-C13B-4F2B-95E2-9DD152F221CD}
		{37D01EDD-C7CA-488E-A572-3BDC8C9BE48B} = {BADBE876-C13B-4F2B-95E2-9DD152F221CD}
		{08ED9EA0-3633-4D67-8D89-47D68389F554} = {BADBE876-C13B-4F2B-95E2-9DD152F221CD}
	EndGlobalSection
EndGlobal
