
Microsoft Visual Studio Solution File, Format Version 12.00
# Visual Studio 14
VisualStudioVersion = 14.0.23107.0
MinimumVisualStudioVersion = 10.0.40219.1
Project("{FAE04EC0-301F-11D3-BF4B-00C04F79EFBC}") = "XF_SearchBarSample", "XF_SearchBarSample\XF_SearchBarSample\XF_SearchBarSample.csproj", "{3A6F14CC-CF75-4433-A506-B183C8ACA43E}"
EndProject
Project("{FAE04EC0-301F-11D3-BF4B-00C04F79EFBC}") = "XF_SearchBarSample.iOS", "XF_SearchBarSample\XF_SearchBarSample.iOS\XF_SearchBarSample.iOS.csproj", "{505AD73A-1190-4526-BA18-DF93AC3A7C62}"
EndProject
Project("{FAE04EC0-301F-11D3-BF4B-00C04F79EFBC}") = "XF_SearchBarSample.Droid", "XF_SearchBarSample\XF_SearchBarSample.Droid\XF_SearchBarSample.Droid.csproj", "{956C8836-7D32-426F-9B9D-69C6CFC1D72B}"
EndProject
Project("{FAE04EC0-301F-11D3-BF4B-00C04F79EFBC}") = "XF_SearchBarSample.WinPhone", "XF_SearchBarSample\XF_SearchBarSample.WinPhone\XF_SearchBarSample.WinPhone.csproj", "{479B3728-7C8A-460B-A4AA-EC60FC6F4D24}"
EndProject
Global
	GlobalSection(SolutionConfigurationPlatforms) = preSolution
		Ad-Hoc|Any CPU = Ad-Hoc|Any CPU
		Ad-Hoc|ARM = Ad-Hoc|ARM
		Ad-Hoc|iPhone = Ad-Hoc|iPhone
		Ad-Hoc|iPhoneSimulator = Ad-Hoc|iPhoneSimulator
		Ad-Hoc|Mixed Platforms = Ad-Hoc|Mixed Platforms
		Ad-Hoc|x86 = Ad-Hoc|x86
		AppStore|Any CPU = AppStore|Any CPU
		AppStore|ARM = AppStore|ARM
		AppStore|iPhone = AppStore|iPhone
		AppStore|iPhoneSimulator = AppStore|iPhoneSimulator
		AppStore|Mixed Platforms = AppStore|Mixed Platforms
		AppStore|x86 = AppStore|x86
		Debug|Any CPU = Debug|Any CPU
		Debug|ARM = Debug|ARM
		Debug|iPhone = Debug|iPhone
		Debug|iPhoneSimulator = Debug|iPhoneSimulator
		Debug|Mixed Platforms = Debug|Mixed Platforms
		Debug|x86 = Debug|x86
		Release|Any CPU = Release|Any CPU
		Release|ARM = Release|ARM
		Release|iPhone = Release|iPhone
		Release|iPhoneSimulator = Release|iPhoneSimulator
		Release|Mixed Platforms = Release|Mixed Platforms
		Release|x86 = Release|x86
	EndGlobalSection
	GlobalSection(ProjectConfigurationPlatforms) = postSolution
		{3A6F14CC-CF75-4433-A506-B183C8ACA43E}.Ad-Hoc|Any CPU.ActiveCfg = Release|Any CPU
		{3A6F14CC-CF75-4433-A506-B183C8ACA43E}.Ad-Hoc|Any CPU.Build.0 = Release|Any CPU
		{3A6F14CC-CF75-4433-A506-B183C8ACA43E}.Ad-Hoc|ARM.ActiveCfg = Release|Any CPU
		{3A6F14CC-CF75-4433-A506-B183C8ACA43E}.Ad-Hoc|iPhone.ActiveCfg = Release|Any CPU
		{3A6F14CC-CF75-4433-A506-B183C8ACA43E}.Ad-Hoc|iPhoneSimulator.ActiveCfg = Release|Any CPU
		{3A6F14CC-CF75-4433-A506-B183C8ACA43E}.Ad-Hoc|Mixed Platforms.ActiveCfg = Release|Any CPU
		{3A6F14CC-CF75-4433-A506-B183C8ACA43E}.Ad-Hoc|Mixed Platforms.Build.0 = Release|Any CPU
		{3A6F14CC-CF75-4433-A506-B183C8ACA43E}.Ad-Hoc|x86.ActiveCfg = Release|Any CPU
		{3A6F14CC-CF75-4433-A506-B183C8ACA43E}.AppStore|Any CPU.ActiveCfg = Release|Any CPU
		{3A6F14CC-CF75-4433-A506-B183C8ACA43E}.AppStore|Any CPU.Build.0 = Release|Any CPU
		{3A6F14CC-CF75-4433-A506-B183C8ACA43E}.AppStore|ARM.ActiveCfg = Release|Any CPU
		{3A6F14CC-CF75-4433-A506-B183C8ACA43E}.AppStore|iPhone.ActiveCfg = Release|Any CPU
		{3A6F14CC-CF75-4433-A506-B183C8ACA43E}.AppStore|iPhoneSimulator.ActiveCfg = Release|Any CPU
		{3A6F14CC-CF75-4433-A506-B183C8ACA43E}.AppStore|Mixed Platforms.ActiveCfg = Release|Any CPU
		{3A6F14CC-CF75-4433-A506-B183C8ACA43E}.AppStore|Mixed Platforms.Build.0 = Release|Any CPU
		{3A6F14CC-CF75-4433-A506-B183C8ACA43E}.AppStore|x86.ActiveCfg = Release|Any CPU
		{3A6F14CC-CF75-4433-A506-B183C8ACA43E}.Debug|Any CPU.ActiveCfg = Debug|Any CPU
		{3A6F14CC-CF75-4433-A506-B183C8ACA43E}.Debug|Any CPU.Build.0 = Debug|Any CPU
		{3A6F14CC-CF75-4433-A506-B183C8ACA43E}.Debug|ARM.ActiveCfg = Debug|Any CPU
		{3A6F14CC-CF75-4433-A506-B183C8ACA43E}.Debug|iPhone.ActiveCfg = Debug|Any CPU
		{3A6F14CC-CF75-4433-A506-B183C8ACA43E}.Debug|iPhone.Build.0 = Debug|Any CPU
		{3A6F14CC-CF75-4433-A506-B183C8ACA43E}.Debug|iPhoneSimulator.ActiveCfg = Debug|Any CPU
		{3A6F14CC-CF75-4433-A506-B183C8ACA43E}.Debug|Mixed Platforms.ActiveCfg = Debug|Any CPU
		{3A6F14CC-CF75-4433-A506-B183C8ACA43E}.Debug|Mixed Platforms.Build.0 = Debug|Any CPU
		{3A6F14CC-CF75-4433-A506-B183C8ACA43E}.Debug|x86.ActiveCfg = Debug|Any CPU
		{3A6F14CC-CF75-4433-A506-B183C8ACA43E}.Release|Any CPU.ActiveCfg = Release|Any CPU
		{3A6F14CC-CF75-4433-A506-B183C8ACA43E}.Release|Any CPU.Build.0 = Release|Any CPU
		{3A6F14CC-CF75-4433-A506-B183C8ACA43E}.Release|ARM.ActiveCfg = Release|Any CPU
		{3A6F14CC-CF75-4433-A506-B183C8ACA43E}.Release|iPhone.ActiveCfg = Release|Any CPU
		{3A6F14CC-CF75-4433-A506-B183C8ACA43E}.Release|iPhoneSimulator.ActiveCfg = Release|Any CPU
		{3A6F14CC-CF75-4433-A506-B183C8ACA43E}.Release|Mixed Platforms.ActiveCfg = Release|Any CPU
		{3A6F14CC-CF75-4433-A506-B183C8ACA43E}.Release|Mixed Platforms.Build.0 = Release|Any CPU
		{3A6F14CC-CF75-4433-A506-B183C8ACA43E}.Release|x86.ActiveCfg = Release|Any CPU
		{505AD73A-1190-4526-BA18-DF93AC3A7C62}.Ad-Hoc|Any CPU.ActiveCfg = Ad-Hoc|iPhone
		{505AD73A-1190-4526-BA18-DF93AC3A7C62}.Ad-Hoc|ARM.ActiveCfg = Ad-Hoc|iPhone
		{505AD73A-1190-4526-BA18-DF93AC3A7C62}.Ad-Hoc|iPhone.ActiveCfg = Ad-Hoc|iPhone
		{505AD73A-1190-4526-BA18-DF93AC3A7C62}.Ad-Hoc|iPhone.Build.0 = Ad-Hoc|iPhone
		{505AD73A-1190-4526-BA18-DF93AC3A7C62}.Ad-Hoc|iPhoneSimulator.ActiveCfg = Ad-Hoc|iPhoneSimulator
		{505AD73A-1190-4526-BA18-DF93AC3A7C62}.Ad-Hoc|iPhoneSimulator.Build.0 = Ad-Hoc|iPhoneSimulator
		{505AD73A-1190-4526-BA18-DF93AC3A7C62}.Ad-Hoc|Mixed Platforms.ActiveCfg = Ad-Hoc|iPhone
		{505AD73A-1190-4526-BA18-DF93AC3A7C62}.Ad-Hoc|Mixed Platforms.Build.0 = Ad-Hoc|iPhone
		{505AD73A-1190-4526-BA18-DF93AC3A7C62}.Ad-Hoc|x86.ActiveCfg = Ad-Hoc|iPhone
		{505AD73A-1190-4526-BA18-DF93AC3A7C62}.AppStore|Any CPU.ActiveCfg = AppStore|iPhone
		{505AD73A-1190-4526-BA18-DF93AC3A7C62}.AppStore|ARM.ActiveCfg = AppStore|iPhone
		{505AD73A-1190-4526-BA18-DF93AC3A7C62}.AppStore|iPhone.ActiveCfg = AppStore|iPhone
		{505AD73A-1190-4526-BA18-DF93AC3A7C62}.AppStore|iPhone.Build.0 = AppStore|iPhone
		{505AD73A-1190-4526-BA18-DF93AC3A7C62}.AppStore|iPhoneSimulator.ActiveCfg = AppStore|iPhoneSimulator
		{505AD73A-1190-4526-BA18-DF93AC3A7C62}.AppStore|iPhoneSimulator.Build.0 = AppStore|iPhoneSimulator
		{505AD73A-1190-4526-BA18-DF93AC3A7C62}.AppStore|Mixed Platforms.ActiveCfg = AppStore|iPhone
		{505AD73A-1190-4526-BA18-DF93AC3A7C62}.AppStore|Mixed Platforms.Build.0 = AppStore|iPhone
		{505AD73A-1190-4526-BA18-DF93AC3A7C62}.AppStore|x86.ActiveCfg = AppStore|iPhone
		{505AD73A-1190-4526-BA18-DF93AC3A7C62}.Debug|Any CPU.ActiveCfg = Debug|iPhone
		{505AD73A-1190-4526-BA18-DF93AC3A7C62}.Debug|ARM.ActiveCfg = Debug|iPhone
		{505AD73A-1190-4526-BA18-DF93AC3A7C62}.Debug|iPhone.ActiveCfg = Debug|iPhone
		{505AD73A-1190-4526-BA18-DF93AC3A7C62}.Debug|iPhone.Build.0 = Debug|iPhone
		{505AD73A-1190-4526-BA18-DF93AC3A7C62}.Debug|iPhoneSimulator.ActiveCfg = Debug|iPhoneSimulator
		{505AD73A-1190-4526-BA18-DF93AC3A7C62}.Debug|iPhoneSimulator.Build.0 = Debug|iPhoneSimulator
		{505AD73A-1190-4526-BA18-DF93AC3A7C62}.Debug|Mixed Platforms.ActiveCfg = Debug|iPhone
		{505AD73A-1190-4526-BA18-DF93AC3A7C62}.Debug|Mixed Platforms.Build.0 = Debug|iPhone
		{505AD73A-1190-4526-BA18-DF93AC3A7C62}.Debug|x86.ActiveCfg = Debug|iPhone
		{505AD73A-1190-4526-BA18-DF93AC3A7C62}.Release|Any CPU.ActiveCfg = Release|iPhone
		{505AD73A-1190-4526-BA18-DF93AC3A7C62}.Release|ARM.ActiveCfg = Release|iPhone
		{505AD73A-1190-4526-BA18-DF93AC3A7C62}.Release|iPhone.ActiveCfg = Release|iPhone
		{505AD73A-1190-4526-BA18-DF93AC3A7C62}.Release|iPhone.Build.0 = Release|iPhone
		{505AD73A-1190-4526-BA18-DF93AC3A7C62}.Release|iPhoneSimulator.ActiveCfg = Release|iPhoneSimulator
		{505AD73A-1190-4526-BA18-DF93AC3A7C62}.Release|iPhoneSimulator.Build.0 = Release|iPhoneSimulator
		{505AD73A-1190-4526-BA18-DF93AC3A7C62}.Release|Mixed Platforms.ActiveCfg = Release|iPhone
		{505AD73A-1190-4526-BA18-DF93AC3A7C62}.Release|Mixed Platforms.Build.0 = Release|iPhone
		{505AD73A-1190-4526-BA18-DF93AC3A7C62}.Release|x86.ActiveCfg = Release|iPhone
		{956C8836-7D32-426F-9B9D-69C6CFC1D72B}.Ad-Hoc|Any CPU.ActiveCfg = Release|Any CPU
		{956C8836-7D32-426F-9B9D-69C6CFC1D72B}.Ad-Hoc|Any CPU.Build.0 = Release|Any CPU
		{956C8836-7D32-426F-9B9D-69C6CFC1D72B}.Ad-Hoc|Any CPU.Deploy.0 = Release|Any CPU
		{956C8836-7D32-426F-9B9D-69C6CFC1D72B}.Ad-Hoc|ARM.ActiveCfg = Release|Any CPU
		{956C8836-7D32-426F-9B9D-69C6CFC1D72B}.Ad-Hoc|iPhone.ActiveCfg = Release|Any CPU
		{956C8836-7D32-426F-9B9D-69C6CFC1D72B}.Ad-Hoc|iPhoneSimulator.ActiveCfg = Release|Any CPU
		{956C8836-7D32-426F-9B9D-69C6CFC1D72B}.Ad-Hoc|Mixed Platforms.ActiveCfg = Release|Any CPU
		{956C8836-7D32-426F-9B9D-69C6CFC1D72B}.Ad-Hoc|Mixed Platforms.Build.0 = Release|Any CPU
		{956C8836-7D32-426F-9B9D-69C6CFC1D72B}.Ad-Hoc|Mixed Platforms.Deploy.0 = Release|Any CPU
		{956C8836-7D32-426F-9B9D-69C6CFC1D72B}.Ad-Hoc|x86.ActiveCfg = Release|Any CPU
		{956C8836-7D32-426F-9B9D-69C6CFC1D72B}.AppStore|Any CPU.ActiveCfg = Release|Any CPU
		{956C8836-7D32-426F-9B9D-69C6CFC1D72B}.AppStore|Any CPU.Build.0 = Release|Any CPU
		{956C8836-7D32-426F-9B9D-69C6CFC1D72B}.AppStore|Any CPU.Deploy.0 = Release|Any CPU
		{956C8836-7D32-426F-9B9D-69C6CFC1D72B}.AppStore|ARM.ActiveCfg = Release|Any CPU
		{956C8836-7D32-426F-9B9D-69C6CFC1D72B}.AppStore|iPhone.ActiveCfg = Release|Any CPU
		{956C8836-7D32-426F-9B9D-69C6CFC1D72B}.AppStore|iPhoneSimulator.ActiveCfg = Release|Any CPU
		{956C8836-7D32-426F-9B9D-69C6CFC1D72B}.AppStore|Mixed Platforms.ActiveCfg = Release|Any CPU
		{956C8836-7D32-426F-9B9D-69C6CFC1D72B}.AppStore|Mixed Platforms.Build.0 = Release|Any CPU
		{956C8836-7D32-426F-9B9D-69C6CFC1D72B}.AppStore|Mixed Platforms.Deploy.0 = Release|Any CPU
		{956C8836-7D32-426F-9B9D-69C6CFC1D72B}.AppStore|x86.ActiveCfg = Release|Any CPU
		{956C8836-7D32-426F-9B9D-69C6CFC1D72B}.Debug|Any CPU.ActiveCfg = Debug|Any CPU
		{956C8836-7D32-426F-9B9D-69C6CFC1D72B}.Debug|Any CPU.Build.0 = Debug|Any CPU
		{956C8836-7D32-426F-9B9D-69C6CFC1D72B}.Debug|Any CPU.Deploy.0 = Debug|Any CPU
		{956C8836-7D32-426F-9B9D-69C6CFC1D72B}.Debug|ARM.ActiveCfg = Debug|Any CPU
		{956C8836-7D32-426F-9B9D-69C6CFC1D72B}.Debug|iPhone.ActiveCfg = Debug|Any CPU
		{956C8836-7D32-426F-9B9D-69C6CFC1D72B}.Debug|iPhoneSimulator.ActiveCfg = Debug|Any CPU
		{956C8836-7D32-426F-9B9D-69C6CFC1D72B}.Debug|Mixed Platforms.ActiveCfg = Debug|Any CPU
		{956C8836-7D32-426F-9B9D-69C6CFC1D72B}.Debug|Mixed Platforms.Build.0 = Debug|Any CPU
		{956C8836-7D32-426F-9B9D-69C6CFC1D72B}.Debug|Mixed Platforms.Deploy.0 = Debug|Any CPU
		{956C8836-7D32-426F-9B9D-69C6CFC1D72B}.Debug|x86.ActiveCfg = Debug|Any CPU
		{956C8836-7D32-426F-9B9D-69C6CFC1D72B}.Release|Any CPU.ActiveCfg = Release|Any CPU
		{956C8836-7D32-426F-9B9D-69C6CFC1D72B}.Release|Any CPU.Build.0 = Release|Any CPU
		{956C8836-7D32-426F-9B9D-69C6CFC1D72B}.Release|Any CPU.Deploy.0 = Release|Any CPU
		{956C8836-7D32-426F-9B9D-69C6CFC1D72B}.Release|ARM.ActiveCfg = Release|Any CPU
		{956C8836-7D32-426F-9B9D-69C6CFC1D72B}.Release|iPhone.ActiveCfg = Release|Any CPU
		{956C8836-7D32-426F-9B9D-69C6CFC1D72B}.Release|iPhoneSimulator.ActiveCfg = Release|Any CPU
		{956C8836-7D32-426F-9B9D-69C6CFC1D72B}.Release|Mixed Platforms.ActiveCfg = Release|Any CPU
		{956C8836-7D32-426F-9B9D-69C6CFC1D72B}.Release|Mixed Platforms.Build.0 = Release|Any CPU
		{956C8836-7D32-426F-9B9D-69C6CFC1D72B}.Release|Mixed Platforms.Deploy.0 = Release|Any CPU
		{956C8836-7D32-426F-9B9D-69C6CFC1D72B}.Release|x86.ActiveCfg = Release|Any CPU
		{479B3728-7C8A-460B-A4AA-EC60FC6F4D24}.Ad-Hoc|Any CPU.ActiveCfg = Release|Any CPU
		{479B3728-7C8A-460B-A4AA-EC60FC6F4D24}.Ad-Hoc|Any CPU.Build.0 = Release|Any CPU
		{479B3728-7C8A-460B-A4AA-EC60FC6F4D24}.Ad-Hoc|Any CPU.Deploy.0 = Release|Any CPU
		{479B3728-7C8A-460B-A4AA-EC60FC6F4D24}.Ad-Hoc|ARM.ActiveCfg = Release|ARM
		{479B3728-7C8A-460B-A4AA-EC60FC6F4D24}.Ad-Hoc|ARM.Build.0 = Release|ARM
		{479B3728-7C8A-460B-A4AA-EC60FC6F4D24}.Ad-Hoc|ARM.Deploy.0 = Release|ARM
		{479B3728-7C8A-460B-A4AA-EC60FC6F4D24}.Ad-Hoc|iPhone.ActiveCfg = Release|Any CPU
		{479B3728-7C8A-460B-A4AA-EC60FC6F4D24}.Ad-Hoc|iPhoneSimulator.ActiveCfg = Release|Any CPU
		{479B3728-7C8A-460B-A4AA-EC60FC6F4D24}.Ad-Hoc|Mixed Platforms.ActiveCfg = Release|x86
		{479B3728-7C8A-460B-A4AA-EC60FC6F4D24}.Ad-Hoc|Mixed Platforms.Build.0 = Release|x86
		{479B3728-7C8A-460B-A4AA-EC60FC6F4D24}.Ad-Hoc|Mixed Platforms.Deploy.0 = Release|x86
		{479B3728-7C8A-460B-A4AA-EC60FC6F4D24}.Ad-Hoc|x86.ActiveCfg = Release|x86
		{479B3728-7C8A-460B-A4AA-EC60FC6F4D24}.Ad-Hoc|x86.Build.0 = Release|x86
		{479B3728-7C8A-460B-A4AA-EC60FC6F4D24}.Ad-Hoc|x86.Deploy.0 = Release|x86
		{479B3728-7C8A-460B-A4AA-EC60FC6F4D24}.AppStore|Any CPU.ActiveCfg = Release|Any CPU
		{479B3728-7C8A-460B-A4AA-EC60FC6F4D24}.AppStore|Any CPU.Build.0 = Release|Any CPU
		{479B3728-7C8A-460B-A4AA-EC60FC6F4D24}.AppStore|Any CPU.Deploy.0 = Release|Any CPU
		{479B3728-7C8A-460B-A4AA-EC60FC6F4D24}.AppStore|ARM.ActiveCfg = Release|ARM
		{479B3728-7C8A-460B-A4AA-EC60FC6F4D24}.AppStore|ARM.Build.0 = Release|ARM
		{479B3728-7C8A-460B-A4AA-EC60FC6F4D24}.AppStore|ARM.Deploy.0 = Release|ARM
		{479B3728-7C8A-460B-A4AA-EC60FC6F4D24}.AppStore|iPhone.ActiveCfg = Release|Any CPU
		{479B3728-7C8A-460B-A4AA-EC60FC6F4D24}.AppStore|iPhoneSimulator.ActiveCfg = Release|Any CPU
		{479B3728-7C8A-460B-A4AA-EC60FC6F4D24}.AppStore|Mixed Platforms.ActiveCfg = Release|x86
		{479B3728-7C8A-460B-A4AA-EC60FC6F4D24}.AppStore|Mixed Platforms.Build.0 = Release|x86
		{479B3728-7C8A-460B-A4AA-EC60FC6F4D24}.AppStore|Mixed Platforms.Deploy.0 = Release|x86
		{479B3728-7C8A-460B-A4AA-EC60FC6F4D24}.AppStore|x86.ActiveCfg = Release|x86
		{479B3728-7C8A-460B-A4AA-EC60FC6F4D24}.AppStore|x86.Build.0 = Release|x86
		{479B3728-7C8A-460B-A4AA-EC60FC6F4D24}.AppStore|x86.Deploy.0 = Release|x86
		{479B3728-7C8A-460B-A4AA-EC60FC6F4D24}.Debug|Any CPU.ActiveCfg = Debug|Any CPU
		{479B3728-7C8A-460B-A4AA-EC60FC6F4D24}.Debug|Any CPU.Build.0 = Debug|Any CPU
		{479B3728-7C8A-460B-A4AA-EC60FC6F4D24}.Debug|Any CPU.Deploy.0 = Debug|Any CPU
		{479B3728-7C8A-460B-A4AA-EC60FC6F4D24}.Debug|ARM.ActiveCfg = Debug|ARM
		{479B3728-7C8A-460B-A4AA-EC60FC6F4D24}.Debug|ARM.Build.0 = Debug|ARM
		{479B3728-7C8A-460B-A4AA-EC60FC6F4D24}.Debug|ARM.Deploy.0 = Debug|ARM
		{479B3728-7C8A-460B-A4AA-EC60FC6F4D24}.Debug|iPhone.ActiveCfg = Debug|Any CPU
		{479B3728-7C8A-460B-A4AA-EC60FC6F4D24}.Debug|iPhoneSimulator.ActiveCfg = Debug|Any CPU
		{479B3728-7C8A-460B-A4AA-EC60FC6F4D24}.Debug|Mixed Platforms.ActiveCfg = Debug|x86
		{479B3728-7C8A-460B-A4AA-EC60FC6F4D24}.Debug|Mixed Platforms.Build.0 = Debug|x86
		{479B3728-7C8A-460B-A4AA-EC60FC6F4D24}.Debug|Mixed Platforms.Deploy.0 = Debug|x86
		{479B3728-7C8A-460B-A4AA-EC60FC6F4D24}.Debug|x86.ActiveCfg = Debug|x86
		{479B3728-7C8A-460B-A4AA-EC60FC6F4D24}.Debug|x86.Build.0 = Debug|x86
		{479B3728-7C8A-460B-A4AA-EC60FC6F4D24}.Debug|x86.Deploy.0 = Debug|x86
		{479B3728-7C8A-460B-A4AA-EC60FC6F4D24}.Release|Any CPU.ActiveCfg = Release|Any CPU
		{479B3728-7C8A-460B-A4AA-EC60FC6F4D24}.Release|Any CPU.Build.0 = Release|Any CPU
		{479B3728-7C8A-460B-A4AA-EC60FC6F4D24}.Release|Any CPU.Deploy.0 = Release|Any CPU
		{479B3728-7C8A-460B-A4AA-EC60FC6F4D24}.Release|ARM.ActiveCfg = Release|ARM
		{479B3728-7C8A-460B-A4AA-EC60FC6F4D24}.Release|ARM.Build.0 = Release|ARM
		{479B3728-7C8A-460B-A4AA-EC60FC6F4D24}.Release|ARM.Deploy.0 = Release|ARM
		{479B3728-7C8A-460B-A4AA-EC60FC6F4D24}.Release|iPhone.ActiveCfg = Release|Any CPU
		{479B3728-7C8A-460B-A4AA-EC60FC6F4D24}.Release|iPhoneSimulator.ActiveCfg = Release|Any CPU
		{479B3728-7C8A-460B-A4AA-EC60FC6F4D24}.Release|Mixed Platforms.ActiveCfg = Release|x86
		{479B3728-7C8A-460B-A4AA-EC60FC6F4D24}.Release|Mixed Platforms.Build.0 = Release|x86
		{479B3728-7C8A-460B-A4AA-EC60FC6F4D24}.Release|Mixed Platforms.Deploy.0 = Release|x86
		{479B3728-7C8A-460B-A4AA-EC60FC6F4D24}.Release|x86.ActiveCfg = Release|x86
		{479B3728-7C8A-460B-A4AA-EC60FC6F4D24}.Release|x86.Build.0 = Release|x86
		{479B3728-7C8A-460B-A4AA-EC60FC6F4D24}.Release|x86.Deploy.0 = Release|x86
	EndGlobalSection
	GlobalSection(SolutionProperties) = preSolution
		HideSolutionNode = FALSE
	EndGlobalSection
EndGlobal
